// !$*UTF8*$!
{
	archiveVersion = 1;
	classes = {
	};
	objectVersion = 56;
	objects = {

/* Begin PBXBuildFile section */
		0C111C2329BACD9000A0DCF4 /* HomeVC.storyboard in Resources */ = {isa = PBXBuildFile; fileRef = 0C111C1329BACD9000A0DCF4 /* HomeVC.storyboard */; };
		0C111C2429BACD9000A0DCF4 /* HomeVC.swift in Sources */ = {isa = PBXBuildFile; fileRef = 0C111C1429BACD9000A0DCF4 /* HomeVC.swift */; };
		0C111C2529BACD9000A0DCF4 /* RestaurantVC.storyboard in Resources */ = {isa = PBXBuildFile; fileRef = 0C111C1629BACD9000A0DCF4 /* RestaurantVC.storyboard */; };
		0C111C2629BACD9000A0DCF4 /* RestaurantVC.swift in Sources */ = {isa = PBXBuildFile; fileRef = 0C111C1729BACD9000A0DCF4 /* RestaurantVC.swift */; };
		0C111C2729BACD9000A0DCF4 /* TabBarController.storyboard in Resources */ = {isa = PBXBuildFile; fileRef = 0C111C1829BACD9000A0DCF4 /* TabBarController.storyboard */; };
		0C111C2829BACD9000A0DCF4 /* HotelVC.storyboard in Resources */ = {isa = PBXBuildFile; fileRef = 0C111C1A29BACD9000A0DCF4 /* HotelVC.storyboard */; };
		0C111C2929BACD9000A0DCF4 /* HotelVC.swift in Sources */ = {isa = PBXBuildFile; fileRef = 0C111C1B29BACD9000A0DCF4 /* HotelVC.swift */; };
		0C111C2A29BACD9000A0DCF4 /* FlightVC.storyboard in Resources */ = {isa = PBXBuildFile; fileRef = 0C111C1D29BACD9000A0DCF4 /* FlightVC.storyboard */; };
		0C111C2B29BACD9000A0DCF4 /* FlightVC.swift in Sources */ = {isa = PBXBuildFile; fileRef = 0C111C1E29BACD9000A0DCF4 /* FlightVC.swift */; };
		0C111C2C29BACD9000A0DCF4 /* AttractionVC.storyboard in Resources */ = {isa = PBXBuildFile; fileRef = 0C111C2029BACD9000A0DCF4 /* AttractionVC.storyboard */; };
		0C111C2D29BACD9000A0DCF4 /* AttractionVC.swift in Sources */ = {isa = PBXBuildFile; fileRef = 0C111C2129BACD9000A0DCF4 /* AttractionVC.swift */; };
		0C111C2E29BACD9000A0DCF4 /* TabBarController.swift in Sources */ = {isa = PBXBuildFile; fileRef = 0C111C2229BACD9000A0DCF4 /* TabBarController.swift */; };
		0C36EC4229B6621C009550C8 /* AppDelegate.swift in Sources */ = {isa = PBXBuildFile; fileRef = 0C36EC4129B6621C009550C8 /* AppDelegate.swift */; };
		0C36EC4429B6621C009550C8 /* SceneDelegate.swift in Sources */ = {isa = PBXBuildFile; fileRef = 0C36EC4329B6621C009550C8 /* SceneDelegate.swift */; };
		0C36EC4629B6621C009550C8 /* ViewController.swift in Sources */ = {isa = PBXBuildFile; fileRef = 0C36EC4529B6621C009550C8 /* ViewController.swift */; };
		0C36EC4929B6621C009550C8 /* Main.storyboard in Resources */ = {isa = PBXBuildFile; fileRef = 0C36EC4729B6621C009550C8 /* Main.storyboard */; };
		0C36EC4B29B6621E009550C8 /* Assets.xcassets in Resources */ = {isa = PBXBuildFile; fileRef = 0C36EC4A29B6621E009550C8 /* Assets.xcassets */; };
		0C36EC4E29B6621E009550C8 /* LaunchScreen.storyboard in Resources */ = {isa = PBXBuildFile; fileRef = 0C36EC4C29B6621E009550C8 /* LaunchScreen.storyboard */; };
		0C3AD1E529C3524800E7FE73 /* PerfilScreenStoryboard.storyboard in Resources */ = {isa = PBXBuildFile; fileRef = 0C3AD1E429C3524800E7FE73 /* PerfilScreenStoryboard.storyboard */; };
		0C3AD1EE29C3546C00E7FE73 /* PerfilViewController.swift in Sources */ = {isa = PBXBuildFile; fileRef = 0C3AD1ED29C3546C00E7FE73 /* PerfilViewController.swift */; };
		0C61EB0129BBDF9900F54F47 /* RecoverViewController.storyboard in Resources */ = {isa = PBXBuildFile; fileRef = 0C61EB0029BBDF9900F54F47 /* RecoverViewController.storyboard */; };
		0C61EB0329BBDFA300F54F47 /* RecoverViewController.swift in Sources */ = {isa = PBXBuildFile; fileRef = 0C61EB0229BBDFA300F54F47 /* RecoverViewController.swift */; };
		5050BCB629B8D9050019BB69 /* RegisterController.swift in Sources */ = {isa = PBXBuildFile; fileRef = 5050BCB529B8D9050019BB69 /* RegisterController.swift */; };
		5050BCB829B8D92B0019BB69 /* RegisterController.storyboard in Resources */ = {isa = PBXBuildFile; fileRef = 5050BCB729B8D92B0019BB69 /* RegisterController.storyboard */; };
		50631D7029C373D000301007 /* AttractionCell.swift in Sources */ = {isa = PBXBuildFile; fileRef = 50631D6E29C373D000301007 /* AttractionCell.swift */; };
		50631D7129C373D000301007 /* AttractionCell.xib in Resources */ = {isa = PBXBuildFile; fileRef = 50631D6F29C373D000301007 /* AttractionCell.xib */; };
/* End PBXBuildFile section */

/* Begin PBXFileReference section */
		0C111C1329BACD9000A0DCF4 /* HomeVC.storyboard */ = {isa = PBXFileReference; fileEncoding = 4; lastKnownFileType = file.storyboard; path = HomeVC.storyboard; sourceTree = "<group>"; };
		0C111C1429BACD9000A0DCF4 /* HomeVC.swift */ = {isa = PBXFileReference; fileEncoding = 4; lastKnownFileType = sourcecode.swift; path = HomeVC.swift; sourceTree = "<group>"; };
		0C111C1629BACD9000A0DCF4 /* RestaurantVC.storyboard */ = {isa = PBXFileReference; fileEncoding = 4; lastKnownFileType = file.storyboard; path = RestaurantVC.storyboard; sourceTree = "<group>"; };
		0C111C1729BACD9000A0DCF4 /* RestaurantVC.swift */ = {isa = PBXFileReference; fileEncoding = 4; lastKnownFileType = sourcecode.swift; path = RestaurantVC.swift; sourceTree = "<group>"; };
		0C111C1829BACD9000A0DCF4 /* TabBarController.storyboard */ = {isa = PBXFileReference; fileEncoding = 4; lastKnownFileType = file.storyboard; path = TabBarController.storyboard; sourceTree = "<group>"; };
		0C111C1A29BACD9000A0DCF4 /* HotelVC.storyboard */ = {isa = PBXFileReference; fileEncoding = 4; lastKnownFileType = file.storyboard; path = HotelVC.storyboard; sourceTree = "<group>"; };
		0C111C1B29BACD9000A0DCF4 /* HotelVC.swift */ = {isa = PBXFileReference; fileEncoding = 4; lastKnownFileType = sourcecode.swift; path = HotelVC.swift; sourceTree = "<group>"; };
		0C111C1D29BACD9000A0DCF4 /* FlightVC.storyboard */ = {isa = PBXFileReference; fileEncoding = 4; lastKnownFileType = file.storyboard; path = FlightVC.storyboard; sourceTree = "<group>"; };
		0C111C1E29BACD9000A0DCF4 /* FlightVC.swift */ = {isa = PBXFileReference; fileEncoding = 4; lastKnownFileType = sourcecode.swift; path = FlightVC.swift; sourceTree = "<group>"; };
		0C111C2029BACD9000A0DCF4 /* AttractionVC.storyboard */ = {isa = PBXFileReference; fileEncoding = 4; lastKnownFileType = file.storyboard; path = AttractionVC.storyboard; sourceTree = "<group>"; };
		0C111C2129BACD9000A0DCF4 /* AttractionVC.swift */ = {isa = PBXFileReference; fileEncoding = 4; lastKnownFileType = sourcecode.swift; path = AttractionVC.swift; sourceTree = "<group>"; };
		0C111C2229BACD9000A0DCF4 /* TabBarController.swift */ = {isa = PBXFileReference; fileEncoding = 4; lastKnownFileType = sourcecode.swift; path = TabBarController.swift; sourceTree = "<group>"; };
		0C36EC3E29B6621C009550C8 /* TripOrganizer.app */ = {isa = PBXFileReference; explicitFileType = wrapper.application; includeInIndex = 0; path = TripOrganizer.app; sourceTree = BUILT_PRODUCTS_DIR; };
		0C36EC4129B6621C009550C8 /* AppDelegate.swift */ = {isa = PBXFileReference; lastKnownFileType = sourcecode.swift; path = AppDelegate.swift; sourceTree = "<group>"; };
		0C36EC4329B6621C009550C8 /* SceneDelegate.swift */ = {isa = PBXFileReference; lastKnownFileType = sourcecode.swift; path = SceneDelegate.swift; sourceTree = "<group>"; };
		0C36EC4529B6621C009550C8 /* ViewController.swift */ = {isa = PBXFileReference; lastKnownFileType = sourcecode.swift; path = ViewController.swift; sourceTree = "<group>"; };
		0C36EC4829B6621C009550C8 /* Base */ = {isa = PBXFileReference; lastKnownFileType = file.storyboard; name = Base; path = Base.lproj/Main.storyboard; sourceTree = "<group>"; };
		0C36EC4A29B6621E009550C8 /* Assets.xcassets */ = {isa = PBXFileReference; lastKnownFileType = folder.assetcatalog; path = Assets.xcassets; sourceTree = "<group>"; };
		0C36EC4D29B6621E009550C8 /* Base */ = {isa = PBXFileReference; lastKnownFileType = file.storyboard; name = Base; path = Base.lproj/LaunchScreen.storyboard; sourceTree = "<group>"; };
		0C36EC4F29B6621E009550C8 /* Info.plist */ = {isa = PBXFileReference; lastKnownFileType = text.plist.xml; path = Info.plist; sourceTree = "<group>"; };
		0C3AD1E429C3524800E7FE73 /* PerfilScreenStoryboard.storyboard */ = {isa = PBXFileReference; fileEncoding = 4; lastKnownFileType = file.storyboard; name = PerfilScreenStoryboard.storyboard; path = TripOrganizer/TabBar/Perfil/PerfilScreenStoryboard.storyboard; sourceTree = SOURCE_ROOT; };
		0C3AD1ED29C3546C00E7FE73 /* PerfilViewController.swift */ = {isa = PBXFileReference; lastKnownFileType = sourcecode.swift; path = PerfilViewController.swift; sourceTree = "<group>"; };
		0C61EB0029BBDF9900F54F47 /* RecoverViewController.storyboard */ = {isa = PBXFileReference; fileEncoding = 4; lastKnownFileType = file.storyboard; name = RecoverViewController.storyboard; path = TripOrganizer/RecoverPassworld/RecoverViewController.storyboard; sourceTree = SOURCE_ROOT; };
		0C61EB0229BBDFA300F54F47 /* RecoverViewController.swift */ = {isa = PBXFileReference; fileEncoding = 4; lastKnownFileType = sourcecode.swift; name = RecoverViewController.swift; path = TripOrganizer/RecoverPassworld/RecoverViewController.swift; sourceTree = SOURCE_ROOT; };
		5050BCB529B8D9050019BB69 /* RegisterController.swift */ = {isa = PBXFileReference; lastKnownFileType = sourcecode.swift; path = RegisterController.swift; sourceTree = "<group>"; };
		5050BCB729B8D92B0019BB69 /* RegisterController.storyboard */ = {isa = PBXFileReference; lastKnownFileType = file.storyboard; path = RegisterController.storyboard; sourceTree = "<group>"; };
		50631D6E29C373D000301007 /* AttractionCell.swift */ = {isa = PBXFileReference; lastKnownFileType = sourcecode.swift; path = AttractionCell.swift; sourceTree = "<group>"; };
		50631D6F29C373D000301007 /* AttractionCell.xib */ = {isa = PBXFileReference; lastKnownFileType = file.xib; path = AttractionCell.xib; sourceTree = "<group>"; };
/* End PBXFileReference section */

/* Begin PBXFrameworksBuildPhase section */
		0C36EC3B29B6621C009550C8 /* Frameworks */ = {
			isa = PBXFrameworksBuildPhase;
			buildActionMask = 2147483647;
			files = (
			);
			runOnlyForDeploymentPostprocessing = 0;
		};
/* End PBXFrameworksBuildPhase section */

/* Begin PBXGroup section */
		0C111C1129BACD9000A0DCF4 /* TabBar */ = {
			isa = PBXGroup;
			children = (
				0C61EB0829BBE14E00F54F47 /* TabBarFiles */,
				0C3AD1EC29C3545200E7FE73 /* Perfil */,
				0C111C1229BACD9000A0DCF4 /* Home */,
				0C111C1529BACD9000A0DCF4 /* Restaurant */,
				0C111C1929BACD9000A0DCF4 /* Hotel */,
				0C111C1C29BACD9000A0DCF4 /* Flight */,
				0C111C1F29BACD9000A0DCF4 /* Attraction */,
			);
			path = TabBar;
			sourceTree = "<group>";
		};
		0C111C1229BACD9000A0DCF4 /* Home */ = {
			isa = PBXGroup;
			children = (
				0C111C1329BACD9000A0DCF4 /* HomeVC.storyboard */,
				0C111C1429BACD9000A0DCF4 /* HomeVC.swift */,
			);
			path = Home;
			sourceTree = "<group>";
		};
		0C111C1529BACD9000A0DCF4 /* Restaurant */ = {
			isa = PBXGroup;
			children = (
				0C111C1629BACD9000A0DCF4 /* RestaurantVC.storyboard */,
				0C111C1729BACD9000A0DCF4 /* RestaurantVC.swift */,
			);
			path = Restaurant;
			sourceTree = "<group>";
		};
		0C111C1929BACD9000A0DCF4 /* Hotel */ = {
			isa = PBXGroup;
			children = (
				0C111C1A29BACD9000A0DCF4 /* HotelVC.storyboard */,
				0C111C1B29BACD9000A0DCF4 /* HotelVC.swift */,
			);
			path = Hotel;
			sourceTree = "<group>";
		};
		0C111C1C29BACD9000A0DCF4 /* Flight */ = {
			isa = PBXGroup;
			children = (
				0C111C1D29BACD9000A0DCF4 /* FlightVC.storyboard */,
				0C111C1E29BACD9000A0DCF4 /* FlightVC.swift */,
			);
			path = Flight;
			sourceTree = "<group>";
		};
		0C111C1F29BACD9000A0DCF4 /* Attraction */ = {
			isa = PBXGroup;
			children = (
				50631D6D29C3737300301007 /* Cell */,
				0C111C2029BACD9000A0DCF4 /* AttractionVC.storyboard */,
				0C111C2129BACD9000A0DCF4 /* AttractionVC.swift */,
			);
			path = Attraction;
			sourceTree = "<group>";
		};
		0C36EC3529B6621C009550C8 = {
			isa = PBXGroup;
			children = (
				0C36EC4029B6621C009550C8 /* TripOrganizer */,
				0C36EC3F29B6621C009550C8 /* Products */,
			);
			sourceTree = "<group>";
		};
		0C36EC3F29B6621C009550C8 /* Products */ = {
			isa = PBXGroup;
			children = (
				0C36EC3E29B6621C009550C8 /* TripOrganizer.app */,
			);
			name = Products;
			sourceTree = "<group>";
		};
		0C36EC4029B6621C009550C8 /* TripOrganizer */ = {
			isa = PBXGroup;
			children = (
				0C61EB0629BBE10000F54F47 /* Resources */,
				0C111C1129BACD9000A0DCF4 /* TabBar */,
				0C61EB0529BBDFEA00F54F47 /* Register */,
				0C61EB0429BBDFD000F54F47 /* RecoverPassworld */,
				0C61EB0729BBE13100F54F47 /* Login */,
				0C36EC4F29B6621E009550C8 /* Info.plist */,
			);
			path = TripOrganizer;
			sourceTree = "<group>";
		};
		0C3AD1EC29C3545200E7FE73 /* Perfil */ = {
			isa = PBXGroup;
			children = (
				0C3AD1E429C3524800E7FE73 /* PerfilScreenStoryboard.storyboard */,
				0C3AD1ED29C3546C00E7FE73 /* PerfilViewController.swift */,
			);
			path = Perfil;
			sourceTree = "<group>";
		};
		0C61EB0429BBDFD000F54F47 /* RecoverPassworld */ = {
			isa = PBXGroup;
			children = (
				0C61EB0229BBDFA300F54F47 /* RecoverViewController.swift */,
				0C61EB0029BBDF9900F54F47 /* RecoverViewController.storyboard */,
			);
			path = RecoverPassworld;
			sourceTree = "<group>";
		};
		0C61EB0529BBDFEA00F54F47 /* Register */ = {
			isa = PBXGroup;
			children = (
				5050BCB529B8D9050019BB69 /* RegisterController.swift */,
				5050BCB729B8D92B0019BB69 /* RegisterController.storyboard */,
			);
			path = Register;
			sourceTree = "<group>";
		};
		0C61EB0629BBE10000F54F47 /* Resources */ = {
			isa = PBXGroup;
			children = (
				0C36EC4129B6621C009550C8 /* AppDelegate.swift */,
				0C36EC4329B6621C009550C8 /* SceneDelegate.swift */,
				0C36EC4729B6621C009550C8 /* Main.storyboard */,
				0C36EC4A29B6621E009550C8 /* Assets.xcassets */,
				0C36EC4C29B6621E009550C8 /* LaunchScreen.storyboard */,
			);
			path = Resources;
			sourceTree = "<group>";
		};
		0C61EB0729BBE13100F54F47 /* Login */ = {
			isa = PBXGroup;
			children = (
				0C36EC4529B6621C009550C8 /* ViewController.swift */,
			);
			path = Login;
			sourceTree = "<group>";
		};
		0C61EB0829BBE14E00F54F47 /* TabBarFiles */ = {
			isa = PBXGroup;
			children = (
				0C111C2229BACD9000A0DCF4 /* TabBarController.swift */,
				0C111C1829BACD9000A0DCF4 /* TabBarController.storyboard */,
			);
			path = TabBarFiles;
			sourceTree = "<group>";
		};
		50631D6D29C3737300301007 /* Cell */ = {
			isa = PBXGroup;
			children = (
				50631D6E29C373D000301007 /* AttractionCell.swift */,
				50631D6F29C373D000301007 /* AttractionCell.xib */,
			);
			path = Cell;
			sourceTree = "<group>";
		};
/* End PBXGroup section */

/* Begin PBXNativeTarget section */
		0C36EC3D29B6621C009550C8 /* TripOrganizer */ = {
			isa = PBXNativeTarget;
			buildConfigurationList = 0C36EC5229B6621E009550C8 /* Build configuration list for PBXNativeTarget "TripOrganizer" */;
			buildPhases = (
				0C36EC3A29B6621C009550C8 /* Sources */,
				0C36EC3B29B6621C009550C8 /* Frameworks */,
				0C36EC3C29B6621C009550C8 /* Resources */,
			);
			buildRules = (
			);
			dependencies = (
			);
			name = TripOrganizer;
			productName = TripOrganizer;
			productReference = 0C36EC3E29B6621C009550C8 /* TripOrganizer.app */;
			productType = "com.apple.product-type.application";
		};
/* End PBXNativeTarget section */

/* Begin PBXProject section */
		0C36EC3629B6621C009550C8 /* Project object */ = {
			isa = PBXProject;
			attributes = {
				BuildIndependentTargetsInParallel = 1;
				LastSwiftUpdateCheck = 1400;
				LastUpgradeCheck = 1400;
				TargetAttributes = {
					0C36EC3D29B6621C009550C8 = {
						CreatedOnToolsVersion = 14.0;
					};
				};
			};
			buildConfigurationList = 0C36EC3929B6621C009550C8 /* Build configuration list for PBXProject "TripOrganizer" */;
			compatibilityVersion = "Xcode 14.0";
			developmentRegion = en;
			hasScannedForEncodings = 0;
			knownRegions = (
				en,
				Base,
			);
			mainGroup = 0C36EC3529B6621C009550C8;
			productRefGroup = 0C36EC3F29B6621C009550C8 /* Products */;
			projectDirPath = "";
			projectRoot = "";
			targets = (
				0C36EC3D29B6621C009550C8 /* TripOrganizer */,
			);
		};
/* End PBXProject section */

/* Begin PBXResourcesBuildPhase section */
		0C36EC3C29B6621C009550C8 /* Resources */ = {
			isa = PBXResourcesBuildPhase;
			buildActionMask = 2147483647;
			files = (
				0C36EC4E29B6621E009550C8 /* LaunchScreen.storyboard in Resources */,
				50631D7129C373D000301007 /* AttractionCell.xib in Resources */,
				0C3AD1E529C3524800E7FE73 /* PerfilScreenStoryboard.storyboard in Resources */,
				0C36EC4B29B6621E009550C8 /* Assets.xcassets in Resources */,
				5050BCB829B8D92B0019BB69 /* RegisterController.storyboard in Resources */,
				0C111C2729BACD9000A0DCF4 /* TabBarController.storyboard in Resources */,
				0C111C2329BACD9000A0DCF4 /* HomeVC.storyboard in Resources */,
				0C111C2C29BACD9000A0DCF4 /* AttractionVC.storyboard in Resources */,
				0C111C2A29BACD9000A0DCF4 /* FlightVC.storyboard in Resources */,
				0C111C2529BACD9000A0DCF4 /* RestaurantVC.storyboard in Resources */,
				0C111C2829BACD9000A0DCF4 /* HotelVC.storyboard in Resources */,
				0C61EB0129BBDF9900F54F47 /* RecoverViewController.storyboard in Resources */,
				0C36EC4929B6621C009550C8 /* Main.storyboard in Resources */,
			);
			runOnlyForDeploymentPostprocessing = 0;
		};
/* End PBXResourcesBuildPhase section */

/* Begin PBXSourcesBuildPhase section */
		0C36EC3A29B6621C009550C8 /* Sources */ = {
			isa = PBXSourcesBuildPhase;
			buildActionMask = 2147483647;
			files = (
				0C111C2B29BACD9000A0DCF4 /* FlightVC.swift in Sources */,
				0C111C2D29BACD9000A0DCF4 /* AttractionVC.swift in Sources */,
				0C36EC4629B6621C009550C8 /* ViewController.swift in Sources */,
				0C61EB0329BBDFA300F54F47 /* RecoverViewController.swift in Sources */,
				0C111C2E29BACD9000A0DCF4 /* TabBarController.swift in Sources */,
				0C111C2429BACD9000A0DCF4 /* HomeVC.swift in Sources */,
				0C3AD1EE29C3546C00E7FE73 /* PerfilViewController.swift in Sources */,
				50631D7029C373D000301007 /* AttractionCell.swift in Sources */,
				0C111C2929BACD9000A0DCF4 /* HotelVC.swift in Sources */,
				0C36EC4229B6621C009550C8 /* AppDelegate.swift in Sources */,
				0C111C2629BACD9000A0DCF4 /* RestaurantVC.swift in Sources */,
				0C36EC4429B6621C009550C8 /* SceneDelegate.swift in Sources */,
				5050BCB629B8D9050019BB69 /* RegisterController.swift in Sources */,
			);
			runOnlyForDeploymentPostprocessing = 0;
		};
/* End PBXSourcesBuildPhase section */

/* Begin PBXVariantGroup section */
		0C36EC4729B6621C009550C8 /* Main.storyboard */ = {
			isa = PBXVariantGroup;
			children = (
				0C36EC4829B6621C009550C8 /* Base */,
			);
			name = Main.storyboard;
			sourceTree = "<group>";
		};
		0C36EC4C29B6621E009550C8 /* LaunchScreen.storyboard */ = {
			isa = PBXVariantGroup;
			children = (
				0C36EC4D29B6621E009550C8 /* Base */,
			);
			name = LaunchScreen.storyboard;
			sourceTree = "<group>";
		};
/* End PBXVariantGroup section */

/* Begin XCBuildConfiguration section */
		0C36EC5029B6621E009550C8 /* Debug */ = {
			isa = XCBuildConfiguration;
			buildSettings = {
				ALWAYS_SEARCH_USER_PATHS = NO;
				CLANG_ANALYZER_NONNULL = YES;
				CLANG_ANALYZER_NUMBER_OBJECT_CONVERSION = YES_AGGRESSIVE;
				CLANG_CXX_LANGUAGE_STANDARD = "gnu++20";
				CLANG_ENABLE_MODULES = YES;
				CLANG_ENABLE_OBJC_ARC = YES;
				CLANG_ENABLE_OBJC_WEAK = YES;
				CLANG_WARN_BLOCK_CAPTURE_AUTORELEASING = YES;
				CLANG_WARN_BOOL_CONVERSION = YES;
				CLANG_WARN_COMMA = YES;
				CLANG_WARN_CONSTANT_CONVERSION = YES;
				CLANG_WARN_DEPRECATED_OBJC_IMPLEMENTATIONS = YES;
				CLANG_WARN_DIRECT_OBJC_ISA_USAGE = YES_ERROR;
				CLANG_WARN_DOCUMENTATION_COMMENTS = YES;
				CLANG_WARN_EMPTY_BODY = YES;
				CLANG_WARN_ENUM_CONVERSION = YES;
				CLANG_WARN_INFINITE_RECURSION = YES;
				CLANG_WARN_INT_CONVERSION = YES;
				CLANG_WARN_NON_LITERAL_NULL_CONVERSION = YES;
				CLANG_WARN_OBJC_IMPLICIT_RETAIN_SELF = YES;
				CLANG_WARN_OBJC_LITERAL_CONVERSION = YES;
				CLANG_WARN_OBJC_ROOT_CLASS = YES_ERROR;
				CLANG_WARN_QUOTED_INCLUDE_IN_FRAMEWORK_HEADER = YES;
				CLANG_WARN_RANGE_LOOP_ANALYSIS = YES;
				CLANG_WARN_STRICT_PROTOTYPES = YES;
				CLANG_WARN_SUSPICIOUS_MOVE = YES;
				CLANG_WARN_UNGUARDED_AVAILABILITY = YES_AGGRESSIVE;
				CLANG_WARN_UNREACHABLE_CODE = YES;
				CLANG_WARN__DUPLICATE_METHOD_MATCH = YES;
				COPY_PHASE_STRIP = NO;
				DEBUG_INFORMATION_FORMAT = dwarf;
				ENABLE_STRICT_OBJC_MSGSEND = YES;
				ENABLE_TESTABILITY = YES;
				GCC_C_LANGUAGE_STANDARD = gnu11;
				GCC_DYNAMIC_NO_PIC = NO;
				GCC_NO_COMMON_BLOCKS = YES;
				GCC_OPTIMIZATION_LEVEL = 0;
				GCC_PREPROCESSOR_DEFINITIONS = (
					"DEBUG=1",
					"$(inherited)",
				);
				GCC_WARN_64_TO_32_BIT_CONVERSION = YES;
				GCC_WARN_ABOUT_RETURN_TYPE = YES_ERROR;
				GCC_WARN_UNDECLARED_SELECTOR = YES;
				GCC_WARN_UNINITIALIZED_AUTOS = YES_AGGRESSIVE;
				GCC_WARN_UNUSED_FUNCTION = YES;
				GCC_WARN_UNUSED_VARIABLE = YES;
				IPHONEOS_DEPLOYMENT_TARGET = 16.0;
				MTL_ENABLE_DEBUG_INFO = INCLUDE_SOURCE;
				MTL_FAST_MATH = YES;
				ONLY_ACTIVE_ARCH = YES;
				SDKROOT = iphoneos;
				SWIFT_ACTIVE_COMPILATION_CONDITIONS = DEBUG;
				SWIFT_OPTIMIZATION_LEVEL = "-Onone";
			};
			name = Debug;
		};
		0C36EC5129B6621E009550C8 /* Release */ = {
			isa = XCBuildConfiguration;
			buildSettings = {
				ALWAYS_SEARCH_USER_PATHS = NO;
				CLANG_ANALYZER_NONNULL = YES;
				CLANG_ANALYZER_NUMBER_OBJECT_CONVERSION = YES_AGGRESSIVE;
				CLANG_CXX_LANGUAGE_STANDARD = "gnu++20";
				CLANG_ENABLE_MODULES = YES;
				CLANG_ENABLE_OBJC_ARC = YES;
				CLANG_ENABLE_OBJC_WEAK = YES;
				CLANG_WARN_BLOCK_CAPTURE_AUTORELEASING = YES;
				CLANG_WARN_BOOL_CONVERSION = YES;
				CLANG_WARN_COMMA = YES;
				CLANG_WARN_CONSTANT_CONVERSION = YES;
				CLANG_WARN_DEPRECATED_OBJC_IMPLEMENTATIONS = YES;
				CLANG_WARN_DIRECT_OBJC_ISA_USAGE = YES_ERROR;
				CLANG_WARN_DOCUMENTATION_COMMENTS = YES;
				CLANG_WARN_EMPTY_BODY = YES;
				CLANG_WARN_ENUM_CONVERSION = YES;
				CLANG_WARN_INFINITE_RECURSION = YES;
				CLANG_WARN_INT_CONVERSION = YES;
				CLANG_WARN_NON_LITERAL_NULL_CONVERSION = YES;
				CLANG_WARN_OBJC_IMPLICIT_RETAIN_SELF = YES;
				CLANG_WARN_OBJC_LITERAL_CONVERSION = YES;
				CLANG_WARN_OBJC_ROOT_CLASS = YES_ERROR;
				CLANG_WARN_QUOTED_INCLUDE_IN_FRAMEWORK_HEADER = YES;
				CLANG_WARN_RANGE_LOOP_ANALYSIS = YES;
				CLANG_WARN_STRICT_PROTOTYPES = YES;
				CLANG_WARN_SUSPICIOUS_MOVE = YES;
				CLANG_WARN_UNGUARDED_AVAILABILITY = YES_AGGRESSIVE;
				CLANG_WARN_UNREACHABLE_CODE = YES;
				CLANG_WARN__DUPLICATE_METHOD_MATCH = YES;
				COPY_PHASE_STRIP = NO;
				DEBUG_INFORMATION_FORMAT = "dwarf-with-dsym";
				ENABLE_NS_ASSERTIONS = NO;
				ENABLE_STRICT_OBJC_MSGSEND = YES;
				GCC_C_LANGUAGE_STANDARD = gnu11;
				GCC_NO_COMMON_BLOCKS = YES;
				GCC_WARN_64_TO_32_BIT_CONVERSION = YES;
				GCC_WARN_ABOUT_RETURN_TYPE = YES_ERROR;
				GCC_WARN_UNDECLARED_SELECTOR = YES;
				GCC_WARN_UNINITIALIZED_AUTOS = YES_AGGRESSIVE;
				GCC_WARN_UNUSED_FUNCTION = YES;
				GCC_WARN_UNUSED_VARIABLE = YES;
				IPHONEOS_DEPLOYMENT_TARGET = 16.0;
				MTL_ENABLE_DEBUG_INFO = NO;
				MTL_FAST_MATH = YES;
				SDKROOT = iphoneos;
				SWIFT_COMPILATION_MODE = wholemodule;
				SWIFT_OPTIMIZATION_LEVEL = "-O";
				VALIDATE_PRODUCT = YES;
			};
			name = Release;
		};
		0C36EC5329B6621E009550C8 /* Debug */ = {
			isa = XCBuildConfiguration;
			buildSettings = {
				ASSETCATALOG_COMPILER_APPICON_NAME = AppIcon;
				ASSETCATALOG_COMPILER_GLOBAL_ACCENT_COLOR_NAME = AccentColor;
				CODE_SIGN_STYLE = Automatic;
				CURRENT_PROJECT_VERSION = 1;
				GENERATE_INFOPLIST_FILE = YES;
				INFOPLIST_FILE = TripOrganizer/Info.plist;
				INFOPLIST_KEY_UIApplicationSupportsIndirectInputEvents = YES;
				INFOPLIST_KEY_UILaunchStoryboardName = LaunchScreen;
				INFOPLIST_KEY_UIMainStoryboardFile = Main;
				INFOPLIST_KEY_UISupportedInterfaceOrientations = UIInterfaceOrientationPortrait;
				LD_RUNPATH_SEARCH_PATHS = (
					"$(inherited)",
					"@executable_path/Frameworks",
				);
				MARKETING_VERSION = 1.0;
				PRODUCT_BUNDLE_IDENTIFIER = com.humbertogrt.TripOrganizer;
				PRODUCT_NAME = "$(TARGET_NAME)";
				SUPPORTED_PLATFORMS = "iphoneos iphonesimulator";
				SUPPORTS_MACCATALYST = NO;
				SUPPORTS_MAC_DESIGNED_FOR_IPHONE_IPAD = NO;
				SWIFT_EMIT_LOC_STRINGS = YES;
				SWIFT_VERSION = 5.0;
				TARGETED_DEVICE_FAMILY = 1;
			};
			name = Debug;
		};
		0C36EC5429B6621E009550C8 /* Release */ = {
			isa = XCBuildConfiguration;
			buildSettings = {
				ASSETCATALOG_COMPILER_APPICON_NAME = AppIcon;
				ASSETCATALOG_COMPILER_GLOBAL_ACCENT_COLOR_NAME = AccentColor;
				CODE_SIGN_STYLE = Automatic;
				CURRENT_PROJECT_VERSION = 1;
				GENERATE_INFOPLIST_FILE = YES;
				INFOPLIST_FILE = TripOrganizer/Info.plist;
				INFOPLIST_KEY_UIApplicationSupportsIndirectInputEvents = YES;
				INFOPLIST_KEY_UILaunchStoryboardName = LaunchScreen;
				INFOPLIST_KEY_UIMainStoryboardFile = Main;
				INFOPLIST_KEY_UISupportedInterfaceOrientations = UIInterfaceOrientationPortrait;
				LD_RUNPATH_SEARCH_PATHS = (
					"$(inherited)",
					"@executable_path/Frameworks",
				);
				MARKETING_VERSION = 1.0;
				PRODUCT_BUNDLE_IDENTIFIER = com.humbertogrt.TripOrganizer;
				PRODUCT_NAME = "$(TARGET_NAME)";
				SUPPORTED_PLATFORMS = "iphoneos iphonesimulator";
				SUPPORTS_MACCATALYST = NO;
				SUPPORTS_MAC_DESIGNED_FOR_IPHONE_IPAD = NO;
				SWIFT_EMIT_LOC_STRINGS = YES;
				SWIFT_VERSION = 5.0;
				TARGETED_DEVICE_FAMILY = 1;
			};
			name = Release;
		};
/* End XCBuildConfiguration section */

/* Begin XCConfigurationList section */
		0C36EC3929B6621C009550C8 /* Build configuration list for PBXProject "TripOrganizer" */ = {
			isa = XCConfigurationList;
			buildConfigurations = (
				0C36EC5029B6621E009550C8 /* Debug */,
				0C36EC5129B6621E009550C8 /* Release */,
			);
			defaultConfigurationIsVisible = 0;
			defaultConfigurationName = Release;
		};
		0C36EC5229B6621E009550C8 /* Build configuration list for PBXNativeTarget "TripOrganizer" */ = {
			isa = XCConfigurationList;
			buildConfigurations = (
				0C36EC5329B6621E009550C8 /* Debug */,
				0C36EC5429B6621E009550C8 /* Release */,
			);
			defaultConfigurationIsVisible = 0;
			defaultConfigurationName = Release;
		};
/* End XCConfigurationList section */
	};
	rootObject = 0C36EC3629B6621C009550C8 /* Project object */;
}
