// !$*UTF8*$!
{
	archiveVersion = 1;
	classes = {
	};
	objectVersion = 56;
	objects = {

/* Begin PBXBuildFile section */
		0C111C2329BACD9000A0DCF4 /* HomeVC.storyboard in Resources */ = {isa = PBXBuildFile; fileRef = 0C111C1329BACD9000A0DCF4 /* HomeVC.storyboard */; };
		0C111C2429BACD9000A0DCF4 /* HomeVC.swift in Sources */ = {isa = PBXBuildFile; fileRef = 0C111C1429BACD9000A0DCF4 /* HomeVC.swift */; };
		0C111C2529BACD9000A0DCF4 /* RestaurantVC.storyboard in Resources */ = {isa = PBXBuildFile; fileRef = 0C111C1629BACD9000A0DCF4 /* RestaurantVC.storyboard */; };
		0C111C2629BACD9000A0DCF4 /* RestaurantVC.swift in Sources */ = {isa = PBXBuildFile; fileRef = 0C111C1729BACD9000A0DCF4 /* RestaurantVC.swift */; };
		0C111C2729BACD9000A0DCF4 /* TabBarController.storyboard in Resources */ = {isa = PBXBuildFile; fileRef = 0C111C1829BACD9000A0DCF4 /* TabBarController.storyboard */; };
		0C111C2829BACD9000A0DCF4 /* HotelVC.storyboard in Resources */ = {isa = PBXBuildFile; fileRef = 0C111C1A29BACD9000A0DCF4 /* HotelVC.storyboard */; };
		0C111C2929BACD9000A0DCF4 /* HotelVC.swift in Sources */ = {isa = PBXBuildFile; fileRef = 0C111C1B29BACD9000A0DCF4 /* HotelVC.swift */; };
		0C111C2A29BACD9000A0DCF4 /* FlightVC.storyboard in Resources */ = {isa = PBXBuildFile; fileRef = 0C111C1D29BACD9000A0DCF4 /* FlightVC.storyboard */; };
		0C111C2B29BACD9000A0DCF4 /* FlightVC.swift in Sources */ = {isa = PBXBuildFile; fileRef = 0C111C1E29BACD9000A0DCF4 /* FlightVC.swift */; };
		0C111C2C29BACD9000A0DCF4 /* AttractionVC.storyboard in Resources */ = {isa = PBXBuildFile; fileRef = 0C111C2029BACD9000A0DCF4 /* AttractionVC.storyboard */; };
		0C111C2D29BACD9000A0DCF4 /* AttractionVC.swift in Sources */ = {isa = PBXBuildFile; fileRef = 0C111C2129BACD9000A0DCF4 /* AttractionVC.swift */; };
		0C111C2E29BACD9000A0DCF4 /* TabBarController.swift in Sources */ = {isa = PBXBuildFile; fileRef = 0C111C2229BACD9000A0DCF4 /* TabBarController.swift */; };
		0C2037A629F0A21D001BE709 /* RestaurantViewModel.swift in Sources */ = {isa = PBXBuildFile; fileRef = 0C2037A529F0A21D001BE709 /* RestaurantViewModel.swift */; };
		0C2037A829F0A328001BE709 /* Restaurant.swift in Sources */ = {isa = PBXBuildFile; fileRef = 0C2037A729F0A328001BE709 /* Restaurant.swift */; };
		0C36EC4229B6621C009550C8 /* AppDelegate.swift in Sources */ = {isa = PBXBuildFile; fileRef = 0C36EC4129B6621C009550C8 /* AppDelegate.swift */; };
		0C36EC4429B6621C009550C8 /* SceneDelegate.swift in Sources */ = {isa = PBXBuildFile; fileRef = 0C36EC4329B6621C009550C8 /* SceneDelegate.swift */; };
		0C36EC4629B6621C009550C8 /* ViewController.swift in Sources */ = {isa = PBXBuildFile; fileRef = 0C36EC4529B6621C009550C8 /* ViewController.swift */; };
		0C36EC4929B6621C009550C8 /* Main.storyboard in Resources */ = {isa = PBXBuildFile; fileRef = 0C36EC4729B6621C009550C8 /* Main.storyboard */; };
		0C36EC4E29B6621E009550C8 /* LaunchScreen.storyboard in Resources */ = {isa = PBXBuildFile; fileRef = 0C36EC4C29B6621E009550C8 /* LaunchScreen.storyboard */; };
		0C3AD1E529C3524800E7FE73 /* PerfilViewController.storyboard in Resources */ = {isa = PBXBuildFile; fileRef = 0C3AD1E429C3524800E7FE73 /* PerfilViewController.storyboard */; };
		0C3AD1EE29C3546C00E7FE73 /* PerfilViewController.swift in Sources */ = {isa = PBXBuildFile; fileRef = 0C3AD1ED29C3546C00E7FE73 /* PerfilViewController.swift */; };
		0C61EB0129BBDF9900F54F47 /* RecoverViewController.storyboard in Resources */ = {isa = PBXBuildFile; fileRef = 0C61EB0029BBDF9900F54F47 /* RecoverViewController.storyboard */; };
		0C61EB0329BBDFA300F54F47 /* RecoverViewController.swift in Sources */ = {isa = PBXBuildFile; fileRef = 0C61EB0229BBDFA300F54F47 /* RecoverViewController.swift */; };
		43780C8B29D5C8A9002072BF /* MenuCollectionViewCell.swift in Sources */ = {isa = PBXBuildFile; fileRef = 43780C8929D5C8A9002072BF /* MenuCollectionViewCell.swift */; };
		43780C8C29D5C8A9002072BF /* MenuCollectionViewCell.xib in Resources */ = {isa = PBXBuildFile; fileRef = 43780C8A29D5C8A9002072BF /* MenuCollectionViewCell.xib */; };
		43780C9029D5C943002072BF /* HoteisCollectionViewCell.xib in Resources */ = {isa = PBXBuildFile; fileRef = 43780C8E29D5C943002072BF /* HoteisCollectionViewCell.xib */; };
		43780C9129D5C943002072BF /* HoteisCollectionViewCell.swift in Sources */ = {isa = PBXBuildFile; fileRef = 43780C8F29D5C943002072BF /* HoteisCollectionViewCell.swift */; };
		43780C9F29D5C9B7002072BF /* AttractionCell.xib in Resources */ = {isa = PBXBuildFile; fileRef = 43780C9D29D5C9B7002072BF /* AttractionCell.xib */; };
		43780CA029D5C9B7002072BF /* AttractionCell.swift in Sources */ = {isa = PBXBuildFile; fileRef = 43780C9E29D5C9B7002072BF /* AttractionCell.swift */; };
		43BE0D2929E5CA6A001B5963 /* SecondFlightScreenVC.swift in Sources */ = {isa = PBXBuildFile; fileRef = 43BE0D2829E5CA6A001B5963 /* SecondFlightScreenVC.swift */; };
		43BE0D2B29E5CA74001B5963 /* SecondFlightScreenVC.storyboard in Resources */ = {isa = PBXBuildFile; fileRef = 43BE0D2A29E5CA74001B5963 /* SecondFlightScreenVC.storyboard */; };
		43BE0D2E29E5CA99001B5963 /* FlightScreenCollectionViewCell.swift in Sources */ = {isa = PBXBuildFile; fileRef = 43BE0D2C29E5CA99001B5963 /* FlightScreenCollectionViewCell.swift */; };
		43BE0D2F29E5CA99001B5963 /* FlightScreenCollectionViewCell.xib in Resources */ = {isa = PBXBuildFile; fileRef = 43BE0D2D29E5CA99001B5963 /* FlightScreenCollectionViewCell.xib */; };
		43BE0D3429E5E958001B5963 /* FlightTableViewCell.swift in Sources */ = {isa = PBXBuildFile; fileRef = 43BE0D3229E5E958001B5963 /* FlightTableViewCell.swift */; };
		43BE0D3529E5E958001B5963 /* FlightTableViewCell.xib in Resources */ = {isa = PBXBuildFile; fileRef = 43BE0D3329E5E958001B5963 /* FlightTableViewCell.xib */; };
		5050BCB629B8D9050019BB69 /* RegisterController.swift in Sources */ = {isa = PBXBuildFile; fileRef = 5050BCB529B8D9050019BB69 /* RegisterController.swift */; };
		5050BCB829B8D92B0019BB69 /* RegisterController.storyboard in Resources */ = {isa = PBXBuildFile; fileRef = 5050BCB729B8D92B0019BB69 /* RegisterController.storyboard */; };
		509DCC0829F6FC0C002F04B0 /* HomeTableViewCell.swift in Sources */ = {isa = PBXBuildFile; fileRef = 509DCC0729F6FC0C002F04B0 /* HomeTableViewCell.swift */; };
		509DCC0A29F6FC17002F04B0 /* HomeTableViewCell.xib in Resources */ = {isa = PBXBuildFile; fileRef = 509DCC0929F6FC17002F04B0 /* HomeTableViewCell.xib */; };
		509DCC0C29F6FC58002F04B0 /* AddTripModel.swift in Sources */ = {isa = PBXBuildFile; fileRef = 509DCC0B29F6FC58002F04B0 /* AddTripModel.swift */; };
		509DCC0E29F6FD1A002F04B0 /* TripPlanCollectionViewCell.swift in Sources */ = {isa = PBXBuildFile; fileRef = 509DCC0D29F6FD1A002F04B0 /* TripPlanCollectionViewCell.swift */; };
		509DCC1029F6FD20002F04B0 /* TripPlanCollectionViewCell.xib in Resources */ = {isa = PBXBuildFile; fileRef = 509DCC0F29F6FD20002F04B0 /* TripPlanCollectionViewCell.xib */; };
		509DCC1229F6FD5B002F04B0 /* AddTripViewController.swift in Sources */ = {isa = PBXBuildFile; fileRef = 509DCC1129F6FD5B002F04B0 /* AddTripViewController.swift */; };
		509DCC1429F6FD64002F04B0 /* AddTripViewController.storyboard in Resources */ = {isa = PBXBuildFile; fileRef = 509DCC1329F6FD64002F04B0 /* AddTripViewController.storyboard */; };
		509DCC1629F6FD6A002F04B0 /* TripPlanViewController.swift in Sources */ = {isa = PBXBuildFile; fileRef = 509DCC1529F6FD6A002F04B0 /* TripPlanViewController.swift */; };
		509DCC1829F6FD72002F04B0 /* TripPlanViewController.storyboard in Resources */ = {isa = PBXBuildFile; fileRef = 509DCC1729F6FD72002F04B0 /* TripPlanViewController.storyboard */; };
		50CEEDBB29F70DC9002548B5 /* TripPlanModel.swift in Sources */ = {isa = PBXBuildFile; fileRef = 50CEEDBA29F70DC9002548B5 /* TripPlanModel.swift */; };
		50D5FBB429EF214E0041ED71 /* Alert.swift in Sources */ = {isa = PBXBuildFile; fileRef = 50D5FBB329EF214E0041ED71 /* Alert.swift */; };
		50D5FBB729EF219B0041ED71 /* PerfilViewModel.swift in Sources */ = {isa = PBXBuildFile; fileRef = 50D5FBB629EF219B0041ED71 /* PerfilViewModel.swift */; };
		8814475F29F036F000AC429A /* AttractionViewModel.swift in Sources */ = {isa = PBXBuildFile; fileRef = 8814475E29F036F000AC429A /* AttractionViewModel.swift */; };
		8814476229F0371C00AC429A /* AttractionModel.swift in Sources */ = {isa = PBXBuildFile; fileRef = 8814476129F0371C00AC429A /* AttractionModel.swift */; };
		8814476829F0CC9300AC429A /* FlightModel.swift in Sources */ = {isa = PBXBuildFile; fileRef = 8814476729F0CC9300AC429A /* FlightModel.swift */; };
		8814476B29F0CEAD00AC429A /* FlightViewModel.swift in Sources */ = {isa = PBXBuildFile; fileRef = 8814476A29F0CEAD00AC429A /* FlightViewModel.swift */; };
		8814476D29F0CEC900AC429A /* SecondFlightViewModel.swift in Sources */ = {isa = PBXBuildFile; fileRef = 8814476C29F0CEC900AC429A /* SecondFlightViewModel.swift */; };
		886E229D29EDB21D00E70FF7 /* RecoverPasswordViewModel.swift in Sources */ = {isa = PBXBuildFile; fileRef = 886E229C29EDB21D00E70FF7 /* RecoverPasswordViewModel.swift */; };
		886E22A029EDB3B100E70FF7 /* RecoverPasswordModel.swift in Sources */ = {isa = PBXBuildFile; fileRef = 886E229F29EDB3B100E70FF7 /* RecoverPasswordModel.swift */; };
		886E22C329EEF29D00E70FF7 /* HotelModel.swift in Sources */ = {isa = PBXBuildFile; fileRef = 886E22C229EEF29D00E70FF7 /* HotelModel.swift */; };
		886E22C629EEF33600E70FF7 /* HotelViewModel.swift in Sources */ = {isa = PBXBuildFile; fileRef = 886E22C529EEF33600E70FF7 /* HotelViewModel.swift */; };
		C43C4B4329ED7AAD0013D509 /* LoginViewModel.swift in Sources */ = {isa = PBXBuildFile; fileRef = C43C4B4229ED7AAD0013D509 /* LoginViewModel.swift */; };
		C43C4B4729ED9B960013D509 /* UIColor .swift in Sources */ = {isa = PBXBuildFile; fileRef = C43C4B4629ED9B950013D509 /* UIColor .swift */; };
		C43C4B4929EDA0460013D509 /* Assets.xcassets in Resources */ = {isa = PBXBuildFile; fileRef = 0C36EC4A29B6621E009550C8 /* Assets.xcassets */; };
		C43C4B4B29EDA2E20013D509 /* LoginModel.swift in Sources */ = {isa = PBXBuildFile; fileRef = C43C4B4A29EDA2E20013D509 /* LoginModel.swift */; };
		C43C4B4E29EDB95F0013D509 /* RegisterViewModel.swift in Sources */ = {isa = PBXBuildFile; fileRef = C43C4B4D29EDB95F0013D509 /* RegisterViewModel.swift */; };
		C43C4B5129EDBA990013D509 /* RegisterModel.swift in Sources */ = {isa = PBXBuildFile; fileRef = C43C4B5029EDBA990013D509 /* RegisterModel.swift */; };
		C4619CDE29F02ACC00530196 /* HomeViewModel.swift in Sources */ = {isa = PBXBuildFile; fileRef = C4619CDD29F02ACC00530196 /* HomeViewModel.swift */; };
		C4619CE129F02AFF00530196 /* HomeModel.swift in Sources */ = {isa = PBXBuildFile; fileRef = C4619CE029F02AFF00530196 /* HomeModel.swift */; };
		C4CC788829F862B70055DC8A /* TripPlanViewModel.swift in Sources */ = {isa = PBXBuildFile; fileRef = C4CC788729F862B70055DC8A /* TripPlanViewModel.swift */; };
		C4CC788A29F862CF0055DC8A /* AddTripViewModel.swift in Sources */ = {isa = PBXBuildFile; fileRef = C4CC788929F862CF0055DC8A /* AddTripViewModel.swift */; };
/* End PBXBuildFile section */

/* Begin PBXFileReference section */
		0C111C1329BACD9000A0DCF4 /* HomeVC.storyboard */ = {isa = PBXFileReference; fileEncoding = 4; lastKnownFileType = file.storyboard; path = HomeVC.storyboard; sourceTree = "<group>"; };
		0C111C1429BACD9000A0DCF4 /* HomeVC.swift */ = {isa = PBXFileReference; fileEncoding = 4; lastKnownFileType = sourcecode.swift; path = HomeVC.swift; sourceTree = "<group>"; };
		0C111C1629BACD9000A0DCF4 /* RestaurantVC.storyboard */ = {isa = PBXFileReference; fileEncoding = 4; lastKnownFileType = file.storyboard; path = RestaurantVC.storyboard; sourceTree = "<group>"; };
		0C111C1729BACD9000A0DCF4 /* RestaurantVC.swift */ = {isa = PBXFileReference; fileEncoding = 4; lastKnownFileType = sourcecode.swift; path = RestaurantVC.swift; sourceTree = "<group>"; };
		0C111C1829BACD9000A0DCF4 /* TabBarController.storyboard */ = {isa = PBXFileReference; fileEncoding = 4; lastKnownFileType = file.storyboard; path = TabBarController.storyboard; sourceTree = "<group>"; };
		0C111C1A29BACD9000A0DCF4 /* HotelVC.storyboard */ = {isa = PBXFileReference; fileEncoding = 4; lastKnownFileType = file.storyboard; path = HotelVC.storyboard; sourceTree = "<group>"; };
		0C111C1B29BACD9000A0DCF4 /* HotelVC.swift */ = {isa = PBXFileReference; fileEncoding = 4; lastKnownFileType = sourcecode.swift; path = HotelVC.swift; sourceTree = "<group>"; };
		0C111C1D29BACD9000A0DCF4 /* FlightVC.storyboard */ = {isa = PBXFileReference; fileEncoding = 4; lastKnownFileType = file.storyboard; path = FlightVC.storyboard; sourceTree = "<group>"; };
		0C111C1E29BACD9000A0DCF4 /* FlightVC.swift */ = {isa = PBXFileReference; fileEncoding = 4; lastKnownFileType = sourcecode.swift; path = FlightVC.swift; sourceTree = "<group>"; };
		0C111C2029BACD9000A0DCF4 /* AttractionVC.storyboard */ = {isa = PBXFileReference; fileEncoding = 4; lastKnownFileType = file.storyboard; path = AttractionVC.storyboard; sourceTree = "<group>"; };
		0C111C2129BACD9000A0DCF4 /* AttractionVC.swift */ = {isa = PBXFileReference; fileEncoding = 4; lastKnownFileType = sourcecode.swift; path = AttractionVC.swift; sourceTree = "<group>"; };
		0C111C2229BACD9000A0DCF4 /* TabBarController.swift */ = {isa = PBXFileReference; fileEncoding = 4; lastKnownFileType = sourcecode.swift; path = TabBarController.swift; sourceTree = "<group>"; };
		0C2037A529F0A21D001BE709 /* RestaurantViewModel.swift */ = {isa = PBXFileReference; lastKnownFileType = sourcecode.swift; path = RestaurantViewModel.swift; sourceTree = "<group>"; };
		0C2037A729F0A328001BE709 /* Restaurant.swift */ = {isa = PBXFileReference; lastKnownFileType = sourcecode.swift; path = Restaurant.swift; sourceTree = "<group>"; };
		0C36EC3E29B6621C009550C8 /* TripOrganizer.app */ = {isa = PBXFileReference; explicitFileType = wrapper.application; includeInIndex = 0; path = TripOrganizer.app; sourceTree = BUILT_PRODUCTS_DIR; };
		0C36EC4129B6621C009550C8 /* AppDelegate.swift */ = {isa = PBXFileReference; lastKnownFileType = sourcecode.swift; path = AppDelegate.swift; sourceTree = "<group>"; };
		0C36EC4329B6621C009550C8 /* SceneDelegate.swift */ = {isa = PBXFileReference; lastKnownFileType = sourcecode.swift; path = SceneDelegate.swift; sourceTree = "<group>"; };
		0C36EC4529B6621C009550C8 /* ViewController.swift */ = {isa = PBXFileReference; lastKnownFileType = sourcecode.swift; path = ViewController.swift; sourceTree = "<group>"; };
		0C36EC4829B6621C009550C8 /* Base */ = {isa = PBXFileReference; lastKnownFileType = file.storyboard; name = Base; path = Base.lproj/Main.storyboard; sourceTree = "<group>"; };
		0C36EC4A29B6621E009550C8 /* Assets.xcassets */ = {isa = PBXFileReference; lastKnownFileType = folder.assetcatalog; path = Assets.xcassets; sourceTree = "<group>"; };
		0C36EC4D29B6621E009550C8 /* Base */ = {isa = PBXFileReference; lastKnownFileType = file.storyboard; name = Base; path = Base.lproj/LaunchScreen.storyboard; sourceTree = "<group>"; };
		0C36EC4F29B6621E009550C8 /* Info.plist */ = {isa = PBXFileReference; lastKnownFileType = text.plist.xml; path = Info.plist; sourceTree = "<group>"; };
		0C3AD1E429C3524800E7FE73 /* PerfilViewController.storyboard */ = {isa = PBXFileReference; fileEncoding = 4; lastKnownFileType = file.storyboard; name = PerfilViewController.storyboard; path = TripOrganizer/TabBar/Perfil/View/Screen/PerfilViewController.storyboard; sourceTree = SOURCE_ROOT; };
		0C3AD1ED29C3546C00E7FE73 /* PerfilViewController.swift */ = {isa = PBXFileReference; lastKnownFileType = sourcecode.swift; path = PerfilViewController.swift; sourceTree = "<group>"; };
		0C61EB0029BBDF9900F54F47 /* RecoverViewController.storyboard */ = {isa = PBXFileReference; fileEncoding = 4; lastKnownFileType = file.storyboard; name = RecoverViewController.storyboard; path = TripOrganizer/RecoverPassworld/View/Screen/RecoverViewController.storyboard; sourceTree = SOURCE_ROOT; };
		0C61EB0229BBDFA300F54F47 /* RecoverViewController.swift */ = {isa = PBXFileReference; fileEncoding = 4; lastKnownFileType = sourcecode.swift; name = RecoverViewController.swift; path = TripOrganizer/RecoverPassworld/View/Screen/RecoverViewController.swift; sourceTree = SOURCE_ROOT; };
		43780C8929D5C8A9002072BF /* MenuCollectionViewCell.swift */ = {isa = PBXFileReference; fileEncoding = 4; lastKnownFileType = sourcecode.swift; path = MenuCollectionViewCell.swift; sourceTree = "<group>"; };
		43780C8A29D5C8A9002072BF /* MenuCollectionViewCell.xib */ = {isa = PBXFileReference; fileEncoding = 4; lastKnownFileType = file.xib; path = MenuCollectionViewCell.xib; sourceTree = "<group>"; };
		43780C8E29D5C943002072BF /* HoteisCollectionViewCell.xib */ = {isa = PBXFileReference; fileEncoding = 4; lastKnownFileType = file.xib; path = HoteisCollectionViewCell.xib; sourceTree = "<group>"; };
		43780C8F29D5C943002072BF /* HoteisCollectionViewCell.swift */ = {isa = PBXFileReference; fileEncoding = 4; lastKnownFileType = sourcecode.swift; path = HoteisCollectionViewCell.swift; sourceTree = "<group>"; };
		43780C9D29D5C9B7002072BF /* AttractionCell.xib */ = {isa = PBXFileReference; fileEncoding = 4; lastKnownFileType = file.xib; path = AttractionCell.xib; sourceTree = "<group>"; };
		43780C9E29D5C9B7002072BF /* AttractionCell.swift */ = {isa = PBXFileReference; fileEncoding = 4; lastKnownFileType = sourcecode.swift; path = AttractionCell.swift; sourceTree = "<group>"; };
		43BE0D2829E5CA6A001B5963 /* SecondFlightScreenVC.swift */ = {isa = PBXFileReference; lastKnownFileType = sourcecode.swift; path = SecondFlightScreenVC.swift; sourceTree = "<group>"; };
		43BE0D2A29E5CA74001B5963 /* SecondFlightScreenVC.storyboard */ = {isa = PBXFileReference; lastKnownFileType = file.storyboard; path = SecondFlightScreenVC.storyboard; sourceTree = "<group>"; };
		43BE0D2C29E5CA99001B5963 /* FlightScreenCollectionViewCell.swift */ = {isa = PBXFileReference; lastKnownFileType = sourcecode.swift; path = FlightScreenCollectionViewCell.swift; sourceTree = "<group>"; };
		43BE0D2D29E5CA99001B5963 /* FlightScreenCollectionViewCell.xib */ = {isa = PBXFileReference; lastKnownFileType = file.xib; path = FlightScreenCollectionViewCell.xib; sourceTree = "<group>"; };
		43BE0D3229E5E958001B5963 /* FlightTableViewCell.swift */ = {isa = PBXFileReference; lastKnownFileType = sourcecode.swift; path = FlightTableViewCell.swift; sourceTree = "<group>"; };
		43BE0D3329E5E958001B5963 /* FlightTableViewCell.xib */ = {isa = PBXFileReference; lastKnownFileType = file.xib; path = FlightTableViewCell.xib; sourceTree = "<group>"; };
		5050BCB529B8D9050019BB69 /* RegisterController.swift */ = {isa = PBXFileReference; lastKnownFileType = sourcecode.swift; path = RegisterController.swift; sourceTree = "<group>"; };
		5050BCB729B8D92B0019BB69 /* RegisterController.storyboard */ = {isa = PBXFileReference; lastKnownFileType = file.storyboard; path = RegisterController.storyboard; sourceTree = "<group>"; };
		509DCC0729F6FC0C002F04B0 /* HomeTableViewCell.swift */ = {isa = PBXFileReference; fileEncoding = 4; lastKnownFileType = sourcecode.swift; path = HomeTableViewCell.swift; sourceTree = "<group>"; };
		509DCC0929F6FC17002F04B0 /* HomeTableViewCell.xib */ = {isa = PBXFileReference; fileEncoding = 4; lastKnownFileType = file.xib; path = HomeTableViewCell.xib; sourceTree = "<group>"; };
		509DCC0B29F6FC58002F04B0 /* AddTripModel.swift */ = {isa = PBXFileReference; fileEncoding = 4; lastKnownFileType = sourcecode.swift; path = AddTripModel.swift; sourceTree = "<group>"; };
		509DCC0D29F6FD1A002F04B0 /* TripPlanCollectionViewCell.swift */ = {isa = PBXFileReference; fileEncoding = 4; lastKnownFileType = sourcecode.swift; path = TripPlanCollectionViewCell.swift; sourceTree = "<group>"; };
		509DCC0F29F6FD20002F04B0 /* TripPlanCollectionViewCell.xib */ = {isa = PBXFileReference; fileEncoding = 4; lastKnownFileType = file.xib; path = TripPlanCollectionViewCell.xib; sourceTree = "<group>"; };
		509DCC1129F6FD5B002F04B0 /* AddTripViewController.swift */ = {isa = PBXFileReference; fileEncoding = 4; lastKnownFileType = sourcecode.swift; path = AddTripViewController.swift; sourceTree = "<group>"; };
		509DCC1329F6FD64002F04B0 /* AddTripViewController.storyboard */ = {isa = PBXFileReference; fileEncoding = 4; lastKnownFileType = file.storyboard; path = AddTripViewController.storyboard; sourceTree = "<group>"; };
		509DCC1529F6FD6A002F04B0 /* TripPlanViewController.swift */ = {isa = PBXFileReference; fileEncoding = 4; lastKnownFileType = sourcecode.swift; path = TripPlanViewController.swift; sourceTree = "<group>"; };
		509DCC1729F6FD72002F04B0 /* TripPlanViewController.storyboard */ = {isa = PBXFileReference; fileEncoding = 4; lastKnownFileType = file.storyboard; path = TripPlanViewController.storyboard; sourceTree = "<group>"; };
		50CEEDBA29F70DC9002548B5 /* TripPlanModel.swift */ = {isa = PBXFileReference; lastKnownFileType = sourcecode.swift; path = TripPlanModel.swift; sourceTree = "<group>"; };
		50D5FBB329EF214E0041ED71 /* Alert.swift */ = {isa = PBXFileReference; fileEncoding = 4; lastKnownFileType = sourcecode.swift; path = Alert.swift; sourceTree = "<group>"; };
		50D5FBB629EF219B0041ED71 /* PerfilViewModel.swift */ = {isa = PBXFileReference; fileEncoding = 4; lastKnownFileType = sourcecode.swift; path = PerfilViewModel.swift; sourceTree = "<group>"; };
		8814475E29F036F000AC429A /* AttractionViewModel.swift */ = {isa = PBXFileReference; lastKnownFileType = sourcecode.swift; path = AttractionViewModel.swift; sourceTree = "<group>"; };
		8814476129F0371C00AC429A /* AttractionModel.swift */ = {isa = PBXFileReference; lastKnownFileType = sourcecode.swift; path = AttractionModel.swift; sourceTree = "<group>"; };
		8814476729F0CC9300AC429A /* FlightModel.swift */ = {isa = PBXFileReference; lastKnownFileType = sourcecode.swift; path = FlightModel.swift; sourceTree = "<group>"; };
		8814476A29F0CEAD00AC429A /* FlightViewModel.swift */ = {isa = PBXFileReference; lastKnownFileType = sourcecode.swift; path = FlightViewModel.swift; sourceTree = "<group>"; };
		8814476C29F0CEC900AC429A /* SecondFlightViewModel.swift */ = {isa = PBXFileReference; lastKnownFileType = sourcecode.swift; path = SecondFlightViewModel.swift; sourceTree = "<group>"; };
		886E229C29EDB21D00E70FF7 /* RecoverPasswordViewModel.swift */ = {isa = PBXFileReference; lastKnownFileType = sourcecode.swift; path = RecoverPasswordViewModel.swift; sourceTree = "<group>"; };
		886E229F29EDB3B100E70FF7 /* RecoverPasswordModel.swift */ = {isa = PBXFileReference; lastKnownFileType = sourcecode.swift; path = RecoverPasswordModel.swift; sourceTree = "<group>"; };
		886E22C229EEF29D00E70FF7 /* HotelModel.swift */ = {isa = PBXFileReference; lastKnownFileType = sourcecode.swift; path = HotelModel.swift; sourceTree = "<group>"; };
		886E22C529EEF33600E70FF7 /* HotelViewModel.swift */ = {isa = PBXFileReference; lastKnownFileType = sourcecode.swift; path = HotelViewModel.swift; sourceTree = "<group>"; };
		C43C4B4229ED7AAD0013D509 /* LoginViewModel.swift */ = {isa = PBXFileReference; lastKnownFileType = sourcecode.swift; path = LoginViewModel.swift; sourceTree = "<group>"; };
		C43C4B4629ED9B950013D509 /* UIColor .swift */ = {isa = PBXFileReference; lastKnownFileType = sourcecode.swift; path = "UIColor .swift"; sourceTree = "<group>"; };
		C43C4B4A29EDA2E20013D509 /* LoginModel.swift */ = {isa = PBXFileReference; lastKnownFileType = sourcecode.swift; path = LoginModel.swift; sourceTree = "<group>"; };
		C43C4B4D29EDB95F0013D509 /* RegisterViewModel.swift */ = {isa = PBXFileReference; lastKnownFileType = sourcecode.swift; path = RegisterViewModel.swift; sourceTree = "<group>"; };
		C43C4B5029EDBA990013D509 /* RegisterModel.swift */ = {isa = PBXFileReference; lastKnownFileType = sourcecode.swift; path = RegisterModel.swift; sourceTree = "<group>"; };
		C4619CDD29F02ACC00530196 /* HomeViewModel.swift */ = {isa = PBXFileReference; lastKnownFileType = sourcecode.swift; path = HomeViewModel.swift; sourceTree = "<group>"; };
		C4619CE029F02AFF00530196 /* HomeModel.swift */ = {isa = PBXFileReference; lastKnownFileType = sourcecode.swift; path = HomeModel.swift; sourceTree = "<group>"; };
		C4CC788729F862B70055DC8A /* TripPlanViewModel.swift */ = {isa = PBXFileReference; lastKnownFileType = sourcecode.swift; path = TripPlanViewModel.swift; sourceTree = "<group>"; };
		C4CC788929F862CF0055DC8A /* AddTripViewModel.swift */ = {isa = PBXFileReference; lastKnownFileType = sourcecode.swift; path = AddTripViewModel.swift; sourceTree = "<group>"; };
/* End PBXFileReference section */

/* Begin PBXFrameworksBuildPhase section */
		0C36EC3B29B6621C009550C8 /* Frameworks */ = {
			isa = PBXFrameworksBuildPhase;
			buildActionMask = 2147483647;
			files = (
			);
			runOnlyForDeploymentPostprocessing = 0;
		};
/* End PBXFrameworksBuildPhase section */

/* Begin PBXGroup section */
		0C111C1129BACD9000A0DCF4 /* TabBar */ = {
			isa = PBXGroup;
			children = (
				0C61EB0829BBE14E00F54F47 /* TabBarFiles */,
				0C3AD1EC29C3545200E7FE73 /* Perfil */,
				0C111C1229BACD9000A0DCF4 /* Home */,
				0C111C1529BACD9000A0DCF4 /* Restaurant */,
				0C111C1929BACD9000A0DCF4 /* Hotel */,
				0C111C1C29BACD9000A0DCF4 /* Flight */,
				0C111C1F29BACD9000A0DCF4 /* Attraction */,
			);
			path = TabBar;
			sourceTree = "<group>";
		};
		0C111C1229BACD9000A0DCF4 /* Home */ = {
			isa = PBXGroup;
			children = (
				43BE0D8129E70C31001B5963 /* Cell */,
				C4619CDF29F02AEB00530196 /* Model */,
				C43C4B3329EC64760013D509 /* View */,
				C4619CDC29F02AA400530196 /* ViewModel */,
			);
			path = Home;
			sourceTree = "<group>";
		};
		0C111C1529BACD9000A0DCF4 /* Restaurant */ = {
			isa = PBXGroup;
			children = (
				0C2037A929F0A32E001BE709 /* Model */,
				0C2037A429F0A20C001BE709 /* ViewModel */,
				43780C8829D5C8A9002072BF /* Cell */,
				C43C4B2F29EC63EB0013D509 /* View */,
			);
			path = Restaurant;
			sourceTree = "<group>";
		};
		0C111C1929BACD9000A0DCF4 /* Hotel */ = {
			isa = PBXGroup;
			children = (
				886E22C429EEF2CF00E70FF7 /* ViewModel */,
				886E22C129EEF27800E70FF7 /* Model */,
				43780C8D29D5C943002072BF /* Cell */,
				C43C4B2B29EC63A30013D509 /* View */,
			);
			path = Hotel;
			sourceTree = "<group>";
		};
		0C111C1C29BACD9000A0DCF4 /* Flight */ = {
			isa = PBXGroup;
			children = (
				8814476929F0CE3500AC429A /* SecondFlightViewModel */,
				8814476629F0CC7100AC429A /* FlightModel */,
				8814476329F0CC2800AC429A /* FlightViewModel */,
				C43C4B2629EC5FC90013D509 /* Cell */,
				C43C4B2329EC5F9A0013D509 /* View */,
			);
			path = Flight;
			sourceTree = "<group>";
		};
		0C111C1F29BACD9000A0DCF4 /* Attraction */ = {
			isa = PBXGroup;
			children = (
				8814476029F036FE00AC429A /* AttractionModel */,
				8814475D29F036B000AC429A /* AttractionViewModel */,
				43780C9C29D5C9B7002072BF /* Cell */,
				C43C4B1F29EC5ED50013D509 /* View */,
			);
			path = Attraction;
			sourceTree = "<group>";
		};
		0C2037A429F0A20C001BE709 /* ViewModel */ = {
			isa = PBXGroup;
			children = (
				0C2037A529F0A21D001BE709 /* RestaurantViewModel.swift */,
			);
			path = ViewModel;
			sourceTree = "<group>";
		};
		0C2037A929F0A32E001BE709 /* Model */ = {
			isa = PBXGroup;
			children = (
				0C2037A729F0A328001BE709 /* Restaurant.swift */,
			);
			path = Model;
			sourceTree = "<group>";
		};
		0C36EC3529B6621C009550C8 = {
			isa = PBXGroup;
			children = (
				0C36EC4029B6621C009550C8 /* TripOrganizer */,
				0C36EC3F29B6621C009550C8 /* Products */,
			);
			sourceTree = "<group>";
		};
		0C36EC3F29B6621C009550C8 /* Products */ = {
			isa = PBXGroup;
			children = (
				0C36EC3E29B6621C009550C8 /* TripOrganizer.app */,
			);
			name = Products;
			sourceTree = "<group>";
		};
		0C36EC4029B6621C009550C8 /* TripOrganizer */ = {
			isa = PBXGroup;
			children = (
				50D5FBB229EF214E0041ED71 /* Alert */,
				C43C4B4529ED9B7D0013D509 /* Extension */,
				0C111C1129BACD9000A0DCF4 /* TabBar */,
				0C61EB0529BBDFEA00F54F47 /* Register */,
				0C61EB0429BBDFD000F54F47 /* RecoverPassworld */,
				0C61EB0729BBE13100F54F47 /* Login */,
				0C61EB0629BBE10000F54F47 /* Resources */,
				0C36EC4F29B6621E009550C8 /* Info.plist */,
			);
			path = TripOrganizer;
			sourceTree = "<group>";
		};
		0C3AD1EC29C3545200E7FE73 /* Perfil */ = {
			isa = PBXGroup;
			children = (
				50D5FBB529EF219B0041ED71 /* ViewModel */,
				C43C4B3729EC664A0013D509 /* View */,
			);
			path = Perfil;
			sourceTree = "<group>";
		};
		0C61EB0429BBDFD000F54F47 /* RecoverPassworld */ = {
			isa = PBXGroup;
			children = (
				886E229E29EDB35E00E70FF7 /* Model */,
				886E229B29EDB1DD00E70FF7 /* ViewModel */,
				C43C4B1729EC5E300013D509 /* View */,
			);
			path = RecoverPassworld;
			sourceTree = "<group>";
		};
		0C61EB0529BBDFEA00F54F47 /* Register */ = {
			isa = PBXGroup;
			children = (
				C43C4B4F29EDBA6C0013D509 /* Model */,
				C43C4B1B29EC5E6D0013D509 /* View */,
				C43C4B4C29EDB9390013D509 /* ViewModel */,
			);
			path = Register;
			sourceTree = "<group>";
		};
		0C61EB0629BBE10000F54F47 /* Resources */ = {
			isa = PBXGroup;
			children = (
				0C36EC4129B6621C009550C8 /* AppDelegate.swift */,
				0C36EC4329B6621C009550C8 /* SceneDelegate.swift */,
				0C36EC4A29B6621E009550C8 /* Assets.xcassets */,
				0C36EC4C29B6621E009550C8 /* LaunchScreen.storyboard */,
			);
			path = Resources;
			sourceTree = "<group>";
		};
		0C61EB0729BBE13100F54F47 /* Login */ = {
			isa = PBXGroup;
			children = (
				C43C4B4129ED77A30013D509 /* Model */,
				C43C4B0F29EC5D050013D509 /* View */,
				C43C4B1129EC5D2C0013D509 /* ViewModel */,
			);
			path = Login;
			sourceTree = "<group>";
		};
		0C61EB0829BBE14E00F54F47 /* TabBarFiles */ = {
			isa = PBXGroup;
			children = (
				C43C4B3C29EC66F70013D509 /* View */,
			);
			path = TabBarFiles;
			sourceTree = "<group>";
		};
		43780C8829D5C8A9002072BF /* Cell */ = {
			isa = PBXGroup;
			children = (
				43780C8929D5C8A9002072BF /* MenuCollectionViewCell.swift */,
				43780C8A29D5C8A9002072BF /* MenuCollectionViewCell.xib */,
			);
			name = Cell;
			path = TripOrganizer/TabBar/Restaurant/Cell;
			sourceTree = SOURCE_ROOT;
		};
		43780C8D29D5C943002072BF /* Cell */ = {
			isa = PBXGroup;
			children = (
				43780C8E29D5C943002072BF /* HoteisCollectionViewCell.xib */,
				43780C8F29D5C943002072BF /* HoteisCollectionViewCell.swift */,
			);
			name = Cell;
			path = TripOrganizer/TabBar/Hotel/Cell;
			sourceTree = SOURCE_ROOT;
		};
		43780C9C29D5C9B7002072BF /* Cell */ = {
			isa = PBXGroup;
			children = (
				43780C9D29D5C9B7002072BF /* AttractionCell.xib */,
				43780C9E29D5C9B7002072BF /* AttractionCell.swift */,
			);
			path = Cell;
			sourceTree = "<group>";
		};
		43780CA129D5C9C5002072BF /* CollectionCell */ = {
			isa = PBXGroup;
			children = (
				43BE0D2C29E5CA99001B5963 /* FlightScreenCollectionViewCell.swift */,
				43BE0D2D29E5CA99001B5963 /* FlightScreenCollectionViewCell.xib */,
			);
			path = CollectionCell;
			sourceTree = "<group>";
		};
		43BE0D2729E5CA35001B5963 /* SecondFlightsScreen */ = {
			isa = PBXGroup;
			children = (
				C43C4B2829EC62810013D509 /* Screen */,
			);
			path = SecondFlightsScreen;
			sourceTree = "<group>";
		};
		43BE0D3029E5E900001B5963 /* TableViewCell */ = {
			isa = PBXGroup;
			children = (
				43BE0D3229E5E958001B5963 /* FlightTableViewCell.swift */,
				43BE0D3329E5E958001B5963 /* FlightTableViewCell.xib */,
			);
			path = TableViewCell;
			sourceTree = "<group>";
		};
		43BE0D3129E5E930001B5963 /* FlightScreen */ = {
			isa = PBXGroup;
			children = (
				C43C4B2429EC5FA00013D509 /* Screen */,
			);
			path = FlightScreen;
			sourceTree = "<group>";
		};
		43BE0D8129E70C31001B5963 /* Cell */ = {
			isa = PBXGroup;
			children = (
				C4CC788129F854050055DC8A /* HomeCell */,
				C4CC788229F8552C0055DC8A /* TripPlanCell */,
			);
			path = Cell;
			sourceTree = "<group>";
		};
		50D5FBB229EF214E0041ED71 /* Alert */ = {
			isa = PBXGroup;
			children = (
				50D5FBB329EF214E0041ED71 /* Alert.swift */,
			);
			name = Alert;
			path = TripOrganizer/Alert;
			sourceTree = SOURCE_ROOT;
		};
		50D5FBB529EF219B0041ED71 /* ViewModel */ = {
			isa = PBXGroup;
			children = (
				50D5FBB629EF219B0041ED71 /* PerfilViewModel.swift */,
			);
			path = ViewModel;
			sourceTree = "<group>";
		};
		8814475D29F036B000AC429A /* AttractionViewModel */ = {
			isa = PBXGroup;
			children = (
				8814475E29F036F000AC429A /* AttractionViewModel.swift */,
			);
			path = AttractionViewModel;
			sourceTree = "<group>";
		};
		8814476029F036FE00AC429A /* AttractionModel */ = {
			isa = PBXGroup;
			children = (
				8814476129F0371C00AC429A /* AttractionModel.swift */,
			);
			path = AttractionModel;
			sourceTree = "<group>";
		};
		8814476329F0CC2800AC429A /* FlightViewModel */ = {
			isa = PBXGroup;
			children = (
				8814476A29F0CEAD00AC429A /* FlightViewModel.swift */,
			);
			path = FlightViewModel;
			sourceTree = "<group>";
		};
		8814476629F0CC7100AC429A /* FlightModel */ = {
			isa = PBXGroup;
			children = (
				8814476729F0CC9300AC429A /* FlightModel.swift */,
			);
			path = FlightModel;
			sourceTree = "<group>";
		};
		8814476929F0CE3500AC429A /* SecondFlightViewModel */ = {
			isa = PBXGroup;
			children = (
				8814476C29F0CEC900AC429A /* SecondFlightViewModel.swift */,
			);
			path = SecondFlightViewModel;
			sourceTree = "<group>";
		};
		886E229B29EDB1DD00E70FF7 /* ViewModel */ = {
			isa = PBXGroup;
			children = (
				886E229C29EDB21D00E70FF7 /* RecoverPasswordViewModel.swift */,
			);
			path = ViewModel;
			sourceTree = "<group>";
		};
		886E229E29EDB35E00E70FF7 /* Model */ = {
			isa = PBXGroup;
			children = (
				886E229F29EDB3B100E70FF7 /* RecoverPasswordModel.swift */,
			);
			path = Model;
			sourceTree = "<group>";
		};
		886E22C129EEF27800E70FF7 /* Model */ = {
			isa = PBXGroup;
			children = (
				886E22C229EEF29D00E70FF7 /* HotelModel.swift */,
			);
			path = Model;
			sourceTree = "<group>";
		};
		886E22C429EEF2CF00E70FF7 /* ViewModel */ = {
			isa = PBXGroup;
			children = (
				886E22C529EEF33600E70FF7 /* HotelViewModel.swift */,
			);
			path = ViewModel;
			sourceTree = "<group>";
		};
		C43C4B0F29EC5D050013D509 /* View */ = {
			isa = PBXGroup;
			children = (
				C43C4B1429EC5DAD0013D509 /* Screen */,
			);
			path = View;
			sourceTree = "<group>";
		};
		C43C4B1129EC5D2C0013D509 /* ViewModel */ = {
			isa = PBXGroup;
			children = (
				C43C4B4229ED7AAD0013D509 /* LoginViewModel.swift */,
			);
			path = ViewModel;
			sourceTree = "<group>";
		};
		C43C4B1429EC5DAD0013D509 /* Screen */ = {
			isa = PBXGroup;
			children = (
				0C36EC4729B6621C009550C8 /* Main.storyboard */,
				0C36EC4529B6621C009550C8 /* ViewController.swift */,
			);
			path = Screen;
			sourceTree = "<group>";
		};
		C43C4B1729EC5E300013D509 /* View */ = {
			isa = PBXGroup;
			children = (
				C43C4B1929EC5E3E0013D509 /* Screen */,
			);
			path = View;
			sourceTree = "<group>";
		};
		C43C4B1929EC5E3E0013D509 /* Screen */ = {
			isa = PBXGroup;
			children = (
				0C61EB0029BBDF9900F54F47 /* RecoverViewController.storyboard */,
				0C61EB0229BBDFA300F54F47 /* RecoverViewController.swift */,
			);
			path = Screen;
			sourceTree = "<group>";
		};
		C43C4B1B29EC5E6D0013D509 /* View */ = {
			isa = PBXGroup;
			children = (
				C43C4B1C29EC5E740013D509 /* Screen */,
			);
			path = View;
			sourceTree = "<group>";
		};
		C43C4B1C29EC5E740013D509 /* Screen */ = {
			isa = PBXGroup;
			children = (
				5050BCB729B8D92B0019BB69 /* RegisterController.storyboard */,
				5050BCB529B8D9050019BB69 /* RegisterController.swift */,
			);
			path = Screen;
			sourceTree = "<group>";
		};
		C43C4B1F29EC5ED50013D509 /* View */ = {
			isa = PBXGroup;
			children = (
				C43C4B2029EC5EDD0013D509 /* Screen */,
			);
			path = View;
			sourceTree = "<group>";
		};
		C43C4B2029EC5EDD0013D509 /* Screen */ = {
			isa = PBXGroup;
			children = (
				0C111C2029BACD9000A0DCF4 /* AttractionVC.storyboard */,
				0C111C2129BACD9000A0DCF4 /* AttractionVC.swift */,
			);
			path = Screen;
			sourceTree = "<group>";
		};
		C43C4B2329EC5F9A0013D509 /* View */ = {
			isa = PBXGroup;
			children = (
				43BE0D3129E5E930001B5963 /* FlightScreen */,
				43BE0D2729E5CA35001B5963 /* SecondFlightsScreen */,
			);
			path = View;
			sourceTree = "<group>";
		};
		C43C4B2429EC5FA00013D509 /* Screen */ = {
			isa = PBXGroup;
			children = (
				0C111C1D29BACD9000A0DCF4 /* FlightVC.storyboard */,
				0C111C1E29BACD9000A0DCF4 /* FlightVC.swift */,
			);
			path = Screen;
			sourceTree = "<group>";
		};
		C43C4B2629EC5FC90013D509 /* Cell */ = {
			isa = PBXGroup;
			children = (
				43BE0D3029E5E900001B5963 /* TableViewCell */,
				43780CA129D5C9C5002072BF /* CollectionCell */,
			);
			path = Cell;
			sourceTree = "<group>";
		};
		C43C4B2829EC62810013D509 /* Screen */ = {
			isa = PBXGroup;
			children = (
				43BE0D2A29E5CA74001B5963 /* SecondFlightScreenVC.storyboard */,
				43BE0D2829E5CA6A001B5963 /* SecondFlightScreenVC.swift */,
			);
			path = Screen;
			sourceTree = "<group>";
		};
		C43C4B2B29EC63A30013D509 /* View */ = {
			isa = PBXGroup;
			children = (
				C43C4B2C29EC63AA0013D509 /* Screen */,
			);
			path = View;
			sourceTree = "<group>";
		};
		C43C4B2C29EC63AA0013D509 /* Screen */ = {
			isa = PBXGroup;
			children = (
				0C111C1A29BACD9000A0DCF4 /* HotelVC.storyboard */,
				0C111C1B29BACD9000A0DCF4 /* HotelVC.swift */,
			);
			path = Screen;
			sourceTree = "<group>";
		};
		C43C4B2F29EC63EB0013D509 /* View */ = {
			isa = PBXGroup;
			children = (
				C43C4B3029EC63F70013D509 /* Screen */,
			);
			path = View;
			sourceTree = "<group>";
		};
		C43C4B3029EC63F70013D509 /* Screen */ = {
			isa = PBXGroup;
			children = (
				0C111C1629BACD9000A0DCF4 /* RestaurantVC.storyboard */,
				0C111C1729BACD9000A0DCF4 /* RestaurantVC.swift */,
			);
			path = Screen;
			sourceTree = "<group>";
		};
		C43C4B3329EC64760013D509 /* View */ = {
			isa = PBXGroup;
			children = (
				C43C4B3429EC64810013D509 /* HomeScreen */,
				C4CC787C29F851CE0055DC8A /* TripPlanScreen */,
				C4CC787D29F851FE0055DC8A /* AddTripScreen */,
			);
			path = View;
			sourceTree = "<group>";
		};
		C43C4B3429EC64810013D509 /* HomeScreen */ = {
			isa = PBXGroup;
			children = (
				0C111C1329BACD9000A0DCF4 /* HomeVC.storyboard */,
				0C111C1429BACD9000A0DCF4 /* HomeVC.swift */,
			);
			path = HomeScreen;
			sourceTree = "<group>";
		};
		C43C4B3729EC664A0013D509 /* View */ = {
			isa = PBXGroup;
			children = (
				C43C4B3929EC665B0013D509 /* Screen */,
			);
			path = View;
			sourceTree = "<group>";
		};
		C43C4B3929EC665B0013D509 /* Screen */ = {
			isa = PBXGroup;
			children = (
				0C3AD1E429C3524800E7FE73 /* PerfilViewController.storyboard */,
				0C3AD1ED29C3546C00E7FE73 /* PerfilViewController.swift */,
			);
			path = Screen;
			sourceTree = "<group>";
		};
		C43C4B3C29EC66F70013D509 /* View */ = {
			isa = PBXGroup;
			children = (
				C43C4B3D29EC67030013D509 /* Screen */,
			);
			path = View;
			sourceTree = "<group>";
		};
		C43C4B3D29EC67030013D509 /* Screen */ = {
			isa = PBXGroup;
			children = (
				0C111C1829BACD9000A0DCF4 /* TabBarController.storyboard */,
				0C111C2229BACD9000A0DCF4 /* TabBarController.swift */,
			);
			path = Screen;
			sourceTree = "<group>";
		};
		C43C4B4129ED77A30013D509 /* Model */ = {
			isa = PBXGroup;
			children = (
				C43C4B4A29EDA2E20013D509 /* LoginModel.swift */,
			);
			name = Model;
			path = ../Model;
			sourceTree = "<group>";
		};
		C43C4B4529ED9B7D0013D509 /* Extension */ = {
			isa = PBXGroup;
			children = (
				C43C4B4629ED9B950013D509 /* UIColor .swift */,
			);
			path = Extension;
			sourceTree = "<group>";
		};
		C43C4B4C29EDB9390013D509 /* ViewModel */ = {
			isa = PBXGroup;
			children = (
				C43C4B4D29EDB95F0013D509 /* RegisterViewModel.swift */,
			);
			path = ViewModel;
			sourceTree = "<group>";
		};
		C43C4B4F29EDBA6C0013D509 /* Model */ = {
			isa = PBXGroup;
			children = (
				C43C4B5029EDBA990013D509 /* RegisterModel.swift */,
			);
			path = Model;
			sourceTree = "<group>";
		};
		C4619CDC29F02AA400530196 /* ViewModel */ = {
			isa = PBXGroup;
			children = (
				C4CC787E29F8532E0055DC8A /* Home */,
				C4CC787F29F853410055DC8A /* TripPlan */,
				C4CC788029F8534D0055DC8A /* AddTrip */,
			);
			path = ViewModel;
			sourceTree = "<group>";
		};
		C4619CDF29F02AEB00530196 /* Model */ = {
			isa = PBXGroup;
			children = (
				C4CC788429F856250055DC8A /* HotelModel */,
				C4CC788529F862010055DC8A /* TripModel */,
				C4CC788629F8620C0055DC8A /* AddTripModel */,
			);
			path = Model;
			sourceTree = "<group>";
		};
		C4CC787C29F851CE0055DC8A /* TripPlanScreen */ = {
			isa = PBXGroup;
			children = (
				509DCC1729F6FD72002F04B0 /* TripPlanViewController.storyboard */,
				509DCC1529F6FD6A002F04B0 /* TripPlanViewController.swift */,
			);
			path = TripPlanScreen;
			sourceTree = "<group>";
		};
		C4CC787D29F851FE0055DC8A /* AddTripScreen */ = {
			isa = PBXGroup;
			children = (
				509DCC1329F6FD64002F04B0 /* AddTripViewController.storyboard */,
				509DCC1129F6FD5B002F04B0 /* AddTripViewController.swift */,
			);
			path = AddTripScreen;
			sourceTree = "<group>";
		};
		C4CC787E29F8532E0055DC8A /* Home */ = {
			isa = PBXGroup;
			children = (
				C4619CDD29F02ACC00530196 /* HomeViewModel.swift */,
			);
			path = Home;
			sourceTree = "<group>";
		};
		C4CC787F29F853410055DC8A /* TripPlan */ = {
			isa = PBXGroup;
			children = (
				C4CC788729F862B70055DC8A /* TripPlanViewModel.swift */,
			);
			path = TripPlan;
			sourceTree = "<group>";
		};
		C4CC788029F8534D0055DC8A /* AddTrip */ = {
			isa = PBXGroup;
			children = (
				C4CC788929F862CF0055DC8A /* AddTripViewModel.swift */,
			);
			path = AddTrip;
			sourceTree = "<group>";
		};
		C4CC788129F854050055DC8A /* HomeCell */ = {
			isa = PBXGroup;
			children = (
				509DCC0729F6FC0C002F04B0 /* HomeTableViewCell.swift */,
				509DCC0929F6FC17002F04B0 /* HomeTableViewCell.xib */,
			);
			path = HomeCell;
			sourceTree = "<group>";
		};
		C4CC788229F8552C0055DC8A /* TripPlanCell */ = {
			isa = PBXGroup;
			children = (
				509DCC0F29F6FD20002F04B0 /* TripPlanCollectionViewCell.xib */,
				509DCC0D29F6FD1A002F04B0 /* TripPlanCollectionViewCell.swift */,
			);
			path = TripPlanCell;
			sourceTree = "<group>";
		};
		C4CC788429F856250055DC8A /* HotelModel */ = {
			isa = PBXGroup;
			children = (
				C4619CE029F02AFF00530196 /* HomeModel.swift */,
			);
			path = HotelModel;
			sourceTree = "<group>";
		};
		C4CC788529F862010055DC8A /* TripModel */ = {
			isa = PBXGroup;
			children = (
				50CEEDBA29F70DC9002548B5 /* TripPlanModel.swift */,
			);
			path = TripModel;
			sourceTree = "<group>";
		};
		C4CC788629F8620C0055DC8A /* AddTripModel */ = {
			isa = PBXGroup;
			children = (
				509DCC0B29F6FC58002F04B0 /* AddTripModel.swift */,
			);
			path = AddTripModel;
			sourceTree = "<group>";
		};
/* End PBXGroup section */

/* Begin PBXNativeTarget section */
		0C36EC3D29B6621C009550C8 /* TripOrganizer */ = {
			isa = PBXNativeTarget;
			buildConfigurationList = 0C36EC5229B6621E009550C8 /* Build configuration list for PBXNativeTarget "TripOrganizer" */;
			buildPhases = (
				0C36EC3A29B6621C009550C8 /* Sources */,
				0C36EC3B29B6621C009550C8 /* Frameworks */,
				0C36EC3C29B6621C009550C8 /* Resources */,
			);
			buildRules = (
			);
			dependencies = (
			);
			name = TripOrganizer;
			productName = TripOrganizer;
			productReference = 0C36EC3E29B6621C009550C8 /* TripOrganizer.app */;
			productType = "com.apple.product-type.application";
		};
/* End PBXNativeTarget section */

/* Begin PBXProject section */
		0C36EC3629B6621C009550C8 /* Project object */ = {
			isa = PBXProject;
			attributes = {
				BuildIndependentTargetsInParallel = 1;
				LastSwiftUpdateCheck = 1400;
				LastUpgradeCheck = 1400;
				TargetAttributes = {
					0C36EC3D29B6621C009550C8 = {
						CreatedOnToolsVersion = 14.0;
					};
				};
			};
			buildConfigurationList = 0C36EC3929B6621C009550C8 /* Build configuration list for PBXProject "TripOrganizer" */;
			compatibilityVersion = "Xcode 14.0";
			developmentRegion = en;
			hasScannedForEncodings = 0;
			knownRegions = (
				en,
				Base,
			);
			mainGroup = 0C36EC3529B6621C009550C8;
			productRefGroup = 0C36EC3F29B6621C009550C8 /* Products */;
			projectDirPath = "";
			projectRoot = "";
			targets = (
				0C36EC3D29B6621C009550C8 /* TripOrganizer */,
			);
		};
/* End PBXProject section */

/* Begin PBXResourcesBuildPhase section */
		0C36EC3C29B6621C009550C8 /* Resources */ = {
			isa = PBXResourcesBuildPhase;
			buildActionMask = 2147483647;
			files = (
				43BE0D2F29E5CA99001B5963 /* FlightScreenCollectionViewCell.xib in Resources */,
				43780C9029D5C943002072BF /* HoteisCollectionViewCell.xib in Resources */,
				C43C4B4929EDA0460013D509 /* Assets.xcassets in Resources */,
				509DCC1029F6FD20002F04B0 /* TripPlanCollectionViewCell.xib in Resources */,
				0C36EC4E29B6621E009550C8 /* LaunchScreen.storyboard in Resources */,
				0C3AD1E529C3524800E7FE73 /* PerfilViewController.storyboard in Resources */,
				5050BCB829B8D92B0019BB69 /* RegisterController.storyboard in Resources */,
				0C111C2729BACD9000A0DCF4 /* TabBarController.storyboard in Resources */,
				0C111C2329BACD9000A0DCF4 /* HomeVC.storyboard in Resources */,
				509DCC1429F6FD64002F04B0 /* AddTripViewController.storyboard in Resources */,
				43780C9F29D5C9B7002072BF /* AttractionCell.xib in Resources */,
				509DCC1829F6FD72002F04B0 /* TripPlanViewController.storyboard in Resources */,
				509DCC0A29F6FC17002F04B0 /* HomeTableViewCell.xib in Resources */,
				43780C8C29D5C8A9002072BF /* MenuCollectionViewCell.xib in Resources */,
				0C111C2C29BACD9000A0DCF4 /* AttractionVC.storyboard in Resources */,
				43BE0D3529E5E958001B5963 /* FlightTableViewCell.xib in Resources */,
				43BE0D2B29E5CA74001B5963 /* SecondFlightScreenVC.storyboard in Resources */,
				0C111C2A29BACD9000A0DCF4 /* FlightVC.storyboard in Resources */,
				0C111C2529BACD9000A0DCF4 /* RestaurantVC.storyboard in Resources */,
				0C111C2829BACD9000A0DCF4 /* HotelVC.storyboard in Resources */,
				0C61EB0129BBDF9900F54F47 /* RecoverViewController.storyboard in Resources */,
				0C36EC4929B6621C009550C8 /* Main.storyboard in Resources */,
			);
			runOnlyForDeploymentPostprocessing = 0;
		};
/* End PBXResourcesBuildPhase section */

/* Begin PBXSourcesBuildPhase section */
		0C36EC3A29B6621C009550C8 /* Sources */ = {
			isa = PBXSourcesBuildPhase;
			buildActionMask = 2147483647;
			files = (
				C43C4B4329ED7AAD0013D509 /* LoginViewModel.swift in Sources */,
				509DCC0829F6FC0C002F04B0 /* HomeTableViewCell.swift in Sources */,
				886E22C629EEF33600E70FF7 /* HotelViewModel.swift in Sources */,
				43780CA029D5C9B7002072BF /* AttractionCell.swift in Sources */,
				C4619CE129F02AFF00530196 /* HomeModel.swift in Sources */,
				509DCC1229F6FD5B002F04B0 /* AddTripViewController.swift in Sources */,
				0C111C2B29BACD9000A0DCF4 /* FlightVC.swift in Sources */,
				0C111C2D29BACD9000A0DCF4 /* AttractionVC.swift in Sources */,
				0C36EC4629B6621C009550C8 /* ViewController.swift in Sources */,
				0C61EB0329BBDFA300F54F47 /* RecoverViewController.swift in Sources */,
				0C111C2E29BACD9000A0DCF4 /* TabBarController.swift in Sources */,
				509DCC0C29F6FC58002F04B0 /* AddTripModel.swift in Sources */,
				0C111C2429BACD9000A0DCF4 /* HomeVC.swift in Sources */,
				C43C4B4729ED9B960013D509 /* UIColor .swift in Sources */,
				C43C4B4B29EDA2E20013D509 /* LoginModel.swift in Sources */,
				50D5FBB729EF219B0041ED71 /* PerfilViewModel.swift in Sources */,
				0C2037A629F0A21D001BE709 /* RestaurantViewModel.swift in Sources */,
				43BE0D2929E5CA6A001B5963 /* SecondFlightScreenVC.swift in Sources */,
				509DCC1629F6FD6A002F04B0 /* TripPlanViewController.swift in Sources */,
				509DCC0E29F6FD1A002F04B0 /* TripPlanCollectionViewCell.swift in Sources */,
				0C3AD1EE29C3546C00E7FE73 /* PerfilViewController.swift in Sources */,
				C4619CDE29F02ACC00530196 /* HomeViewModel.swift in Sources */,
				886E22A029EDB3B100E70FF7 /* RecoverPasswordModel.swift in Sources */,
				0C111C2929BACD9000A0DCF4 /* HotelVC.swift in Sources */,
				50D5FBB429EF214E0041ED71 /* Alert.swift in Sources */,
				8814476829F0CC9300AC429A /* FlightModel.swift in Sources */,
				C43C4B5129EDBA990013D509 /* RegisterModel.swift in Sources */,
				8814476229F0371C00AC429A /* AttractionModel.swift in Sources */,
				8814476B29F0CEAD00AC429A /* FlightViewModel.swift in Sources */,
				43BE0D3429E5E958001B5963 /* FlightTableViewCell.swift in Sources */,
				8814476D29F0CEC900AC429A /* SecondFlightViewModel.swift in Sources */,
				0C36EC4229B6621C009550C8 /* AppDelegate.swift in Sources */,
				886E22C329EEF29D00E70FF7 /* HotelModel.swift in Sources */,
				0C2037A829F0A328001BE709 /* Restaurant.swift in Sources */,
				C4CC788829F862B70055DC8A /* TripPlanViewModel.swift in Sources */,
				C4CC788A29F862CF0055DC8A /* AddTripViewModel.swift in Sources */,
				0C111C2629BACD9000A0DCF4 /* RestaurantVC.swift in Sources */,
				50CEEDBB29F70DC9002548B5 /* TripPlanModel.swift in Sources */,
				886E229D29EDB21D00E70FF7 /* RecoverPasswordViewModel.swift in Sources */,
				43780C9129D5C943002072BF /* HoteisCollectionViewCell.swift in Sources */,
				C43C4B4E29EDB95F0013D509 /* RegisterViewModel.swift in Sources */,
				8814475F29F036F000AC429A /* AttractionViewModel.swift in Sources */,
				0C36EC4429B6621C009550C8 /* SceneDelegate.swift in Sources */,
				5050BCB629B8D9050019BB69 /* RegisterController.swift in Sources */,
				43BE0D2E29E5CA99001B5963 /* FlightScreenCollectionViewCell.swift in Sources */,
				43780C8B29D5C8A9002072BF /* MenuCollectionViewCell.swift in Sources */,
			);
			runOnlyForDeploymentPostprocessing = 0;
		};
/* End PBXSourcesBuildPhase section */

/* Begin PBXVariantGroup section */
		0C36EC4729B6621C009550C8 /* Main.storyboard */ = {
			isa = PBXVariantGroup;
			children = (
				0C36EC4829B6621C009550C8 /* Base */,
			);
			name = Main.storyboard;
			sourceTree = "<group>";
		};
		0C36EC4C29B6621E009550C8 /* LaunchScreen.storyboard */ = {
			isa = PBXVariantGroup;
			children = (
				0C36EC4D29B6621E009550C8 /* Base */,
			);
			name = LaunchScreen.storyboard;
			sourceTree = "<group>";
		};
/* End PBXVariantGroup section */

/* Begin XCBuildConfiguration section */
		0C36EC5029B6621E009550C8 /* Debug */ = {
			isa = XCBuildConfiguration;
			buildSettings = {
				ALWAYS_SEARCH_USER_PATHS = NO;
				CLANG_ANALYZER_NONNULL = YES;
				CLANG_ANALYZER_NUMBER_OBJECT_CONVERSION = YES_AGGRESSIVE;
				CLANG_CXX_LANGUAGE_STANDARD = "gnu++20";
				CLANG_ENABLE_MODULES = YES;
				CLANG_ENABLE_OBJC_ARC = YES;
				CLANG_ENABLE_OBJC_WEAK = YES;
				CLANG_WARN_BLOCK_CAPTURE_AUTORELEASING = YES;
				CLANG_WARN_BOOL_CONVERSION = YES;
				CLANG_WARN_COMMA = YES;
				CLANG_WARN_CONSTANT_CONVERSION = YES;
				CLANG_WARN_DEPRECATED_OBJC_IMPLEMENTATIONS = YES;
				CLANG_WARN_DIRECT_OBJC_ISA_USAGE = YES_ERROR;
				CLANG_WARN_DOCUMENTATION_COMMENTS = YES;
				CLANG_WARN_EMPTY_BODY = YES;
				CLANG_WARN_ENUM_CONVERSION = YES;
				CLANG_WARN_INFINITE_RECURSION = YES;
				CLANG_WARN_INT_CONVERSION = YES;
				CLANG_WARN_NON_LITERAL_NULL_CONVERSION = YES;
				CLANG_WARN_OBJC_IMPLICIT_RETAIN_SELF = YES;
				CLANG_WARN_OBJC_LITERAL_CONVERSION = YES;
				CLANG_WARN_OBJC_ROOT_CLASS = YES_ERROR;
				CLANG_WARN_QUOTED_INCLUDE_IN_FRAMEWORK_HEADER = YES;
				CLANG_WARN_RANGE_LOOP_ANALYSIS = YES;
				CLANG_WARN_STRICT_PROTOTYPES = YES;
				CLANG_WARN_SUSPICIOUS_MOVE = YES;
				CLANG_WARN_UNGUARDED_AVAILABILITY = YES_AGGRESSIVE;
				CLANG_WARN_UNREACHABLE_CODE = YES;
				CLANG_WARN__DUPLICATE_METHOD_MATCH = YES;
				COPY_PHASE_STRIP = NO;
				DEBUG_INFORMATION_FORMAT = dwarf;
				ENABLE_STRICT_OBJC_MSGSEND = YES;
				ENABLE_TESTABILITY = YES;
				GCC_C_LANGUAGE_STANDARD = gnu11;
				GCC_DYNAMIC_NO_PIC = NO;
				GCC_NO_COMMON_BLOCKS = YES;
				GCC_OPTIMIZATION_LEVEL = 0;
				GCC_PREPROCESSOR_DEFINITIONS = (
					"DEBUG=1",
					"$(inherited)",
				);
				GCC_WARN_64_TO_32_BIT_CONVERSION = YES;
				GCC_WARN_ABOUT_RETURN_TYPE = YES_ERROR;
				GCC_WARN_UNDECLARED_SELECTOR = YES;
				GCC_WARN_UNINITIALIZED_AUTOS = YES_AGGRESSIVE;
				GCC_WARN_UNUSED_FUNCTION = YES;
				GCC_WARN_UNUSED_VARIABLE = YES;
				IPHONEOS_DEPLOYMENT_TARGET = 16.0;
				MTL_ENABLE_DEBUG_INFO = INCLUDE_SOURCE;
				MTL_FAST_MATH = YES;
				ONLY_ACTIVE_ARCH = YES;
				SDKROOT = iphoneos;
				SWIFT_ACTIVE_COMPILATION_CONDITIONS = DEBUG;
				SWIFT_OPTIMIZATION_LEVEL = "-Onone";
			};
			name = Debug;
		};
		0C36EC5129B6621E009550C8 /* Release */ = {
			isa = XCBuildConfiguration;
			buildSettings = {
				ALWAYS_SEARCH_USER_PATHS = NO;
				CLANG_ANALYZER_NONNULL = YES;
				CLANG_ANALYZER_NUMBER_OBJECT_CONVERSION = YES_AGGRESSIVE;
				CLANG_CXX_LANGUAGE_STANDARD = "gnu++20";
				CLANG_ENABLE_MODULES = YES;
				CLANG_ENABLE_OBJC_ARC = YES;
				CLANG_ENABLE_OBJC_WEAK = YES;
				CLANG_WARN_BLOCK_CAPTURE_AUTORELEASING = YES;
				CLANG_WARN_BOOL_CONVERSION = YES;
				CLANG_WARN_COMMA = YES;
				CLANG_WARN_CONSTANT_CONVERSION = YES;
				CLANG_WARN_DEPRECATED_OBJC_IMPLEMENTATIONS = YES;
				CLANG_WARN_DIRECT_OBJC_ISA_USAGE = YES_ERROR;
				CLANG_WARN_DOCUMENTATION_COMMENTS = YES;
				CLANG_WARN_EMPTY_BODY = YES;
				CLANG_WARN_ENUM_CONVERSION = YES;
				CLANG_WARN_INFINITE_RECURSION = YES;
				CLANG_WARN_INT_CONVERSION = YES;
				CLANG_WARN_NON_LITERAL_NULL_CONVERSION = YES;
				CLANG_WARN_OBJC_IMPLICIT_RETAIN_SELF = YES;
				CLANG_WARN_OBJC_LITERAL_CONVERSION = YES;
				CLANG_WARN_OBJC_ROOT_CLASS = YES_ERROR;
				CLANG_WARN_QUOTED_INCLUDE_IN_FRAMEWORK_HEADER = YES;
				CLANG_WARN_RANGE_LOOP_ANALYSIS = YES;
				CLANG_WARN_STRICT_PROTOTYPES = YES;
				CLANG_WARN_SUSPICIOUS_MOVE = YES;
				CLANG_WARN_UNGUARDED_AVAILABILITY = YES_AGGRESSIVE;
				CLANG_WARN_UNREACHABLE_CODE = YES;
				CLANG_WARN__DUPLICATE_METHOD_MATCH = YES;
				COPY_PHASE_STRIP = NO;
				DEBUG_INFORMATION_FORMAT = "dwarf-with-dsym";
				ENABLE_NS_ASSERTIONS = NO;
				ENABLE_STRICT_OBJC_MSGSEND = YES;
				GCC_C_LANGUAGE_STANDARD = gnu11;
				GCC_NO_COMMON_BLOCKS = YES;
				GCC_WARN_64_TO_32_BIT_CONVERSION = YES;
				GCC_WARN_ABOUT_RETURN_TYPE = YES_ERROR;
				GCC_WARN_UNDECLARED_SELECTOR = YES;
				GCC_WARN_UNINITIALIZED_AUTOS = YES_AGGRESSIVE;
				GCC_WARN_UNUSED_FUNCTION = YES;
				GCC_WARN_UNUSED_VARIABLE = YES;
				IPHONEOS_DEPLOYMENT_TARGET = 16.0;
				MTL_ENABLE_DEBUG_INFO = NO;
				MTL_FAST_MATH = YES;
				SDKROOT = iphoneos;
				SWIFT_COMPILATION_MODE = wholemodule;
				SWIFT_OPTIMIZATION_LEVEL = "-O";
				VALIDATE_PRODUCT = YES;
			};
			name = Release;
		};
		0C36EC5329B6621E009550C8 /* Debug */ = {
			isa = XCBuildConfiguration;
			buildSettings = {
				ASSETCATALOG_COMPILER_APPICON_NAME = AppIcon;
				ASSETCATALOG_COMPILER_GLOBAL_ACCENT_COLOR_NAME = AccentColor;
				CODE_SIGN_STYLE = Automatic;
				CURRENT_PROJECT_VERSION = 1;
				DEVELOPMENT_TEAM = H23T9FBM6Q;
				GENERATE_INFOPLIST_FILE = YES;
				INFOPLIST_FILE = TripOrganizer/Info.plist;
				INFOPLIST_KEY_UIApplicationSupportsIndirectInputEvents = YES;
				INFOPLIST_KEY_UILaunchStoryboardName = LaunchScreen;
				INFOPLIST_KEY_UIMainStoryboardFile = Main;
				INFOPLIST_KEY_UISupportedInterfaceOrientations = UIInterfaceOrientationPortrait;
				LD_RUNPATH_SEARCH_PATHS = (
					"$(inherited)",
					"@executable_path/Frameworks",
				);
				MARKETING_VERSION = 1.0;
				PRODUCT_BUNDLE_IDENTIFIER = com.humbertogrt.TripOrganizer;
				PRODUCT_NAME = "$(TARGET_NAME)";
				SUPPORTED_PLATFORMS = "iphoneos iphonesimulator";
				SUPPORTS_MACCATALYST = NO;
				SUPPORTS_MAC_DESIGNED_FOR_IPHONE_IPAD = NO;
				SWIFT_EMIT_LOC_STRINGS = YES;
				SWIFT_VERSION = 5.0;
				TARGETED_DEVICE_FAMILY = 1;
			};
			name = Debug;
		};
		0C36EC5429B6621E009550C8 /* Release */ = {
			isa = XCBuildConfiguration;
			buildSettings = {
				ASSETCATALOG_COMPILER_APPICON_NAME = AppIcon;
				ASSETCATALOG_COMPILER_GLOBAL_ACCENT_COLOR_NAME = AccentColor;
				CODE_SIGN_STYLE = Automatic;
				CURRENT_PROJECT_VERSION = 1;
				DEVELOPMENT_TEAM = H23T9FBM6Q;
				GENERATE_INFOPLIST_FILE = YES;
				INFOPLIST_FILE = TripOrganizer/Info.plist;
				INFOPLIST_KEY_UIApplicationSupportsIndirectInputEvents = YES;
				INFOPLIST_KEY_UILaunchStoryboardName = LaunchScreen;
				INFOPLIST_KEY_UIMainStoryboardFile = Main;
				INFOPLIST_KEY_UISupportedInterfaceOrientations = UIInterfaceOrientationPortrait;
				LD_RUNPATH_SEARCH_PATHS = (
					"$(inherited)",
					"@executable_path/Frameworks",
				);
				MARKETING_VERSION = 1.0;
				PRODUCT_BUNDLE_IDENTIFIER = com.humbertogrt.TripOrganizer;
				PRODUCT_NAME = "$(TARGET_NAME)";
				SUPPORTED_PLATFORMS = "iphoneos iphonesimulator";
				SUPPORTS_MACCATALYST = NO;
				SUPPORTS_MAC_DESIGNED_FOR_IPHONE_IPAD = NO;
				SWIFT_EMIT_LOC_STRINGS = YES;
				SWIFT_VERSION = 5.0;
				TARGETED_DEVICE_FAMILY = 1;
			};
			name = Release;
		};
/* End XCBuildConfiguration section */

/* Begin XCConfigurationList section */
		0C36EC3929B6621C009550C8 /* Build configuration list for PBXProject "TripOrganizer" */ = {
			isa = XCConfigurationList;
			buildConfigurations = (
				0C36EC5029B6621E009550C8 /* Debug */,
				0C36EC5129B6621E009550C8 /* Release */,
			);
			defaultConfigurationIsVisible = 0;
			defaultConfigurationName = Release;
		};
		0C36EC5229B6621E009550C8 /* Build configuration list for PBXNativeTarget "TripOrganizer" */ = {
			isa = XCConfigurationList;
			buildConfigurations = (
				0C36EC5329B6621E009550C8 /* Debug */,
				0C36EC5429B6621E009550C8 /* Release */,
			);
			defaultConfigurationIsVisible = 0;
			defaultConfigurationName = Release;
		};
/* End XCConfigurationList section */
	};
	rootObject = 0C36EC3629B6621C009550C8 /* Project object */;
}
