// !$*UTF8*$!
{
	archiveVersion = 1;
	classes = {
	};
	objectVersion = 56;
	objects = {

/* Begin PBXBuildFile section */
		0C111C2329BACD9000A0DCF4 /* HomeViewController.storyboard in Resources */ = {isa = PBXBuildFile; fileRef = 0C111C1329BACD9000A0DCF4 /* HomeViewController.storyboard */; };
		0C111C2429BACD9000A0DCF4 /* HomeViewController.swift in Sources */ = {isa = PBXBuildFile; fileRef = 0C111C1429BACD9000A0DCF4 /* HomeViewController.swift */; };
		0C111C2529BACD9000A0DCF4 /* RestaurantViewController.storyboard in Resources */ = {isa = PBXBuildFile; fileRef = 0C111C1629BACD9000A0DCF4 /* RestaurantViewController.storyboard */; };
		0C111C2629BACD9000A0DCF4 /* RestaurantViewController.swift in Sources */ = {isa = PBXBuildFile; fileRef = 0C111C1729BACD9000A0DCF4 /* RestaurantViewController.swift */; };
		0C111C2729BACD9000A0DCF4 /* TabBarController.storyboard in Resources */ = {isa = PBXBuildFile; fileRef = 0C111C1829BACD9000A0DCF4 /* TabBarController.storyboard */; };
		0C111C2829BACD9000A0DCF4 /* HotelViewController.storyboard in Resources */ = {isa = PBXBuildFile; fileRef = 0C111C1A29BACD9000A0DCF4 /* HotelViewController.storyboard */; };
		0C111C2929BACD9000A0DCF4 /* HotelViewController.swift in Sources */ = {isa = PBXBuildFile; fileRef = 0C111C1B29BACD9000A0DCF4 /* HotelViewController.swift */; };
		0C111C2A29BACD9000A0DCF4 /* FlightViewController.storyboard in Resources */ = {isa = PBXBuildFile; fileRef = 0C111C1D29BACD9000A0DCF4 /* FlightViewController.storyboard */; };
		0C111C2B29BACD9000A0DCF4 /* FlightViewController.swift in Sources */ = {isa = PBXBuildFile; fileRef = 0C111C1E29BACD9000A0DCF4 /* FlightViewController.swift */; };
		0C111C2C29BACD9000A0DCF4 /* AttractionViewController.storyboard in Resources */ = {isa = PBXBuildFile; fileRef = 0C111C2029BACD9000A0DCF4 /* AttractionViewController.storyboard */; };
		0C111C2D29BACD9000A0DCF4 /* AttractionViewController.swift in Sources */ = {isa = PBXBuildFile; fileRef = 0C111C2129BACD9000A0DCF4 /* AttractionViewController.swift */; };
		0C111C2E29BACD9000A0DCF4 /* TabBarController.swift in Sources */ = {isa = PBXBuildFile; fileRef = 0C111C2229BACD9000A0DCF4 /* TabBarController.swift */; };
		0C1DA9B62A16CC3500C4AC1B /* FirebaseAnalytics in Frameworks */ = {isa = PBXBuildFile; productRef = 0C1DA9B52A16CC3500C4AC1B /* FirebaseAnalytics */; };
		0C1DA9B82A16CC3500C4AC1B /* FirebaseAnalyticsOnDeviceConversion in Frameworks */ = {isa = PBXBuildFile; productRef = 0C1DA9B72A16CC3500C4AC1B /* FirebaseAnalyticsOnDeviceConversion */; };
		0C1DA9BA2A16CC3500C4AC1B /* FirebaseAnalyticsSwift in Frameworks */ = {isa = PBXBuildFile; productRef = 0C1DA9B92A16CC3500C4AC1B /* FirebaseAnalyticsSwift */; };
		0C1DA9BC2A16CC3500C4AC1B /* FirebaseAnalyticsWithoutAdIdSupport in Frameworks */ = {isa = PBXBuildFile; productRef = 0C1DA9BB2A16CC3500C4AC1B /* FirebaseAnalyticsWithoutAdIdSupport */; };
		0C1DA9BE2A16CC3500C4AC1B /* FirebaseAppCheck in Frameworks */ = {isa = PBXBuildFile; productRef = 0C1DA9BD2A16CC3500C4AC1B /* FirebaseAppCheck */; };
		0C1DA9C02A16CC3500C4AC1B /* FirebaseAppDistribution-Beta in Frameworks */ = {isa = PBXBuildFile; productRef = 0C1DA9BF2A16CC3500C4AC1B /* FirebaseAppDistribution-Beta */; };
		0C1DA9C22A16CC3500C4AC1B /* FirebaseAuth in Frameworks */ = {isa = PBXBuildFile; productRef = 0C1DA9C12A16CC3500C4AC1B /* FirebaseAuth */; };
		0C1DA9C42A16CC3500C4AC1B /* FirebaseAuthCombine-Community in Frameworks */ = {isa = PBXBuildFile; productRef = 0C1DA9C32A16CC3500C4AC1B /* FirebaseAuthCombine-Community */; };
		0C1DA9C62A16CC3500C4AC1B /* FirebaseCrashlytics in Frameworks */ = {isa = PBXBuildFile; productRef = 0C1DA9C52A16CC3500C4AC1B /* FirebaseCrashlytics */; };
		0C1DA9C82A16CC3500C4AC1B /* FirebaseDatabase in Frameworks */ = {isa = PBXBuildFile; productRef = 0C1DA9C72A16CC3500C4AC1B /* FirebaseDatabase */; };
		0C1DA9CA2A16CC3500C4AC1B /* FirebaseDatabaseSwift in Frameworks */ = {isa = PBXBuildFile; productRef = 0C1DA9C92A16CC3500C4AC1B /* FirebaseDatabaseSwift */; };
		0C1DA9CC2A16CC3500C4AC1B /* FirebaseDynamicLinks in Frameworks */ = {isa = PBXBuildFile; productRef = 0C1DA9CB2A16CC3500C4AC1B /* FirebaseDynamicLinks */; };
		0C1DA9CE2A16CC3500C4AC1B /* FirebaseFirestore in Frameworks */ = {isa = PBXBuildFile; productRef = 0C1DA9CD2A16CC3500C4AC1B /* FirebaseFirestore */; };
		0C1DA9D02A16CC3500C4AC1B /* FirebaseFirestoreCombine-Community in Frameworks */ = {isa = PBXBuildFile; productRef = 0C1DA9CF2A16CC3500C4AC1B /* FirebaseFirestoreCombine-Community */; };
		0C1DA9D22A16CC3500C4AC1B /* FirebaseFirestoreSwift in Frameworks */ = {isa = PBXBuildFile; productRef = 0C1DA9D12A16CC3500C4AC1B /* FirebaseFirestoreSwift */; };
		0C1DA9D42A16CC3500C4AC1B /* FirebaseFunctions in Frameworks */ = {isa = PBXBuildFile; productRef = 0C1DA9D32A16CC3500C4AC1B /* FirebaseFunctions */; };
		0C1DA9D62A16CC3500C4AC1B /* FirebaseFunctionsCombine-Community in Frameworks */ = {isa = PBXBuildFile; productRef = 0C1DA9D52A16CC3500C4AC1B /* FirebaseFunctionsCombine-Community */; };
		0C1DA9D82A16CC3500C4AC1B /* FirebaseInAppMessaging-Beta in Frameworks */ = {isa = PBXBuildFile; productRef = 0C1DA9D72A16CC3500C4AC1B /* FirebaseInAppMessaging-Beta */; };
		0C1DA9DA2A16CC3500C4AC1B /* FirebaseInAppMessagingSwift-Beta in Frameworks */ = {isa = PBXBuildFile; productRef = 0C1DA9D92A16CC3500C4AC1B /* FirebaseInAppMessagingSwift-Beta */; };
		0C1DA9DC2A16CC3500C4AC1B /* FirebaseInstallations in Frameworks */ = {isa = PBXBuildFile; productRef = 0C1DA9DB2A16CC3500C4AC1B /* FirebaseInstallations */; };
		0C1DA9DE2A16CC3500C4AC1B /* FirebaseMLModelDownloader in Frameworks */ = {isa = PBXBuildFile; productRef = 0C1DA9DD2A16CC3500C4AC1B /* FirebaseMLModelDownloader */; };
		0C1DA9E02A16CC3500C4AC1B /* FirebaseMessaging in Frameworks */ = {isa = PBXBuildFile; productRef = 0C1DA9DF2A16CC3500C4AC1B /* FirebaseMessaging */; };
		0C1DA9E22A16CC3500C4AC1B /* FirebasePerformance in Frameworks */ = {isa = PBXBuildFile; productRef = 0C1DA9E12A16CC3500C4AC1B /* FirebasePerformance */; };
		0C1DA9E42A16CC3500C4AC1B /* FirebaseRemoteConfig in Frameworks */ = {isa = PBXBuildFile; productRef = 0C1DA9E32A16CC3500C4AC1B /* FirebaseRemoteConfig */; };
		0C1DA9E62A16CC3500C4AC1B /* FirebaseRemoteConfigSwift in Frameworks */ = {isa = PBXBuildFile; productRef = 0C1DA9E52A16CC3500C4AC1B /* FirebaseRemoteConfigSwift */; };
		0C1DA9E82A16CC3500C4AC1B /* FirebaseStorage in Frameworks */ = {isa = PBXBuildFile; productRef = 0C1DA9E72A16CC3500C4AC1B /* FirebaseStorage */; };
		0C1DA9EA2A16CC3500C4AC1B /* FirebaseStorageCombine-Community in Frameworks */ = {isa = PBXBuildFile; productRef = 0C1DA9E92A16CC3500C4AC1B /* FirebaseStorageCombine-Community */; };
		0C1DA9EC2A17E00800C4AC1B /* GoogleService-Info.plist in Resources */ = {isa = PBXBuildFile; fileRef = 0C1DA9EB2A17E00800C4AC1B /* GoogleService-Info.plist */; };
		0C2037A629F0A21D001BE709 /* RestaurantViewModel.swift in Sources */ = {isa = PBXBuildFile; fileRef = 0C2037A529F0A21D001BE709 /* RestaurantViewModel.swift */; };
		0C2037A829F0A328001BE709 /* ObjectPlaces.swift in Sources */ = {isa = PBXBuildFile; fileRef = 0C2037A729F0A328001BE709 /* ObjectPlaces.swift */; };
		0C36EC4229B6621C009550C8 /* AppDelegate.swift in Sources */ = {isa = PBXBuildFile; fileRef = 0C36EC4129B6621C009550C8 /* AppDelegate.swift */; };
		0C36EC4429B6621C009550C8 /* SceneDelegate.swift in Sources */ = {isa = PBXBuildFile; fileRef = 0C36EC4329B6621C009550C8 /* SceneDelegate.swift */; };
		0C36EC4629B6621C009550C8 /* ViewController.swift in Sources */ = {isa = PBXBuildFile; fileRef = 0C36EC4529B6621C009550C8 /* ViewController.swift */; };
		0C36EC4929B6621C009550C8 /* Main.storyboard in Resources */ = {isa = PBXBuildFile; fileRef = 0C36EC4729B6621C009550C8 /* Main.storyboard */; };
		0C36EC4E29B6621E009550C8 /* LaunchScreen.storyboard in Resources */ = {isa = PBXBuildFile; fileRef = 0C36EC4C29B6621E009550C8 /* LaunchScreen.storyboard */; };
		0C3AD1E529C3524800E7FE73 /* ProfileViewController.storyboard in Resources */ = {isa = PBXBuildFile; fileRef = 0C3AD1E429C3524800E7FE73 /* ProfileViewController.storyboard */; };
		0C3AD1EE29C3546C00E7FE73 /* ProfileViewController.swift in Sources */ = {isa = PBXBuildFile; fileRef = 0C3AD1ED29C3546C00E7FE73 /* ProfileViewController.swift */; };
		0C5058682A100EF10069A884 /* Localizable.strings in Resources */ = {isa = PBXBuildFile; fileRef = 0C50586A2A100EF10069A884 /* Localizable.strings */; };
		0C5484F22A3E807900AEF9D9 /* MKPointAnnotation.swift in Sources */ = {isa = PBXBuildFile; fileRef = 0C5484F12A3E807900AEF9D9 /* MKPointAnnotation.swift */; };
		0C61EB0129BBDF9900F54F47 /* RecoverViewController.storyboard in Resources */ = {isa = PBXBuildFile; fileRef = 0C61EB0029BBDF9900F54F47 /* RecoverViewController.storyboard */; };
		0C61EB0329BBDFA300F54F47 /* RecoverViewController.swift in Sources */ = {isa = PBXBuildFile; fileRef = 0C61EB0229BBDFA300F54F47 /* RecoverViewController.swift */; };
		1627E546E75C9391F7D32CC0 /* Pods_TripOrganizer.framework in Frameworks */ = {isa = PBXBuildFile; fileRef = 9B70FBC1E46219888EE81715 /* Pods_TripOrganizer.framework */; };
		4333ABED2A5608B000BE566E /* GoogleSignIn in Frameworks */ = {isa = PBXBuildFile; productRef = 4333ABEC2A5608B000BE566E /* GoogleSignIn */; };
		4333ABEF2A5608B000BE566E /* GoogleSignInSwift in Frameworks */ = {isa = PBXBuildFile; productRef = 4333ABEE2A5608B000BE566E /* GoogleSignInSwift */; };
		43780C8B29D5C8A9002072BF /* MenuCollectionViewCell.swift in Sources */ = {isa = PBXBuildFile; fileRef = 43780C8929D5C8A9002072BF /* MenuCollectionViewCell.swift */; };
		43780C8C29D5C8A9002072BF /* MenuCollectionViewCell.xib in Resources */ = {isa = PBXBuildFile; fileRef = 43780C8A29D5C8A9002072BF /* MenuCollectionViewCell.xib */; };
		43780C9029D5C943002072BF /* HotelCollectionViewCell.xib in Resources */ = {isa = PBXBuildFile; fileRef = 43780C8E29D5C943002072BF /* HotelCollectionViewCell.xib */; };
		43780C9129D5C943002072BF /* HotelCollectionViewCell.swift in Sources */ = {isa = PBXBuildFile; fileRef = 43780C8F29D5C943002072BF /* HotelCollectionViewCell.swift */; };
		43780C9F29D5C9B7002072BF /* AttractionCell.xib in Resources */ = {isa = PBXBuildFile; fileRef = 43780C9D29D5C9B7002072BF /* AttractionCell.xib */; };
		43780CA029D5C9B7002072BF /* AttractionCell.swift in Sources */ = {isa = PBXBuildFile; fileRef = 43780C9E29D5C9B7002072BF /* AttractionCell.swift */; };
		43BE0D2929E5CA6A001B5963 /* TicketsViewController.swift in Sources */ = {isa = PBXBuildFile; fileRef = 43BE0D2829E5CA6A001B5963 /* TicketsViewController.swift */; };
		43BE0D2B29E5CA74001B5963 /* TicketsViewController.storyboard in Resources */ = {isa = PBXBuildFile; fileRef = 43BE0D2A29E5CA74001B5963 /* TicketsViewController.storyboard */; };
		43BE0D2E29E5CA99001B5963 /* FlightScreenCollectionViewCell.swift in Sources */ = {isa = PBXBuildFile; fileRef = 43BE0D2C29E5CA99001B5963 /* FlightScreenCollectionViewCell.swift */; };
		43BE0D2F29E5CA99001B5963 /* FlightScreenCollectionViewCell.xib in Resources */ = {isa = PBXBuildFile; fileRef = 43BE0D2D29E5CA99001B5963 /* FlightScreenCollectionViewCell.xib */; };
		43BE0D3429E5E958001B5963 /* FlightTableViewCell.swift in Sources */ = {isa = PBXBuildFile; fileRef = 43BE0D3229E5E958001B5963 /* FlightTableViewCell.swift */; };
		43BE0D3529E5E958001B5963 /* FlightTableViewCell.xib in Resources */ = {isa = PBXBuildFile; fileRef = 43BE0D3329E5E958001B5963 /* FlightTableViewCell.xib */; };
		5050BCB629B8D9050019BB69 /* RegisterViewController.swift in Sources */ = {isa = PBXBuildFile; fileRef = 5050BCB529B8D9050019BB69 /* RegisterViewController.swift */; };
		5050BCB829B8D92B0019BB69 /* RegisterViewController.storyboard in Resources */ = {isa = PBXBuildFile; fileRef = 5050BCB729B8D92B0019BB69 /* RegisterViewController.storyboard */; };
		5084C69329F9A59600858135 /* LaunchScreenViewController.swift in Sources */ = {isa = PBXBuildFile; fileRef = 5084C69229F9A59600858135 /* LaunchScreenViewController.swift */; };
		5084C69529F9A5A000858135 /* LaunchScreenViewController.storyboard in Resources */ = {isa = PBXBuildFile; fileRef = 5084C69429F9A5A000858135 /* LaunchScreenViewController.storyboard */; };
		509DCC0829F6FC0C002F04B0 /* HomeTableViewCell.swift in Sources */ = {isa = PBXBuildFile; fileRef = 509DCC0729F6FC0C002F04B0 /* HomeTableViewCell.swift */; };
		509DCC0A29F6FC17002F04B0 /* HomeTableViewCell.xib in Resources */ = {isa = PBXBuildFile; fileRef = 509DCC0929F6FC17002F04B0 /* HomeTableViewCell.xib */; };
		509DCC0C29F6FC58002F04B0 /* AddTripModel.swift in Sources */ = {isa = PBXBuildFile; fileRef = 509DCC0B29F6FC58002F04B0 /* AddTripModel.swift */; };
		509DCC0E29F6FD1A002F04B0 /* TripPlanCollectionViewCell.swift in Sources */ = {isa = PBXBuildFile; fileRef = 509DCC0D29F6FD1A002F04B0 /* TripPlanCollectionViewCell.swift */; };
		509DCC1029F6FD20002F04B0 /* TripPlanCollectionViewCell.xib in Resources */ = {isa = PBXBuildFile; fileRef = 509DCC0F29F6FD20002F04B0 /* TripPlanCollectionViewCell.xib */; };
		509DCC1229F6FD5B002F04B0 /* AddTripViewController.swift in Sources */ = {isa = PBXBuildFile; fileRef = 509DCC1129F6FD5B002F04B0 /* AddTripViewController.swift */; };
		509DCC1429F6FD64002F04B0 /* AddTripViewController.storyboard in Resources */ = {isa = PBXBuildFile; fileRef = 509DCC1329F6FD64002F04B0 /* AddTripViewController.storyboard */; };
		509DCC1629F6FD6A002F04B0 /* TripPlanViewController.swift in Sources */ = {isa = PBXBuildFile; fileRef = 509DCC1529F6FD6A002F04B0 /* TripPlanViewController.swift */; };
		509DCC1829F6FD72002F04B0 /* TripPlanViewController.storyboard in Resources */ = {isa = PBXBuildFile; fileRef = 509DCC1729F6FD72002F04B0 /* TripPlanViewController.storyboard */; };
		50A0E36D2A2CED03002F82F3 /* PlacesData.json in Resources */ = {isa = PBXBuildFile; fileRef = 50A0E36C2A2CED03002F82F3 /* PlacesData.json */; };
		50A0E3702A2CED29002F82F3 /* PlaceService.swift in Sources */ = {isa = PBXBuildFile; fileRef = 50A0E36F2A2CED29002F82F3 /* PlaceService.swift */; };
		50CEEDBB29F70DC9002548B5 /* TripPlanModel.swift in Sources */ = {isa = PBXBuildFile; fileRef = 50CEEDBA29F70DC9002548B5 /* TripPlanModel.swift */; };
		50D3EB742A17E6560056A421 /* 103343-airplane-loader-animation.json in Resources */ = {isa = PBXBuildFile; fileRef = 50D3EB702A17E6560056A421 /* 103343-airplane-loader-animation.json */; };
		50D5FBB429EF214E0041ED71 /* Alert.swift in Sources */ = {isa = PBXBuildFile; fileRef = 50D5FBB329EF214E0041ED71 /* Alert.swift */; };
		50D5FBB729EF219B0041ED71 /* ProfileViewModel.swift in Sources */ = {isa = PBXBuildFile; fileRef = 50D5FBB629EF219B0041ED71 /* ProfileViewModel.swift */; };
		50EBF6F42A55A18100CB1B57 /* FirestoreManager.swift in Sources */ = {isa = PBXBuildFile; fileRef = 50EBF6F32A55A18100CB1B57 /* FirestoreManager.swift */; };
		50EBF6F62A55A20500CB1B57 /* User.swift in Sources */ = {isa = PBXBuildFile; fileRef = 50EBF6F52A55A20500CB1B57 /* User.swift */; };
		8814475F29F036F000AC429A /* AttractionViewModel.swift in Sources */ = {isa = PBXBuildFile; fileRef = 8814475E29F036F000AC429A /* AttractionViewModel.swift */; };
		8814476829F0CC9300AC429A /* FlightModel.swift in Sources */ = {isa = PBXBuildFile; fileRef = 8814476729F0CC9300AC429A /* FlightModel.swift */; };
		8814476B29F0CEAD00AC429A /* FlightViewModel.swift in Sources */ = {isa = PBXBuildFile; fileRef = 8814476A29F0CEAD00AC429A /* FlightViewModel.swift */; };
		8814476D29F0CEC900AC429A /* TicketsViewModel.swift in Sources */ = {isa = PBXBuildFile; fileRef = 8814476C29F0CEC900AC429A /* TicketsViewModel.swift */; };
		88389A792A5505D8002AF1E9 /* PlacesData.swift in Sources */ = {isa = PBXBuildFile; fileRef = 88389A782A5505D8002AF1E9 /* PlacesData.swift */; };
		886E229D29EDB21D00E70FF7 /* RecoverPasswordViewModel.swift in Sources */ = {isa = PBXBuildFile; fileRef = 886E229C29EDB21D00E70FF7 /* RecoverPasswordViewModel.swift */; };
		886E22C629EEF33600E70FF7 /* HotelViewModel.swift in Sources */ = {isa = PBXBuildFile; fileRef = 886E22C529EEF33600E70FF7 /* HotelViewModel.swift */; };
		C4096D182A423B5400C7906A /* FlightService.swift in Sources */ = {isa = PBXBuildFile; fileRef = C4096D172A423B5400C7906A /* FlightService.swift */; };
		C4096D1A2A42419E00C7906A /* Error.swift in Sources */ = {isa = PBXBuildFile; fileRef = C4096D192A42419E00C7906A /* Error.swift */; };
		C4096D1C2A424B9900C7906A /* TicketsModel.swift in Sources */ = {isa = PBXBuildFile; fileRef = C4096D1B2A424B9900C7906A /* TicketsModel.swift */; };
		C43C4B4329ED7AAD0013D509 /* LoginViewModel.swift in Sources */ = {isa = PBXBuildFile; fileRef = C43C4B4229ED7AAD0013D509 /* LoginViewModel.swift */; };
		C43C4B4729ED9B960013D509 /* UIColor .swift in Sources */ = {isa = PBXBuildFile; fileRef = C43C4B4629ED9B950013D509 /* UIColor .swift */; };
		C43C4B4929EDA0460013D509 /* Assets.xcassets in Resources */ = {isa = PBXBuildFile; fileRef = 0C36EC4A29B6621E009550C8 /* Assets.xcassets */; };
		C43C4B4E29EDB95F0013D509 /* RegisterViewModel.swift in Sources */ = {isa = PBXBuildFile; fileRef = C43C4B4D29EDB95F0013D509 /* RegisterViewModel.swift */; };
		C4619CDE29F02ACC00530196 /* HomeViewModel.swift in Sources */ = {isa = PBXBuildFile; fileRef = C4619CDD29F02ACC00530196 /* HomeViewModel.swift */; };
		C4CC788829F862B70055DC8A /* TripPlanViewModel.swift in Sources */ = {isa = PBXBuildFile; fileRef = C4CC788729F862B70055DC8A /* TripPlanViewModel.swift */; };
		C4CC788A29F862CF0055DC8A /* AddTripViewModel.swift in Sources */ = {isa = PBXBuildFile; fileRef = C4CC788929F862CF0055DC8A /* AddTripViewModel.swift */; };
		C4E2A7AB2A50FBA800B2CC32 /* Flight.json in Resources */ = {isa = PBXBuildFile; fileRef = C4E2A7AA2A50FBA800B2CC32 /* Flight.json */; };
		C4F9A2392A193166004EA00E /* Localized.swift in Sources */ = {isa = PBXBuildFile; fileRef = C4F9A2382A193166004EA00E /* Localized.swift */; };
/* End PBXBuildFile section */

/* Begin PBXFileReference section */
		0C111C1329BACD9000A0DCF4 /* HomeViewController.storyboard */ = {isa = PBXFileReference; fileEncoding = 4; lastKnownFileType = file.storyboard; path = HomeViewController.storyboard; sourceTree = "<group>"; };
		0C111C1429BACD9000A0DCF4 /* HomeViewController.swift */ = {isa = PBXFileReference; fileEncoding = 4; lastKnownFileType = sourcecode.swift; path = HomeViewController.swift; sourceTree = "<group>"; };
		0C111C1629BACD9000A0DCF4 /* RestaurantViewController.storyboard */ = {isa = PBXFileReference; fileEncoding = 4; lastKnownFileType = file.storyboard; path = RestaurantViewController.storyboard; sourceTree = "<group>"; };
		0C111C1729BACD9000A0DCF4 /* RestaurantViewController.swift */ = {isa = PBXFileReference; fileEncoding = 4; lastKnownFileType = sourcecode.swift; path = RestaurantViewController.swift; sourceTree = "<group>"; };
		0C111C1829BACD9000A0DCF4 /* TabBarController.storyboard */ = {isa = PBXFileReference; fileEncoding = 4; lastKnownFileType = file.storyboard; path = TabBarController.storyboard; sourceTree = "<group>"; };
		0C111C1A29BACD9000A0DCF4 /* HotelViewController.storyboard */ = {isa = PBXFileReference; fileEncoding = 4; lastKnownFileType = file.storyboard; path = HotelViewController.storyboard; sourceTree = "<group>"; };
		0C111C1B29BACD9000A0DCF4 /* HotelViewController.swift */ = {isa = PBXFileReference; fileEncoding = 4; lastKnownFileType = sourcecode.swift; path = HotelViewController.swift; sourceTree = "<group>"; };
		0C111C1D29BACD9000A0DCF4 /* FlightViewController.storyboard */ = {isa = PBXFileReference; fileEncoding = 4; lastKnownFileType = file.storyboard; path = FlightViewController.storyboard; sourceTree = "<group>"; };
		0C111C1E29BACD9000A0DCF4 /* FlightViewController.swift */ = {isa = PBXFileReference; fileEncoding = 4; lastKnownFileType = sourcecode.swift; path = FlightViewController.swift; sourceTree = "<group>"; };
		0C111C2029BACD9000A0DCF4 /* AttractionViewController.storyboard */ = {isa = PBXFileReference; fileEncoding = 4; lastKnownFileType = file.storyboard; path = AttractionViewController.storyboard; sourceTree = "<group>"; };
		0C111C2129BACD9000A0DCF4 /* AttractionViewController.swift */ = {isa = PBXFileReference; fileEncoding = 4; lastKnownFileType = sourcecode.swift; path = AttractionViewController.swift; sourceTree = "<group>"; };
		0C111C2229BACD9000A0DCF4 /* TabBarController.swift */ = {isa = PBXFileReference; fileEncoding = 4; lastKnownFileType = sourcecode.swift; path = TabBarController.swift; sourceTree = "<group>"; };
		0C1DA9EB2A17E00800C4AC1B /* GoogleService-Info.plist */ = {isa = PBXFileReference; fileEncoding = 4; lastKnownFileType = text.plist.xml; path = "GoogleService-Info.plist"; sourceTree = "<group>"; };
		0C2037A529F0A21D001BE709 /* RestaurantViewModel.swift */ = {isa = PBXFileReference; lastKnownFileType = sourcecode.swift; path = RestaurantViewModel.swift; sourceTree = "<group>"; };
		0C2037A729F0A328001BE709 /* ObjectPlaces.swift */ = {isa = PBXFileReference; lastKnownFileType = sourcecode.swift; path = ObjectPlaces.swift; sourceTree = "<group>"; };
		0C36EC3E29B6621C009550C8 /* TripOrganizer.app */ = {isa = PBXFileReference; explicitFileType = wrapper.application; includeInIndex = 0; path = TripOrganizer.app; sourceTree = BUILT_PRODUCTS_DIR; };
		0C36EC4129B6621C009550C8 /* AppDelegate.swift */ = {isa = PBXFileReference; lastKnownFileType = sourcecode.swift; path = AppDelegate.swift; sourceTree = "<group>"; };
		0C36EC4329B6621C009550C8 /* SceneDelegate.swift */ = {isa = PBXFileReference; lastKnownFileType = sourcecode.swift; path = SceneDelegate.swift; sourceTree = "<group>"; };
		0C36EC4529B6621C009550C8 /* ViewController.swift */ = {isa = PBXFileReference; lastKnownFileType = sourcecode.swift; path = ViewController.swift; sourceTree = "<group>"; };
		0C36EC4829B6621C009550C8 /* Base */ = {isa = PBXFileReference; lastKnownFileType = file.storyboard; name = Base; path = Base.lproj/Main.storyboard; sourceTree = "<group>"; };
		0C36EC4A29B6621E009550C8 /* Assets.xcassets */ = {isa = PBXFileReference; lastKnownFileType = folder.assetcatalog; path = Assets.xcassets; sourceTree = "<group>"; };
		0C36EC4D29B6621E009550C8 /* Base */ = {isa = PBXFileReference; lastKnownFileType = file.storyboard; name = Base; path = Base.lproj/LaunchScreen.storyboard; sourceTree = "<group>"; };
		0C36EC4F29B6621E009550C8 /* Info.plist */ = {isa = PBXFileReference; lastKnownFileType = text.plist.xml; path = Info.plist; sourceTree = "<group>"; };
		0C3AD1E429C3524800E7FE73 /* ProfileViewController.storyboard */ = {isa = PBXFileReference; fileEncoding = 4; lastKnownFileType = file.storyboard; name = ProfileViewController.storyboard; path = TripOrganizer/Modules/TabBar/Perfil/View/ProfileViewController.storyboard; sourceTree = SOURCE_ROOT; };
		0C3AD1ED29C3546C00E7FE73 /* ProfileViewController.swift */ = {isa = PBXFileReference; lastKnownFileType = sourcecode.swift; path = ProfileViewController.swift; sourceTree = "<group>"; };
		0C5058692A100EF10069A884 /* en */ = {isa = PBXFileReference; lastKnownFileType = text.plist.strings; name = en; path = en.lproj/Localizable.strings; sourceTree = "<group>"; };
		0C5484F12A3E807900AEF9D9 /* MKPointAnnotation.swift */ = {isa = PBXFileReference; lastKnownFileType = sourcecode.swift; path = MKPointAnnotation.swift; sourceTree = "<group>"; };
		0C61EB0029BBDF9900F54F47 /* RecoverViewController.storyboard */ = {isa = PBXFileReference; fileEncoding = 4; lastKnownFileType = file.storyboard; name = RecoverViewController.storyboard; path = TripOrganizer/Modules/RecoverPassword/View/RecoverViewController.storyboard; sourceTree = SOURCE_ROOT; };
		0C61EB0229BBDFA300F54F47 /* RecoverViewController.swift */ = {isa = PBXFileReference; fileEncoding = 4; lastKnownFileType = sourcecode.swift; name = RecoverViewController.swift; path = TripOrganizer/Modules/RecoverPassword/View/RecoverViewController.swift; sourceTree = SOURCE_ROOT; };
		43780C8929D5C8A9002072BF /* MenuCollectionViewCell.swift */ = {isa = PBXFileReference; fileEncoding = 4; lastKnownFileType = sourcecode.swift; path = MenuCollectionViewCell.swift; sourceTree = "<group>"; };
		43780C8A29D5C8A9002072BF /* MenuCollectionViewCell.xib */ = {isa = PBXFileReference; fileEncoding = 4; lastKnownFileType = file.xib; path = MenuCollectionViewCell.xib; sourceTree = "<group>"; };
		43780C8E29D5C943002072BF /* HotelCollectionViewCell.xib */ = {isa = PBXFileReference; fileEncoding = 4; lastKnownFileType = file.xib; path = HotelCollectionViewCell.xib; sourceTree = "<group>"; };
		43780C8F29D5C943002072BF /* HotelCollectionViewCell.swift */ = {isa = PBXFileReference; fileEncoding = 4; lastKnownFileType = sourcecode.swift; path = HotelCollectionViewCell.swift; sourceTree = "<group>"; };
		43780C9D29D5C9B7002072BF /* AttractionCell.xib */ = {isa = PBXFileReference; fileEncoding = 4; lastKnownFileType = file.xib; path = AttractionCell.xib; sourceTree = "<group>"; };
		43780C9E29D5C9B7002072BF /* AttractionCell.swift */ = {isa = PBXFileReference; fileEncoding = 4; lastKnownFileType = sourcecode.swift; path = AttractionCell.swift; sourceTree = "<group>"; };
		43BE0D2829E5CA6A001B5963 /* TicketsViewController.swift */ = {isa = PBXFileReference; lastKnownFileType = sourcecode.swift; path = TicketsViewController.swift; sourceTree = "<group>"; };
		43BE0D2A29E5CA74001B5963 /* TicketsViewController.storyboard */ = {isa = PBXFileReference; lastKnownFileType = file.storyboard; path = TicketsViewController.storyboard; sourceTree = "<group>"; };
		43BE0D2C29E5CA99001B5963 /* FlightScreenCollectionViewCell.swift */ = {isa = PBXFileReference; lastKnownFileType = sourcecode.swift; path = FlightScreenCollectionViewCell.swift; sourceTree = "<group>"; };
		43BE0D2D29E5CA99001B5963 /* FlightScreenCollectionViewCell.xib */ = {isa = PBXFileReference; lastKnownFileType = file.xib; path = FlightScreenCollectionViewCell.xib; sourceTree = "<group>"; };
		43BE0D3229E5E958001B5963 /* FlightTableViewCell.swift */ = {isa = PBXFileReference; lastKnownFileType = sourcecode.swift; path = FlightTableViewCell.swift; sourceTree = "<group>"; };
		43BE0D3329E5E958001B5963 /* FlightTableViewCell.xib */ = {isa = PBXFileReference; lastKnownFileType = file.xib; path = FlightTableViewCell.xib; sourceTree = "<group>"; };
		4654E5B6F2BB9EBC4AFE6769 /* Pods-TripOrganizer.release.xcconfig */ = {isa = PBXFileReference; includeInIndex = 1; lastKnownFileType = text.xcconfig; name = "Pods-TripOrganizer.release.xcconfig"; path = "Target Support Files/Pods-TripOrganizer/Pods-TripOrganizer.release.xcconfig"; sourceTree = "<group>"; };
		5050BCB529B8D9050019BB69 /* RegisterViewController.swift */ = {isa = PBXFileReference; lastKnownFileType = sourcecode.swift; path = RegisterViewController.swift; sourceTree = "<group>"; };
		5050BCB729B8D92B0019BB69 /* RegisterViewController.storyboard */ = {isa = PBXFileReference; lastKnownFileType = file.storyboard; path = RegisterViewController.storyboard; sourceTree = "<group>"; };
		5084C69229F9A59600858135 /* LaunchScreenViewController.swift */ = {isa = PBXFileReference; fileEncoding = 4; lastKnownFileType = sourcecode.swift; path = LaunchScreenViewController.swift; sourceTree = "<group>"; };
		5084C69429F9A5A000858135 /* LaunchScreenViewController.storyboard */ = {isa = PBXFileReference; fileEncoding = 4; lastKnownFileType = file.storyboard; path = LaunchScreenViewController.storyboard; sourceTree = "<group>"; };
		509DCC0729F6FC0C002F04B0 /* HomeTableViewCell.swift */ = {isa = PBXFileReference; fileEncoding = 4; lastKnownFileType = sourcecode.swift; path = HomeTableViewCell.swift; sourceTree = "<group>"; };
		509DCC0929F6FC17002F04B0 /* HomeTableViewCell.xib */ = {isa = PBXFileReference; fileEncoding = 4; lastKnownFileType = file.xib; path = HomeTableViewCell.xib; sourceTree = "<group>"; };
		509DCC0B29F6FC58002F04B0 /* AddTripModel.swift */ = {isa = PBXFileReference; fileEncoding = 4; lastKnownFileType = sourcecode.swift; path = AddTripModel.swift; sourceTree = "<group>"; };
		509DCC0D29F6FD1A002F04B0 /* TripPlanCollectionViewCell.swift */ = {isa = PBXFileReference; fileEncoding = 4; lastKnownFileType = sourcecode.swift; path = TripPlanCollectionViewCell.swift; sourceTree = "<group>"; };
		509DCC0F29F6FD20002F04B0 /* TripPlanCollectionViewCell.xib */ = {isa = PBXFileReference; fileEncoding = 4; lastKnownFileType = file.xib; path = TripPlanCollectionViewCell.xib; sourceTree = "<group>"; };
		509DCC1129F6FD5B002F04B0 /* AddTripViewController.swift */ = {isa = PBXFileReference; fileEncoding = 4; lastKnownFileType = sourcecode.swift; path = AddTripViewController.swift; sourceTree = "<group>"; };
		509DCC1329F6FD64002F04B0 /* AddTripViewController.storyboard */ = {isa = PBXFileReference; fileEncoding = 4; lastKnownFileType = file.storyboard; path = AddTripViewController.storyboard; sourceTree = "<group>"; };
		509DCC1529F6FD6A002F04B0 /* TripPlanViewController.swift */ = {isa = PBXFileReference; fileEncoding = 4; lastKnownFileType = sourcecode.swift; path = TripPlanViewController.swift; sourceTree = "<group>"; };
		509DCC1729F6FD72002F04B0 /* TripPlanViewController.storyboard */ = {isa = PBXFileReference; fileEncoding = 4; lastKnownFileType = file.storyboard; path = TripPlanViewController.storyboard; sourceTree = "<group>"; };
		50A0E36C2A2CED03002F82F3 /* PlacesData.json */ = {isa = PBXFileReference; lastKnownFileType = text.json; path = PlacesData.json; sourceTree = "<group>"; };
		50A0E36F2A2CED29002F82F3 /* PlaceService.swift */ = {isa = PBXFileReference; lastKnownFileType = sourcecode.swift; path = PlaceService.swift; sourceTree = "<group>"; };
		50CEEDBA29F70DC9002548B5 /* TripPlanModel.swift */ = {isa = PBXFileReference; lastKnownFileType = sourcecode.swift; path = TripPlanModel.swift; sourceTree = "<group>"; };
		50D3EB702A17E6560056A421 /* 103343-airplane-loader-animation.json */ = {isa = PBXFileReference; fileEncoding = 4; lastKnownFileType = text.json; path = "103343-airplane-loader-animation.json"; sourceTree = "<group>"; };
		50D5FBB329EF214E0041ED71 /* Alert.swift */ = {isa = PBXFileReference; fileEncoding = 4; lastKnownFileType = sourcecode.swift; path = Alert.swift; sourceTree = "<group>"; };
		50D5FBB629EF219B0041ED71 /* ProfileViewModel.swift */ = {isa = PBXFileReference; fileEncoding = 4; lastKnownFileType = sourcecode.swift; path = ProfileViewModel.swift; sourceTree = "<group>"; };
		50EBF6F32A55A18100CB1B57 /* FirestoreManager.swift */ = {isa = PBXFileReference; lastKnownFileType = sourcecode.swift; path = FirestoreManager.swift; sourceTree = "<group>"; };
		50EBF6F52A55A20500CB1B57 /* User.swift */ = {isa = PBXFileReference; lastKnownFileType = sourcecode.swift; path = User.swift; sourceTree = "<group>"; };
		8814475E29F036F000AC429A /* AttractionViewModel.swift */ = {isa = PBXFileReference; lastKnownFileType = sourcecode.swift; path = AttractionViewModel.swift; sourceTree = "<group>"; };
		8814476729F0CC9300AC429A /* FlightModel.swift */ = {isa = PBXFileReference; lastKnownFileType = sourcecode.swift; path = FlightModel.swift; sourceTree = "<group>"; };
		8814476A29F0CEAD00AC429A /* FlightViewModel.swift */ = {isa = PBXFileReference; lastKnownFileType = sourcecode.swift; path = FlightViewModel.swift; sourceTree = "<group>"; };
		8814476C29F0CEC900AC429A /* TicketsViewModel.swift */ = {isa = PBXFileReference; lastKnownFileType = sourcecode.swift; path = TicketsViewModel.swift; sourceTree = "<group>"; };
		88389A782A5505D8002AF1E9 /* PlacesData.swift */ = {isa = PBXFileReference; fileEncoding = 4; lastKnownFileType = sourcecode.swift; path = PlacesData.swift; sourceTree = "<group>"; };
		886E229C29EDB21D00E70FF7 /* RecoverPasswordViewModel.swift */ = {isa = PBXFileReference; lastKnownFileType = sourcecode.swift; path = RecoverPasswordViewModel.swift; sourceTree = "<group>"; };
		886E22C529EEF33600E70FF7 /* HotelViewModel.swift */ = {isa = PBXFileReference; lastKnownFileType = sourcecode.swift; path = HotelViewModel.swift; sourceTree = "<group>"; };
		88968ADC3E56DBA6B04D857F /* Pods-TripOrganizer.debug.xcconfig */ = {isa = PBXFileReference; includeInIndex = 1; lastKnownFileType = text.xcconfig; name = "Pods-TripOrganizer.debug.xcconfig"; path = "Target Support Files/Pods-TripOrganizer/Pods-TripOrganizer.debug.xcconfig"; sourceTree = "<group>"; };
		9B70FBC1E46219888EE81715 /* Pods_TripOrganizer.framework */ = {isa = PBXFileReference; explicitFileType = wrapper.framework; includeInIndex = 0; path = Pods_TripOrganizer.framework; sourceTree = BUILT_PRODUCTS_DIR; };
		C4096D172A423B5400C7906A /* FlightService.swift */ = {isa = PBXFileReference; lastKnownFileType = sourcecode.swift; path = FlightService.swift; sourceTree = "<group>"; };
		C4096D192A42419E00C7906A /* Error.swift */ = {isa = PBXFileReference; lastKnownFileType = sourcecode.swift; path = Error.swift; sourceTree = "<group>"; };
		C4096D1B2A424B9900C7906A /* TicketsModel.swift */ = {isa = PBXFileReference; lastKnownFileType = sourcecode.swift; path = TicketsModel.swift; sourceTree = "<group>"; };
		C43C4B4229ED7AAD0013D509 /* LoginViewModel.swift */ = {isa = PBXFileReference; lastKnownFileType = sourcecode.swift; path = LoginViewModel.swift; sourceTree = "<group>"; };
		C43C4B4629ED9B950013D509 /* UIColor .swift */ = {isa = PBXFileReference; lastKnownFileType = sourcecode.swift; path = "UIColor .swift"; sourceTree = "<group>"; };
		C43C4B4D29EDB95F0013D509 /* RegisterViewModel.swift */ = {isa = PBXFileReference; lastKnownFileType = sourcecode.swift; path = RegisterViewModel.swift; sourceTree = "<group>"; };
		C4619CDD29F02ACC00530196 /* HomeViewModel.swift */ = {isa = PBXFileReference; lastKnownFileType = sourcecode.swift; path = HomeViewModel.swift; sourceTree = "<group>"; };
		C4CC788729F862B70055DC8A /* TripPlanViewModel.swift */ = {isa = PBXFileReference; lastKnownFileType = sourcecode.swift; path = TripPlanViewModel.swift; sourceTree = "<group>"; };
		C4CC788929F862CF0055DC8A /* AddTripViewModel.swift */ = {isa = PBXFileReference; lastKnownFileType = sourcecode.swift; path = AddTripViewModel.swift; sourceTree = "<group>"; };
		C4E2A7AA2A50FBA800B2CC32 /* Flight.json */ = {isa = PBXFileReference; lastKnownFileType = text.json; path = Flight.json; sourceTree = "<group>"; };
		C4F9A2382A193166004EA00E /* Localized.swift */ = {isa = PBXFileReference; lastKnownFileType = sourcecode.swift; path = Localized.swift; sourceTree = "<group>"; };
/* End PBXFileReference section */

/* Begin PBXFrameworksBuildPhase section */
		0C36EC3B29B6621C009550C8 /* Frameworks */ = {
			isa = PBXFrameworksBuildPhase;
			buildActionMask = 2147483647;
			files = (
				0C1DA9D42A16CC3500C4AC1B /* FirebaseFunctions in Frameworks */,
				0C1DA9CA2A16CC3500C4AC1B /* FirebaseDatabaseSwift in Frameworks */,
				0C1DA9DA2A16CC3500C4AC1B /* FirebaseInAppMessagingSwift-Beta in Frameworks */,
				0C1DA9E02A16CC3500C4AC1B /* FirebaseMessaging in Frameworks */,
				0C1DA9C02A16CC3500C4AC1B /* FirebaseAppDistribution-Beta in Frameworks */,
				0C1DA9C42A16CC3500C4AC1B /* FirebaseAuthCombine-Community in Frameworks */,
				0C1DA9D02A16CC3500C4AC1B /* FirebaseFirestoreCombine-Community in Frameworks */,
				0C1DA9BA2A16CC3500C4AC1B /* FirebaseAnalyticsSwift in Frameworks */,
				0C1DA9DE2A16CC3500C4AC1B /* FirebaseMLModelDownloader in Frameworks */,
				4333ABED2A5608B000BE566E /* GoogleSignIn in Frameworks */,
				0C1DA9BC2A16CC3500C4AC1B /* FirebaseAnalyticsWithoutAdIdSupport in Frameworks */,
				0C1DA9B62A16CC3500C4AC1B /* FirebaseAnalytics in Frameworks */,
				0C1DA9D22A16CC3500C4AC1B /* FirebaseFirestoreSwift in Frameworks */,
				0C1DA9B82A16CC3500C4AC1B /* FirebaseAnalyticsOnDeviceConversion in Frameworks */,
				0C1DA9BE2A16CC3500C4AC1B /* FirebaseAppCheck in Frameworks */,
				4333ABEF2A5608B000BE566E /* GoogleSignInSwift in Frameworks */,
				0C1DA9E22A16CC3500C4AC1B /* FirebasePerformance in Frameworks */,
				0C1DA9D82A16CC3500C4AC1B /* FirebaseInAppMessaging-Beta in Frameworks */,
				0C1DA9D62A16CC3500C4AC1B /* FirebaseFunctionsCombine-Community in Frameworks */,
				0C1DA9C62A16CC3500C4AC1B /* FirebaseCrashlytics in Frameworks */,
				0C1DA9DC2A16CC3500C4AC1B /* FirebaseInstallations in Frameworks */,
				0C1DA9E42A16CC3500C4AC1B /* FirebaseRemoteConfig in Frameworks */,
				0C1DA9E82A16CC3500C4AC1B /* FirebaseStorage in Frameworks */,
				0C1DA9C82A16CC3500C4AC1B /* FirebaseDatabase in Frameworks */,
				0C1DA9EA2A16CC3500C4AC1B /* FirebaseStorageCombine-Community in Frameworks */,
				1627E546E75C9391F7D32CC0 /* Pods_TripOrganizer.framework in Frameworks */,
				0C1DA9C22A16CC3500C4AC1B /* FirebaseAuth in Frameworks */,
				0C1DA9CC2A16CC3500C4AC1B /* FirebaseDynamicLinks in Frameworks */,
				0C1DA9CE2A16CC3500C4AC1B /* FirebaseFirestore in Frameworks */,
				0C1DA9E62A16CC3500C4AC1B /* FirebaseRemoteConfigSwift in Frameworks */,
			);
			runOnlyForDeploymentPostprocessing = 0;
		};
/* End PBXFrameworksBuildPhase section */

/* Begin PBXGroup section */
		0C111C1129BACD9000A0DCF4 /* TabBar */ = {
			isa = PBXGroup;
			children = (
				0C61EB0829BBE14E00F54F47 /* TabBarFiles */,
				0C3AD1EC29C3545200E7FE73 /* Perfil */,
				0C111C1229BACD9000A0DCF4 /* Home */,
				0C111C1529BACD9000A0DCF4 /* Restaurant */,
				0C111C1929BACD9000A0DCF4 /* Hotel */,
				0C111C1C29BACD9000A0DCF4 /* Flight */,
				0C111C1F29BACD9000A0DCF4 /* Attraction */,
				C4CC787C29F851CE0055DC8A /* TripPlan */,
				C4CC787D29F851FE0055DC8A /* AddTrip */,
				43BE0D2729E5CA35001B5963 /* Tickets */,
			);
			path = TabBar;
			sourceTree = "<group>";
		};
		0C111C1229BACD9000A0DCF4 /* Home */ = {
			isa = PBXGroup;
			children = (
				C43C4B3329EC64760013D509 /* View */,
				C4619CDC29F02AA400530196 /* ViewModel */,
				43BE0D8129E70C31001B5963 /* Cell */,
			);
			path = Home;
			sourceTree = "<group>";
		};
		0C111C1529BACD9000A0DCF4 /* Restaurant */ = {
			isa = PBXGroup;
			children = (
				C43C4B2F29EC63EB0013D509 /* View */,
				0C2037A429F0A20C001BE709 /* ViewModel */,
				43780C8829D5C8A9002072BF /* Cell */,
			);
			path = Restaurant;
			sourceTree = "<group>";
		};
		0C111C1929BACD9000A0DCF4 /* Hotel */ = {
			isa = PBXGroup;
			children = (
				C43C4B2B29EC63A30013D509 /* View */,
				886E22C429EEF2CF00E70FF7 /* ViewModel */,
				43780C8D29D5C943002072BF /* Cell */,
			);
			path = Hotel;
			sourceTree = "<group>";
		};
		0C111C1C29BACD9000A0DCF4 /* Flight */ = {
			isa = PBXGroup;
			children = (
				C43C4B2329EC5F9A0013D509 /* View */,
				8814476329F0CC2800AC429A /* ViewModel */,
				C43C4B2629EC5FC90013D509 /* Cell */,
			);
			path = Flight;
			sourceTree = "<group>";
		};
		0C111C1F29BACD9000A0DCF4 /* Attraction */ = {
			isa = PBXGroup;
			children = (
				C43C4B1F29EC5ED50013D509 /* View */,
				8814475D29F036B000AC429A /* ViewModel */,
				43780C9C29D5C9B7002072BF /* Cell */,
			);
			path = Attraction;
			sourceTree = "<group>";
		};
		0C188F8D2A06C4ED00820586 /* Modules */ = {
			isa = PBXGroup;
			children = (
				0C188F8E2A06C56E00820586 /* LaunchScreen */,
				0C61EB0729BBE13100F54F47 /* Login */,
				0C61EB0529BBDFEA00F54F47 /* Register */,
				0C61EB0429BBDFD000F54F47 /* RecoverPassword */,
				0C111C1129BACD9000A0DCF4 /* TabBar */,
			);
			path = Modules;
			sourceTree = "<group>";
		};
		0C188F8E2A06C56E00820586 /* LaunchScreen */ = {
			isa = PBXGroup;
			children = (
				5084C69429F9A5A000858135 /* LaunchScreenViewController.storyboard */,
				5084C69229F9A59600858135 /* LaunchScreenViewController.swift */,
			);
			path = LaunchScreen;
			sourceTree = "<group>";
		};
		0C188F902A06C80500820586 /* Model */ = {
			isa = PBXGroup;
			children = (
				0C2037A729F0A328001BE709 /* ObjectPlaces.swift */,
				50CEEDBA29F70DC9002548B5 /* TripPlanModel.swift */,
				8814476729F0CC9300AC429A /* FlightModel.swift */,
				509DCC0B29F6FC58002F04B0 /* AddTripModel.swift */,
				C4096D1B2A424B9900C7906A /* TicketsModel.swift */,
				88389A782A5505D8002AF1E9 /* PlacesData.swift */,
				50EBF6F52A55A20500CB1B57 /* User.swift */,
			);
			name = Model;
			path = Resources/Model;
			sourceTree = "<group>";
		};
		0C188F912A06CA9100820586 /* View */ = {
			isa = PBXGroup;
			children = (
				509DCC1729F6FD72002F04B0 /* TripPlanViewController.storyboard */,
				509DCC1529F6FD6A002F04B0 /* TripPlanViewController.swift */,
			);
			path = View;
			sourceTree = "<group>";
		};
		0C188F922A06CADD00820586 /* View */ = {
			isa = PBXGroup;
			children = (
				509DCC1329F6FD64002F04B0 /* AddTripViewController.storyboard */,
				509DCC1129F6FD5B002F04B0 /* AddTripViewController.swift */,
			);
			path = View;
			sourceTree = "<group>";
		};
		0C2037A429F0A20C001BE709 /* ViewModel */ = {
			isa = PBXGroup;
			children = (
				0C2037A529F0A21D001BE709 /* RestaurantViewModel.swift */,
			);
			path = ViewModel;
			sourceTree = "<group>";
		};
		0C36EC3529B6621C009550C8 = {
			isa = PBXGroup;
			children = (
				0C36EC4029B6621C009550C8 /* TripOrganizer */,
				0C36EC3F29B6621C009550C8 /* Products */,
				25D125D984E57B5134E50576 /* Pods */,
				DE48C0D50D17FFC537CE7C89 /* Frameworks */,
			);
			sourceTree = "<group>";
		};
		0C36EC3F29B6621C009550C8 /* Products */ = {
			isa = PBXGroup;
			children = (
				0C36EC3E29B6621C009550C8 /* TripOrganizer.app */,
			);
			name = Products;
			sourceTree = "<group>";
		};
		0C36EC4029B6621C009550C8 /* TripOrganizer */ = {
			isa = PBXGroup;
			children = (
				50A0E36E2A2CED16002F82F3 /* Service */,
				50A0E3692A2CECDE002F82F3 /* Mock */,
				50D3EB6E2A17E6560056A421 /* Animations */,
				C4B9A0BB2A0FDA09005A7AFF /* Utilits */,
				0C61EB0629BBE10000F54F47 /* Resources */,
				0C188F902A06C80500820586 /* Model */,
				50D5FBB229EF214E0041ED71 /* Alert */,
				0C188F8D2A06C4ED00820586 /* Modules */,
				0C36EC4F29B6621E009550C8 /* Info.plist */,
				0C1DA9EB2A17E00800C4AC1B /* GoogleService-Info.plist */,
				0C50586A2A100EF10069A884 /* Localizable.strings */,
			);
			path = TripOrganizer;
			sourceTree = "<group>";
		};
		0C3AD1EC29C3545200E7FE73 /* Perfil */ = {
			isa = PBXGroup;
			children = (
				C43C4B3729EC664A0013D509 /* View */,
				50D5FBB529EF219B0041ED71 /* ViewModel */,
			);
			path = Perfil;
			sourceTree = "<group>";
		};
		0C61EB0429BBDFD000F54F47 /* RecoverPassword */ = {
			isa = PBXGroup;
			children = (
				C43C4B1729EC5E300013D509 /* View */,
				886E229B29EDB1DD00E70FF7 /* ViewModel */,
			);
			path = RecoverPassword;
			sourceTree = "<group>";
		};
		0C61EB0529BBDFEA00F54F47 /* Register */ = {
			isa = PBXGroup;
			children = (
				C43C4B1B29EC5E6D0013D509 /* View */,
				C43C4B4C29EDB9390013D509 /* ViewModel */,
			);
			path = Register;
			sourceTree = "<group>";
		};
		0C61EB0629BBE10000F54F47 /* Resources */ = {
			isa = PBXGroup;
			children = (
				0C36EC4129B6621C009550C8 /* AppDelegate.swift */,
				0C36EC4329B6621C009550C8 /* SceneDelegate.swift */,
				0C36EC4A29B6621E009550C8 /* Assets.xcassets */,
				0C36EC4C29B6621E009550C8 /* LaunchScreen.storyboard */,
			);
			path = Resources;
			sourceTree = "<group>";
		};
		0C61EB0729BBE13100F54F47 /* Login */ = {
			isa = PBXGroup;
			children = (
				C43C4B0F29EC5D050013D509 /* View */,
				C43C4B1129EC5D2C0013D509 /* ViewModel */,
			);
			path = Login;
			sourceTree = "<group>";
		};
		0C61EB0829BBE14E00F54F47 /* TabBarFiles */ = {
			isa = PBXGroup;
			children = (
				C43C4B3C29EC66F70013D509 /* View */,
			);
			path = TabBarFiles;
			sourceTree = "<group>";
		};
		25D125D984E57B5134E50576 /* Pods */ = {
			isa = PBXGroup;
			children = (
				88968ADC3E56DBA6B04D857F /* Pods-TripOrganizer.debug.xcconfig */,
				4654E5B6F2BB9EBC4AFE6769 /* Pods-TripOrganizer.release.xcconfig */,
			);
			path = Pods;
			sourceTree = "<group>";
		};
		43780C8829D5C8A9002072BF /* Cell */ = {
			isa = PBXGroup;
			children = (
				43780C8A29D5C8A9002072BF /* MenuCollectionViewCell.xib */,
				43780C8929D5C8A9002072BF /* MenuCollectionViewCell.swift */,
			);
			name = Cell;
			path = TripOrganizer/Modules/TabBar/Restaurant/Cell;
			sourceTree = SOURCE_ROOT;
		};
		43780C8D29D5C943002072BF /* Cell */ = {
			isa = PBXGroup;
			children = (
				43780C8E29D5C943002072BF /* HotelCollectionViewCell.xib */,
				43780C8F29D5C943002072BF /* HotelCollectionViewCell.swift */,
			);
			name = Cell;
			path = TripOrganizer/Modules/TabBar/Hotel/Cell;
			sourceTree = SOURCE_ROOT;
		};
		43780C9C29D5C9B7002072BF /* Cell */ = {
			isa = PBXGroup;
			children = (
				43780C9D29D5C9B7002072BF /* AttractionCell.xib */,
				43780C9E29D5C9B7002072BF /* AttractionCell.swift */,
			);
			path = Cell;
			sourceTree = "<group>";
		};
		43780CA129D5C9C5002072BF /* CollectionCell */ = {
			isa = PBXGroup;
			children = (
				43BE0D2D29E5CA99001B5963 /* FlightScreenCollectionViewCell.xib */,
				43BE0D2C29E5CA99001B5963 /* FlightScreenCollectionViewCell.swift */,
			);
			path = CollectionCell;
			sourceTree = "<group>";
		};
		43BE0D2729E5CA35001B5963 /* Tickets */ = {
			isa = PBXGroup;
			children = (
				C43C4B2829EC62810013D509 /* View */,
				8814476929F0CE3500AC429A /* TicketsViewModel */,
			);
			path = Tickets;
			sourceTree = "<group>";
		};
		43BE0D3029E5E900001B5963 /* TableViewCell */ = {
			isa = PBXGroup;
			children = (
				43BE0D3329E5E958001B5963 /* FlightTableViewCell.xib */,
				43BE0D3229E5E958001B5963 /* FlightTableViewCell.swift */,
			);
			path = TableViewCell;
			sourceTree = "<group>";
		};
		43BE0D8129E70C31001B5963 /* Cell */ = {
			isa = PBXGroup;
			children = (
				509DCC0929F6FC17002F04B0 /* HomeTableViewCell.xib */,
				509DCC0729F6FC0C002F04B0 /* HomeTableViewCell.swift */,
			);
			path = Cell;
			sourceTree = "<group>";
		};
		50A0E3692A2CECDE002F82F3 /* Mock */ = {
			isa = PBXGroup;
			children = (
				50A0E36C2A2CED03002F82F3 /* PlacesData.json */,
				C4E2A7AA2A50FBA800B2CC32 /* Flight.json */,
			);
			path = Mock;
			sourceTree = "<group>";
		};
		50A0E36E2A2CED16002F82F3 /* Service */ = {
			isa = PBXGroup;
			children = (
				50A0E36F2A2CED29002F82F3 /* PlaceService.swift */,
				C4096D172A423B5400C7906A /* FlightService.swift */,
				50EBF6F32A55A18100CB1B57 /* FirestoreManager.swift */,
			);
			path = Service;
			sourceTree = "<group>";
		};
		50D3EB6E2A17E6560056A421 /* Animations */ = {
			isa = PBXGroup;
			children = (
				50D3EB702A17E6560056A421 /* 103343-airplane-loader-animation.json */,
			);
			name = Animations;
			path = TripOrganizer/Animations;
			sourceTree = SOURCE_ROOT;
		};
		50D5FBB229EF214E0041ED71 /* Alert */ = {
			isa = PBXGroup;
			children = (
				50D5FBB329EF214E0041ED71 /* Alert.swift */,
			);
			name = Alert;
			path = TripOrganizer/Alert;
			sourceTree = SOURCE_ROOT;
		};
		50D5FBB529EF219B0041ED71 /* ViewModel */ = {
			isa = PBXGroup;
			children = (
				50D5FBB629EF219B0041ED71 /* ProfileViewModel.swift */,
			);
			path = ViewModel;
			sourceTree = "<group>";
		};
		8814475D29F036B000AC429A /* ViewModel */ = {
			isa = PBXGroup;
			children = (
				8814475E29F036F000AC429A /* AttractionViewModel.swift */,
			);
			path = ViewModel;
			sourceTree = "<group>";
		};
		8814476329F0CC2800AC429A /* ViewModel */ = {
			isa = PBXGroup;
			children = (
				8814476A29F0CEAD00AC429A /* FlightViewModel.swift */,
			);
			path = ViewModel;
			sourceTree = "<group>";
		};
		8814476929F0CE3500AC429A /* TicketsViewModel */ = {
			isa = PBXGroup;
			children = (
				8814476C29F0CEC900AC429A /* TicketsViewModel.swift */,
			);
			path = TicketsViewModel;
			sourceTree = "<group>";
		};
		886E229B29EDB1DD00E70FF7 /* ViewModel */ = {
			isa = PBXGroup;
			children = (
				886E229C29EDB21D00E70FF7 /* RecoverPasswordViewModel.swift */,
			);
			path = ViewModel;
			sourceTree = "<group>";
		};
		886E22C429EEF2CF00E70FF7 /* ViewModel */ = {
			isa = PBXGroup;
			children = (
				886E22C529EEF33600E70FF7 /* HotelViewModel.swift */,
			);
			path = ViewModel;
			sourceTree = "<group>";
		};
		C43C4B0F29EC5D050013D509 /* View */ = {
			isa = PBXGroup;
			children = (
				0C36EC4729B6621C009550C8 /* Main.storyboard */,
				0C36EC4529B6621C009550C8 /* ViewController.swift */,
			);
			path = View;
			sourceTree = "<group>";
		};
		C43C4B1129EC5D2C0013D509 /* ViewModel */ = {
			isa = PBXGroup;
			children = (
				C43C4B4229ED7AAD0013D509 /* LoginViewModel.swift */,
			);
			path = ViewModel;
			sourceTree = "<group>";
		};
		C43C4B1729EC5E300013D509 /* View */ = {
			isa = PBXGroup;
			children = (
				0C61EB0029BBDF9900F54F47 /* RecoverViewController.storyboard */,
				0C61EB0229BBDFA300F54F47 /* RecoverViewController.swift */,
			);
			path = View;
			sourceTree = "<group>";
		};
		C43C4B1B29EC5E6D0013D509 /* View */ = {
			isa = PBXGroup;
			children = (
				5050BCB729B8D92B0019BB69 /* RegisterViewController.storyboard */,
				5050BCB529B8D9050019BB69 /* RegisterViewController.swift */,
			);
			path = View;
			sourceTree = "<group>";
		};
		C43C4B1F29EC5ED50013D509 /* View */ = {
			isa = PBXGroup;
			children = (
				0C111C2029BACD9000A0DCF4 /* AttractionViewController.storyboard */,
				0C111C2129BACD9000A0DCF4 /* AttractionViewController.swift */,
			);
			path = View;
			sourceTree = "<group>";
		};
		C43C4B2329EC5F9A0013D509 /* View */ = {
			isa = PBXGroup;
			children = (
				0C111C1D29BACD9000A0DCF4 /* FlightViewController.storyboard */,
				0C111C1E29BACD9000A0DCF4 /* FlightViewController.swift */,
			);
			path = View;
			sourceTree = "<group>";
		};
		C43C4B2629EC5FC90013D509 /* Cell */ = {
			isa = PBXGroup;
			children = (
				43BE0D3029E5E900001B5963 /* TableViewCell */,
				43780CA129D5C9C5002072BF /* CollectionCell */,
			);
			path = Cell;
			sourceTree = "<group>";
		};
		C43C4B2829EC62810013D509 /* View */ = {
			isa = PBXGroup;
			children = (
				43BE0D2A29E5CA74001B5963 /* TicketsViewController.storyboard */,
				43BE0D2829E5CA6A001B5963 /* TicketsViewController.swift */,
			);
			path = View;
			sourceTree = "<group>";
		};
		C43C4B2B29EC63A30013D509 /* View */ = {
			isa = PBXGroup;
			children = (
				0C111C1A29BACD9000A0DCF4 /* HotelViewController.storyboard */,
				0C111C1B29BACD9000A0DCF4 /* HotelViewController.swift */,
			);
			path = View;
			sourceTree = "<group>";
		};
		C43C4B2F29EC63EB0013D509 /* View */ = {
			isa = PBXGroup;
			children = (
				0C111C1629BACD9000A0DCF4 /* RestaurantViewController.storyboard */,
				0C111C1729BACD9000A0DCF4 /* RestaurantViewController.swift */,
			);
			path = View;
			sourceTree = "<group>";
		};
		C43C4B3329EC64760013D509 /* View */ = {
			isa = PBXGroup;
			children = (
				0C111C1329BACD9000A0DCF4 /* HomeViewController.storyboard */,
				0C111C1429BACD9000A0DCF4 /* HomeViewController.swift */,
			);
			path = View;
			sourceTree = "<group>";
		};
		C43C4B3729EC664A0013D509 /* View */ = {
			isa = PBXGroup;
			children = (
				0C3AD1E429C3524800E7FE73 /* ProfileViewController.storyboard */,
				0C3AD1ED29C3546C00E7FE73 /* ProfileViewController.swift */,
			);
			path = View;
			sourceTree = "<group>";
		};
		C43C4B3C29EC66F70013D509 /* View */ = {
			isa = PBXGroup;
			children = (
				0C111C1829BACD9000A0DCF4 /* TabBarController.storyboard */,
				0C111C2229BACD9000A0DCF4 /* TabBarController.swift */,
			);
			path = View;
			sourceTree = "<group>";
		};
		C43C4B4C29EDB9390013D509 /* ViewModel */ = {
			isa = PBXGroup;
			children = (
				C43C4B4D29EDB95F0013D509 /* RegisterViewModel.swift */,
			);
			path = ViewModel;
			sourceTree = "<group>";
		};
		C4619CDC29F02AA400530196 /* ViewModel */ = {
			isa = PBXGroup;
			children = (
				C4619CDD29F02ACC00530196 /* HomeViewModel.swift */,
			);
			path = ViewModel;
			sourceTree = "<group>";
		};
		C4B9A0BB2A0FDA09005A7AFF /* Utilits */ = {
			isa = PBXGroup;
			children = (
				C43C4B4629ED9B950013D509 /* UIColor .swift */,
				C4F9A2382A193166004EA00E /* Localized.swift */,
				C4096D192A42419E00C7906A /* Error.swift */,
				0C5484F12A3E807900AEF9D9 /* MKPointAnnotation.swift */,
			);
			path = Utilits;
			sourceTree = "<group>";
		};
		C4CC787C29F851CE0055DC8A /* TripPlan */ = {
			isa = PBXGroup;
			children = (
				0C188F912A06CA9100820586 /* View */,
				C4CC788529F862010055DC8A /* ViewModel */,
				C4CC788229F8552C0055DC8A /* Cell */,
			);
			path = TripPlan;
			sourceTree = "<group>";
		};
		C4CC787D29F851FE0055DC8A /* AddTrip */ = {
			isa = PBXGroup;
			children = (
				0C188F922A06CADD00820586 /* View */,
				C4CC788629F8620C0055DC8A /* ViewModel */,
			);
			path = AddTrip;
			sourceTree = "<group>";
		};
		C4CC788229F8552C0055DC8A /* Cell */ = {
			isa = PBXGroup;
			children = (
				509DCC0F29F6FD20002F04B0 /* TripPlanCollectionViewCell.xib */,
				509DCC0D29F6FD1A002F04B0 /* TripPlanCollectionViewCell.swift */,
			);
			path = Cell;
			sourceTree = "<group>";
		};
		C4CC788529F862010055DC8A /* ViewModel */ = {
			isa = PBXGroup;
			children = (
				C4CC788729F862B70055DC8A /* TripPlanViewModel.swift */,
			);
			path = ViewModel;
			sourceTree = "<group>";
		};
		C4CC788629F8620C0055DC8A /* ViewModel */ = {
			isa = PBXGroup;
			children = (
				C4CC788929F862CF0055DC8A /* AddTripViewModel.swift */,
			);
			path = ViewModel;
			sourceTree = "<group>";
		};
		DE48C0D50D17FFC537CE7C89 /* Frameworks */ = {
			isa = PBXGroup;
			children = (
				9B70FBC1E46219888EE81715 /* Pods_TripOrganizer.framework */,
			);
			name = Frameworks;
			sourceTree = "<group>";
		};
/* End PBXGroup section */

/* Begin PBXNativeTarget section */
		0C36EC3D29B6621C009550C8 /* TripOrganizer */ = {
			isa = PBXNativeTarget;
			buildConfigurationList = 0C36EC5229B6621E009550C8 /* Build configuration list for PBXNativeTarget "TripOrganizer" */;
			buildPhases = (
				B1F5A86EFDE4232AE78E4B34 /* [CP] Check Pods Manifest.lock */,
				0C36EC3A29B6621C009550C8 /* Sources */,
				0C36EC3B29B6621C009550C8 /* Frameworks */,
				0C36EC3C29B6621C009550C8 /* Resources */,
				965B5232F2ED7E7EE5ECA21F /* [CP] Embed Pods Frameworks */,
				409538271217EA99CDF9C68C /* [CP] Copy Pods Resources */,
			);
			buildRules = (
			);
			dependencies = (
			);
			name = TripOrganizer;
			packageProductDependencies = (
				0C1DA9B52A16CC3500C4AC1B /* FirebaseAnalytics */,
				0C1DA9B72A16CC3500C4AC1B /* FirebaseAnalyticsOnDeviceConversion */,
				0C1DA9B92A16CC3500C4AC1B /* FirebaseAnalyticsSwift */,
				0C1DA9BB2A16CC3500C4AC1B /* FirebaseAnalyticsWithoutAdIdSupport */,
				0C1DA9BD2A16CC3500C4AC1B /* FirebaseAppCheck */,
				0C1DA9BF2A16CC3500C4AC1B /* FirebaseAppDistribution-Beta */,
				0C1DA9C12A16CC3500C4AC1B /* FirebaseAuth */,
				0C1DA9C32A16CC3500C4AC1B /* FirebaseAuthCombine-Community */,
				0C1DA9C52A16CC3500C4AC1B /* FirebaseCrashlytics */,
				0C1DA9C72A16CC3500C4AC1B /* FirebaseDatabase */,
				0C1DA9C92A16CC3500C4AC1B /* FirebaseDatabaseSwift */,
				0C1DA9CB2A16CC3500C4AC1B /* FirebaseDynamicLinks */,
				0C1DA9CD2A16CC3500C4AC1B /* FirebaseFirestore */,
				0C1DA9CF2A16CC3500C4AC1B /* FirebaseFirestoreCombine-Community */,
				0C1DA9D12A16CC3500C4AC1B /* FirebaseFirestoreSwift */,
				0C1DA9D32A16CC3500C4AC1B /* FirebaseFunctions */,
				0C1DA9D52A16CC3500C4AC1B /* FirebaseFunctionsCombine-Community */,
				0C1DA9D72A16CC3500C4AC1B /* FirebaseInAppMessaging-Beta */,
				0C1DA9D92A16CC3500C4AC1B /* FirebaseInAppMessagingSwift-Beta */,
				0C1DA9DB2A16CC3500C4AC1B /* FirebaseInstallations */,
				0C1DA9DD2A16CC3500C4AC1B /* FirebaseMLModelDownloader */,
				0C1DA9DF2A16CC3500C4AC1B /* FirebaseMessaging */,
				0C1DA9E12A16CC3500C4AC1B /* FirebasePerformance */,
				0C1DA9E32A16CC3500C4AC1B /* FirebaseRemoteConfig */,
				0C1DA9E52A16CC3500C4AC1B /* FirebaseRemoteConfigSwift */,
				0C1DA9E72A16CC3500C4AC1B /* FirebaseStorage */,
				0C1DA9E92A16CC3500C4AC1B /* FirebaseStorageCombine-Community */,
				4333ABEC2A5608B000BE566E /* GoogleSignIn */,
				4333ABEE2A5608B000BE566E /* GoogleSignInSwift */,
			);
			productName = TripOrganizer;
			productReference = 0C36EC3E29B6621C009550C8 /* TripOrganizer.app */;
			productType = "com.apple.product-type.application";
		};
/* End PBXNativeTarget section */

/* Begin PBXProject section */
		0C36EC3629B6621C009550C8 /* Project object */ = {
			isa = PBXProject;
			attributes = {
				BuildIndependentTargetsInParallel = 1;
				LastSwiftUpdateCheck = 1400;
				LastUpgradeCheck = 1400;
				TargetAttributes = {
					0C36EC3D29B6621C009550C8 = {
						CreatedOnToolsVersion = 14.0;
					};
				};
			};
			buildConfigurationList = 0C36EC3929B6621C009550C8 /* Build configuration list for PBXProject "TripOrganizer" */;
			compatibilityVersion = "Xcode 14.0";
			developmentRegion = en;
			hasScannedForEncodings = 0;
			knownRegions = (
				en,
				Base,
			);
			mainGroup = 0C36EC3529B6621C009550C8;
			packageReferences = (
				0C1DA9B42A16CC3500C4AC1B /* XCRemoteSwiftPackageReference "firebase-ios-sdk" */,
				4333ABEB2A5608B000BE566E /* XCRemoteSwiftPackageReference "GoogleSignIn-iOS" */,
			);
			productRefGroup = 0C36EC3F29B6621C009550C8 /* Products */;
			projectDirPath = "";
			projectRoot = "";
			targets = (
				0C36EC3D29B6621C009550C8 /* TripOrganizer */,
			);
		};
/* End PBXProject section */

/* Begin PBXResourcesBuildPhase section */
		0C36EC3C29B6621C009550C8 /* Resources */ = {
			isa = PBXResourcesBuildPhase;
			buildActionMask = 2147483647;
			files = (
				43BE0D2F29E5CA99001B5963 /* FlightScreenCollectionViewCell.xib in Resources */,
				43780C9029D5C943002072BF /* HotelCollectionViewCell.xib in Resources */,
				0C1DA9EC2A17E00800C4AC1B /* GoogleService-Info.plist in Resources */,
				C43C4B4929EDA0460013D509 /* Assets.xcassets in Resources */,
				509DCC1029F6FD20002F04B0 /* TripPlanCollectionViewCell.xib in Resources */,
				C4E2A7AB2A50FBA800B2CC32 /* Flight.json in Resources */,
				0C36EC4E29B6621E009550C8 /* LaunchScreen.storyboard in Resources */,
				0C3AD1E529C3524800E7FE73 /* ProfileViewController.storyboard in Resources */,
				5050BCB829B8D92B0019BB69 /* RegisterViewController.storyboard in Resources */,
				0C111C2729BACD9000A0DCF4 /* TabBarController.storyboard in Resources */,
				0C111C2329BACD9000A0DCF4 /* HomeViewController.storyboard in Resources */,
				509DCC1429F6FD64002F04B0 /* AddTripViewController.storyboard in Resources */,
				43780C9F29D5C9B7002072BF /* AttractionCell.xib in Resources */,
				509DCC1829F6FD72002F04B0 /* TripPlanViewController.storyboard in Resources */,
				509DCC0A29F6FC17002F04B0 /* HomeTableViewCell.xib in Resources */,
				50D3EB742A17E6560056A421 /* 103343-airplane-loader-animation.json in Resources */,
				0C5058682A100EF10069A884 /* Localizable.strings in Resources */,
				43780C8C29D5C8A9002072BF /* MenuCollectionViewCell.xib in Resources */,
				50A0E36D2A2CED03002F82F3 /* PlacesData.json in Resources */,
				5084C69529F9A5A000858135 /* LaunchScreenViewController.storyboard in Resources */,
				0C111C2C29BACD9000A0DCF4 /* AttractionViewController.storyboard in Resources */,
				43BE0D3529E5E958001B5963 /* FlightTableViewCell.xib in Resources */,
				43BE0D2B29E5CA74001B5963 /* TicketsViewController.storyboard in Resources */,
				0C111C2A29BACD9000A0DCF4 /* FlightViewController.storyboard in Resources */,
				0C111C2529BACD9000A0DCF4 /* RestaurantViewController.storyboard in Resources */,
				0C111C2829BACD9000A0DCF4 /* HotelViewController.storyboard in Resources */,
				0C61EB0129BBDF9900F54F47 /* RecoverViewController.storyboard in Resources */,
				0C36EC4929B6621C009550C8 /* Main.storyboard in Resources */,
			);
			runOnlyForDeploymentPostprocessing = 0;
		};
/* End PBXResourcesBuildPhase section */

/* Begin PBXShellScriptBuildPhase section */
		409538271217EA99CDF9C68C /* [CP] Copy Pods Resources */ = {
			isa = PBXShellScriptBuildPhase;
			buildActionMask = 2147483647;
			files = (
			);
			inputFileListPaths = (
				"${PODS_ROOT}/Target Support Files/Pods-TripOrganizer/Pods-TripOrganizer-resources-${CONFIGURATION}-input-files.xcfilelist",
			);
			name = "[CP] Copy Pods Resources";
			outputFileListPaths = (
				"${PODS_ROOT}/Target Support Files/Pods-TripOrganizer/Pods-TripOrganizer-resources-${CONFIGURATION}-output-files.xcfilelist",
			);
			runOnlyForDeploymentPostprocessing = 0;
			shellPath = /bin/sh;
			shellScript = "\"${PODS_ROOT}/Target Support Files/Pods-TripOrganizer/Pods-TripOrganizer-resources.sh\"\n";
			showEnvVarsInLog = 0;
		};
		965B5232F2ED7E7EE5ECA21F /* [CP] Embed Pods Frameworks */ = {
			isa = PBXShellScriptBuildPhase;
			buildActionMask = 2147483647;
			files = (
			);
			inputFileListPaths = (
				"${PODS_ROOT}/Target Support Files/Pods-TripOrganizer/Pods-TripOrganizer-frameworks-${CONFIGURATION}-input-files.xcfilelist",
			);
			name = "[CP] Embed Pods Frameworks";
			outputFileListPaths = (
				"${PODS_ROOT}/Target Support Files/Pods-TripOrganizer/Pods-TripOrganizer-frameworks-${CONFIGURATION}-output-files.xcfilelist",
			);
			runOnlyForDeploymentPostprocessing = 0;
			shellPath = /bin/sh;
			shellScript = "\"${PODS_ROOT}/Target Support Files/Pods-TripOrganizer/Pods-TripOrganizer-frameworks.sh\"\n";
			showEnvVarsInLog = 0;
		};
		B1F5A86EFDE4232AE78E4B34 /* [CP] Check Pods Manifest.lock */ = {
			isa = PBXShellScriptBuildPhase;
			buildActionMask = 2147483647;
			files = (
			);
			inputFileListPaths = (
			);
			inputPaths = (
				"${PODS_PODFILE_DIR_PATH}/Podfile.lock",
				"${PODS_ROOT}/Manifest.lock",
			);
			name = "[CP] Check Pods Manifest.lock";
			outputFileListPaths = (
			);
			outputPaths = (
				"$(DERIVED_FILE_DIR)/Pods-TripOrganizer-checkManifestLockResult.txt",
			);
			runOnlyForDeploymentPostprocessing = 0;
			shellPath = /bin/sh;
			shellScript = "diff \"${PODS_PODFILE_DIR_PATH}/Podfile.lock\" \"${PODS_ROOT}/Manifest.lock\" > /dev/null\nif [ $? != 0 ] ; then\n    # print error to STDERR\n    echo \"error: The sandbox is not in sync with the Podfile.lock. Run 'pod install' or update your CocoaPods installation.\" >&2\n    exit 1\nfi\n# This output is used by Xcode 'outputs' to avoid re-running this script phase.\necho \"SUCCESS\" > \"${SCRIPT_OUTPUT_FILE_0}\"\n";
			showEnvVarsInLog = 0;
		};
/* End PBXShellScriptBuildPhase section */

/* Begin PBXSourcesBuildPhase section */
		0C36EC3A29B6621C009550C8 /* Sources */ = {
			isa = PBXSourcesBuildPhase;
			buildActionMask = 2147483647;
			files = (
				C43C4B4329ED7AAD0013D509 /* LoginViewModel.swift in Sources */,
				509DCC0829F6FC0C002F04B0 /* HomeTableViewCell.swift in Sources */,
				886E22C629EEF33600E70FF7 /* HotelViewModel.swift in Sources */,
				C4F9A2392A193166004EA00E /* Localized.swift in Sources */,
				43780CA029D5C9B7002072BF /* AttractionCell.swift in Sources */,
				509DCC1229F6FD5B002F04B0 /* AddTripViewController.swift in Sources */,
				0C111C2B29BACD9000A0DCF4 /* FlightViewController.swift in Sources */,
				0C111C2D29BACD9000A0DCF4 /* AttractionViewController.swift in Sources */,
				0C36EC4629B6621C009550C8 /* ViewController.swift in Sources */,
				0C61EB0329BBDFA300F54F47 /* RecoverViewController.swift in Sources */,
				0C111C2E29BACD9000A0DCF4 /* TabBarController.swift in Sources */,
				509DCC0C29F6FC58002F04B0 /* AddTripModel.swift in Sources */,
				0C111C2429BACD9000A0DCF4 /* HomeViewController.swift in Sources */,
				C43C4B4729ED9B960013D509 /* UIColor .swift in Sources */,
				50D5FBB729EF219B0041ED71 /* ProfileViewModel.swift in Sources */,
				0C2037A629F0A21D001BE709 /* RestaurantViewModel.swift in Sources */,
				43BE0D2929E5CA6A001B5963 /* TicketsViewController.swift in Sources */,
				509DCC1629F6FD6A002F04B0 /* TripPlanViewController.swift in Sources */,
				509DCC0E29F6FD1A002F04B0 /* TripPlanCollectionViewCell.swift in Sources */,
				0C3AD1EE29C3546C00E7FE73 /* ProfileViewController.swift in Sources */,
				C4619CDE29F02ACC00530196 /* HomeViewModel.swift in Sources */,
				0C111C2929BACD9000A0DCF4 /* HotelViewController.swift in Sources */,
				50EBF6F42A55A18100CB1B57 /* FirestoreManager.swift in Sources */,
				50D5FBB429EF214E0041ED71 /* Alert.swift in Sources */,
				C4096D1C2A424B9900C7906A /* TicketsModel.swift in Sources */,
				8814476829F0CC9300AC429A /* FlightModel.swift in Sources */,
				8814476B29F0CEAD00AC429A /* FlightViewModel.swift in Sources */,
				43BE0D3429E5E958001B5963 /* FlightTableViewCell.swift in Sources */,
				50EBF6F62A55A20500CB1B57 /* User.swift in Sources */,
				8814476D29F0CEC900AC429A /* TicketsViewModel.swift in Sources */,
				0C36EC4229B6621C009550C8 /* AppDelegate.swift in Sources */,
				5084C69329F9A59600858135 /* LaunchScreenViewController.swift in Sources */,
				0C5484F22A3E807900AEF9D9 /* MKPointAnnotation.swift in Sources */,
				50A0E3702A2CED29002F82F3 /* PlaceService.swift in Sources */,
				0C2037A829F0A328001BE709 /* ObjectPlaces.swift in Sources */,
				C4CC788829F862B70055DC8A /* TripPlanViewModel.swift in Sources */,
				C4CC788A29F862CF0055DC8A /* AddTripViewModel.swift in Sources */,
				0C111C2629BACD9000A0DCF4 /* RestaurantViewController.swift in Sources */,
				50CEEDBB29F70DC9002548B5 /* TripPlanModel.swift in Sources */,
				886E229D29EDB21D00E70FF7 /* RecoverPasswordViewModel.swift in Sources */,
				43780C9129D5C943002072BF /* HotelCollectionViewCell.swift in Sources */,
				C43C4B4E29EDB95F0013D509 /* RegisterViewModel.swift in Sources */,
				8814475F29F036F000AC429A /* AttractionViewModel.swift in Sources */,
				0C36EC4429B6621C009550C8 /* SceneDelegate.swift in Sources */,
				5050BCB629B8D9050019BB69 /* RegisterViewController.swift in Sources */,
				C4096D182A423B5400C7906A /* FlightService.swift in Sources */,
				43BE0D2E29E5CA99001B5963 /* FlightScreenCollectionViewCell.swift in Sources */,
				88389A792A5505D8002AF1E9 /* PlacesData.swift in Sources */,
				C4096D1A2A42419E00C7906A /* Error.swift in Sources */,
				43780C8B29D5C8A9002072BF /* MenuCollectionViewCell.swift in Sources */,
			);
			runOnlyForDeploymentPostprocessing = 0;
		};
/* End PBXSourcesBuildPhase section */

/* Begin PBXVariantGroup section */
		0C36EC4729B6621C009550C8 /* Main.storyboard */ = {
			isa = PBXVariantGroup;
			children = (
				0C36EC4829B6621C009550C8 /* Base */,
			);
			name = Main.storyboard;
			sourceTree = "<group>";
		};
		0C36EC4C29B6621E009550C8 /* LaunchScreen.storyboard */ = {
			isa = PBXVariantGroup;
			children = (
				0C36EC4D29B6621E009550C8 /* Base */,
			);
			name = LaunchScreen.storyboard;
			sourceTree = "<group>";
		};
		0C50586A2A100EF10069A884 /* Localizable.strings */ = {
			isa = PBXVariantGroup;
			children = (
				0C5058692A100EF10069A884 /* en */,
			);
			name = Localizable.strings;
			sourceTree = "<group>";
		};
/* End PBXVariantGroup section */

/* Begin XCBuildConfiguration section */
		0C36EC5029B6621E009550C8 /* Debug */ = {
			isa = XCBuildConfiguration;
			buildSettings = {
				ALWAYS_SEARCH_USER_PATHS = NO;
				CLANG_ANALYZER_NONNULL = YES;
				CLANG_ANALYZER_NUMBER_OBJECT_CONVERSION = YES_AGGRESSIVE;
				CLANG_CXX_LANGUAGE_STANDARD = "gnu++20";
				CLANG_ENABLE_MODULES = YES;
				CLANG_ENABLE_OBJC_ARC = YES;
				CLANG_ENABLE_OBJC_WEAK = YES;
				CLANG_WARN_BLOCK_CAPTURE_AUTORELEASING = YES;
				CLANG_WARN_BOOL_CONVERSION = YES;
				CLANG_WARN_COMMA = YES;
				CLANG_WARN_CONSTANT_CONVERSION = YES;
				CLANG_WARN_DEPRECATED_OBJC_IMPLEMENTATIONS = YES;
				CLANG_WARN_DIRECT_OBJC_ISA_USAGE = YES_ERROR;
				CLANG_WARN_DOCUMENTATION_COMMENTS = YES;
				CLANG_WARN_EMPTY_BODY = YES;
				CLANG_WARN_ENUM_CONVERSION = YES;
				CLANG_WARN_INFINITE_RECURSION = YES;
				CLANG_WARN_INT_CONVERSION = YES;
				CLANG_WARN_NON_LITERAL_NULL_CONVERSION = YES;
				CLANG_WARN_OBJC_IMPLICIT_RETAIN_SELF = YES;
				CLANG_WARN_OBJC_LITERAL_CONVERSION = YES;
				CLANG_WARN_OBJC_ROOT_CLASS = YES_ERROR;
				CLANG_WARN_QUOTED_INCLUDE_IN_FRAMEWORK_HEADER = YES;
				CLANG_WARN_RANGE_LOOP_ANALYSIS = YES;
				CLANG_WARN_STRICT_PROTOTYPES = YES;
				CLANG_WARN_SUSPICIOUS_MOVE = YES;
				CLANG_WARN_UNGUARDED_AVAILABILITY = YES_AGGRESSIVE;
				CLANG_WARN_UNREACHABLE_CODE = YES;
				CLANG_WARN__DUPLICATE_METHOD_MATCH = YES;
				COPY_PHASE_STRIP = NO;
				DEBUG_INFORMATION_FORMAT = dwarf;
				ENABLE_STRICT_OBJC_MSGSEND = YES;
				ENABLE_TESTABILITY = YES;
				GCC_C_LANGUAGE_STANDARD = gnu11;
				GCC_DYNAMIC_NO_PIC = NO;
				GCC_NO_COMMON_BLOCKS = YES;
				GCC_OPTIMIZATION_LEVEL = 0;
				GCC_PREPROCESSOR_DEFINITIONS = (
					"DEBUG=1",
					"$(inherited)",
				);
				GCC_WARN_64_TO_32_BIT_CONVERSION = YES;
				GCC_WARN_ABOUT_RETURN_TYPE = YES_ERROR;
				GCC_WARN_UNDECLARED_SELECTOR = YES;
				GCC_WARN_UNINITIALIZED_AUTOS = YES_AGGRESSIVE;
				GCC_WARN_UNUSED_FUNCTION = YES;
				GCC_WARN_UNUSED_VARIABLE = YES;
				IPHONEOS_DEPLOYMENT_TARGET = 16.0;
				MTL_ENABLE_DEBUG_INFO = INCLUDE_SOURCE;
				MTL_FAST_MATH = YES;
				ONLY_ACTIVE_ARCH = YES;
				SDKROOT = iphoneos;
				SWIFT_ACTIVE_COMPILATION_CONDITIONS = DEBUG;
				SWIFT_OPTIMIZATION_LEVEL = "-Onone";
			};
			name = Debug;
		};
		0C36EC5129B6621E009550C8 /* Release */ = {
			isa = XCBuildConfiguration;
			buildSettings = {
				ALWAYS_SEARCH_USER_PATHS = NO;
				CLANG_ANALYZER_NONNULL = YES;
				CLANG_ANALYZER_NUMBER_OBJECT_CONVERSION = YES_AGGRESSIVE;
				CLANG_CXX_LANGUAGE_STANDARD = "gnu++20";
				CLANG_ENABLE_MODULES = YES;
				CLANG_ENABLE_OBJC_ARC = YES;
				CLANG_ENABLE_OBJC_WEAK = YES;
				CLANG_WARN_BLOCK_CAPTURE_AUTORELEASING = YES;
				CLANG_WARN_BOOL_CONVERSION = YES;
				CLANG_WARN_COMMA = YES;
				CLANG_WARN_CONSTANT_CONVERSION = YES;
				CLANG_WARN_DEPRECATED_OBJC_IMPLEMENTATIONS = YES;
				CLANG_WARN_DIRECT_OBJC_ISA_USAGE = YES_ERROR;
				CLANG_WARN_DOCUMENTATION_COMMENTS = YES;
				CLANG_WARN_EMPTY_BODY = YES;
				CLANG_WARN_ENUM_CONVERSION = YES;
				CLANG_WARN_INFINITE_RECURSION = YES;
				CLANG_WARN_INT_CONVERSION = YES;
				CLANG_WARN_NON_LITERAL_NULL_CONVERSION = YES;
				CLANG_WARN_OBJC_IMPLICIT_RETAIN_SELF = YES;
				CLANG_WARN_OBJC_LITERAL_CONVERSION = YES;
				CLANG_WARN_OBJC_ROOT_CLASS = YES_ERROR;
				CLANG_WARN_QUOTED_INCLUDE_IN_FRAMEWORK_HEADER = YES;
				CLANG_WARN_RANGE_LOOP_ANALYSIS = YES;
				CLANG_WARN_STRICT_PROTOTYPES = YES;
				CLANG_WARN_SUSPICIOUS_MOVE = YES;
				CLANG_WARN_UNGUARDED_AVAILABILITY = YES_AGGRESSIVE;
				CLANG_WARN_UNREACHABLE_CODE = YES;
				CLANG_WARN__DUPLICATE_METHOD_MATCH = YES;
				COPY_PHASE_STRIP = NO;
				DEBUG_INFORMATION_FORMAT = "dwarf-with-dsym";
				ENABLE_NS_ASSERTIONS = NO;
				ENABLE_STRICT_OBJC_MSGSEND = YES;
				GCC_C_LANGUAGE_STANDARD = gnu11;
				GCC_NO_COMMON_BLOCKS = YES;
				GCC_WARN_64_TO_32_BIT_CONVERSION = YES;
				GCC_WARN_ABOUT_RETURN_TYPE = YES_ERROR;
				GCC_WARN_UNDECLARED_SELECTOR = YES;
				GCC_WARN_UNINITIALIZED_AUTOS = YES_AGGRESSIVE;
				GCC_WARN_UNUSED_FUNCTION = YES;
				GCC_WARN_UNUSED_VARIABLE = YES;
				IPHONEOS_DEPLOYMENT_TARGET = 16.0;
				MTL_ENABLE_DEBUG_INFO = NO;
				MTL_FAST_MATH = YES;
				SDKROOT = iphoneos;
				SWIFT_COMPILATION_MODE = wholemodule;
				SWIFT_OPTIMIZATION_LEVEL = "-O";
				VALIDATE_PRODUCT = YES;
			};
			name = Release;
		};
		0C36EC5329B6621E009550C8 /* Debug */ = {
			isa = XCBuildConfiguration;
			baseConfigurationReference = 88968ADC3E56DBA6B04D857F /* Pods-TripOrganizer.debug.xcconfig */;
			buildSettings = {
				ASSETCATALOG_COMPILER_APPICON_NAME = AppIcon;
				ASSETCATALOG_COMPILER_GLOBAL_ACCENT_COLOR_NAME = AccentColor;
				CODE_SIGN_STYLE = Automatic;
				CURRENT_PROJECT_VERSION = 1;
				DEVELOPMENT_TEAM = "";
				GENERATE_INFOPLIST_FILE = YES;
				INFOPLIST_FILE = TripOrganizer/Info.plist;
				INFOPLIST_KEY_UIApplicationSupportsIndirectInputEvents = YES;
				INFOPLIST_KEY_UILaunchStoryboardName = LaunchScreen;
				INFOPLIST_KEY_UIMainStoryboardFile = Main;
				INFOPLIST_KEY_UISupportedInterfaceOrientations = UIInterfaceOrientationPortrait;
				LD_RUNPATH_SEARCH_PATHS = (
					"$(inherited)",
					"@executable_path/Frameworks",
				);
				MARKETING_VERSION = 1.0;
				PRODUCT_BUNDLE_IDENTIFIER = com.humbertogrt.TripOrganizer;
				PRODUCT_NAME = "$(TARGET_NAME)";
				SUPPORTED_PLATFORMS = "iphoneos iphonesimulator";
				SUPPORTS_MACCATALYST = NO;
				SUPPORTS_MAC_DESIGNED_FOR_IPHONE_IPAD = NO;
				SWIFT_EMIT_LOC_STRINGS = YES;
				SWIFT_VERSION = 5.0;
				TARGETED_DEVICE_FAMILY = 1;
			};
			name = Debug;
		};
		0C36EC5429B6621E009550C8 /* Release */ = {
			isa = XCBuildConfiguration;
			baseConfigurationReference = 4654E5B6F2BB9EBC4AFE6769 /* Pods-TripOrganizer.release.xcconfig */;
			buildSettings = {
				ASSETCATALOG_COMPILER_APPICON_NAME = AppIcon;
				ASSETCATALOG_COMPILER_GLOBAL_ACCENT_COLOR_NAME = AccentColor;
				CODE_SIGN_STYLE = Automatic;
				CURRENT_PROJECT_VERSION = 1;
				DEVELOPMENT_TEAM = "";
				GENERATE_INFOPLIST_FILE = YES;
				INFOPLIST_FILE = TripOrganizer/Info.plist;
				INFOPLIST_KEY_UIApplicationSupportsIndirectInputEvents = YES;
				INFOPLIST_KEY_UILaunchStoryboardName = LaunchScreen;
				INFOPLIST_KEY_UIMainStoryboardFile = Main;
				INFOPLIST_KEY_UISupportedInterfaceOrientations = UIInterfaceOrientationPortrait;
				LD_RUNPATH_SEARCH_PATHS = (
					"$(inherited)",
					"@executable_path/Frameworks",
				);
				MARKETING_VERSION = 1.0;
				PRODUCT_BUNDLE_IDENTIFIER = com.humbertogrt.TripOrganizer;
				PRODUCT_NAME = "$(TARGET_NAME)";
				SUPPORTED_PLATFORMS = "iphoneos iphonesimulator";
				SUPPORTS_MACCATALYST = NO;
				SUPPORTS_MAC_DESIGNED_FOR_IPHONE_IPAD = NO;
				SWIFT_EMIT_LOC_STRINGS = YES;
				SWIFT_VERSION = 5.0;
				TARGETED_DEVICE_FAMILY = 1;
			};
			name = Release;
		};
/* End XCBuildConfiguration section */

/* Begin XCConfigurationList section */
		0C36EC3929B6621C009550C8 /* Build configuration list for PBXProject "TripOrganizer" */ = {
			isa = XCConfigurationList;
			buildConfigurations = (
				0C36EC5029B6621E009550C8 /* Debug */,
				0C36EC5129B6621E009550C8 /* Release */,
			);
			defaultConfigurationIsVisible = 0;
			defaultConfigurationName = Release;
		};
		0C36EC5229B6621E009550C8 /* Build configuration list for PBXNativeTarget "TripOrganizer" */ = {
			isa = XCConfigurationList;
			buildConfigurations = (
				0C36EC5329B6621E009550C8 /* Debug */,
				0C36EC5429B6621E009550C8 /* Release */,
			);
			defaultConfigurationIsVisible = 0;
			defaultConfigurationName = Release;
		};
/* End XCConfigurationList section */

/* Begin XCRemoteSwiftPackageReference section */
		0C1DA9B42A16CC3500C4AC1B /* XCRemoteSwiftPackageReference "firebase-ios-sdk" */ = {
			isa = XCRemoteSwiftPackageReference;
			repositoryURL = "https://github.com/firebase/firebase-ios-sdk";
			requirement = {
				kind = upToNextMajorVersion;
				minimumVersion = 9.0.0;
			};
		};
		4333ABEB2A5608B000BE566E /* XCRemoteSwiftPackageReference "GoogleSignIn-iOS" */ = {
			isa = XCRemoteSwiftPackageReference;
			repositoryURL = "https://github.com/google/GoogleSignIn-iOS";
			requirement = {
				kind = upToNextMajorVersion;
				minimumVersion = 7.0.0;
			};
		};
/* End XCRemoteSwiftPackageReference section */

/* Begin XCSwiftPackageProductDependency section */
		0C1DA9B52A16CC3500C4AC1B /* FirebaseAnalytics */ = {
			isa = XCSwiftPackageProductDependency;
			package = 0C1DA9B42A16CC3500C4AC1B /* XCRemoteSwiftPackageReference "firebase-ios-sdk" */;
			productName = FirebaseAnalytics;
		};
		0C1DA9B72A16CC3500C4AC1B /* FirebaseAnalyticsOnDeviceConversion */ = {
			isa = XCSwiftPackageProductDependency;
			package = 0C1DA9B42A16CC3500C4AC1B /* XCRemoteSwiftPackageReference "firebase-ios-sdk" */;
			productName = FirebaseAnalyticsOnDeviceConversion;
		};
		0C1DA9B92A16CC3500C4AC1B /* FirebaseAnalyticsSwift */ = {
			isa = XCSwiftPackageProductDependency;
			package = 0C1DA9B42A16CC3500C4AC1B /* XCRemoteSwiftPackageReference "firebase-ios-sdk" */;
			productName = FirebaseAnalyticsSwift;
		};
		0C1DA9BB2A16CC3500C4AC1B /* FirebaseAnalyticsWithoutAdIdSupport */ = {
			isa = XCSwiftPackageProductDependency;
			package = 0C1DA9B42A16CC3500C4AC1B /* XCRemoteSwiftPackageReference "firebase-ios-sdk" */;
			productName = FirebaseAnalyticsWithoutAdIdSupport;
		};
		0C1DA9BD2A16CC3500C4AC1B /* FirebaseAppCheck */ = {
			isa = XCSwiftPackageProductDependency;
			package = 0C1DA9B42A16CC3500C4AC1B /* XCRemoteSwiftPackageReference "firebase-ios-sdk" */;
			productName = FirebaseAppCheck;
		};
		0C1DA9BF2A16CC3500C4AC1B /* FirebaseAppDistribution-Beta */ = {
			isa = XCSwiftPackageProductDependency;
			package = 0C1DA9B42A16CC3500C4AC1B /* XCRemoteSwiftPackageReference "firebase-ios-sdk" */;
			productName = "FirebaseAppDistribution-Beta";
		};
		0C1DA9C12A16CC3500C4AC1B /* FirebaseAuth */ = {
			isa = XCSwiftPackageProductDependency;
			package = 0C1DA9B42A16CC3500C4AC1B /* XCRemoteSwiftPackageReference "firebase-ios-sdk" */;
			productName = FirebaseAuth;
		};
		0C1DA9C32A16CC3500C4AC1B /* FirebaseAuthCombine-Community */ = {
			isa = XCSwiftPackageProductDependency;
			package = 0C1DA9B42A16CC3500C4AC1B /* XCRemoteSwiftPackageReference "firebase-ios-sdk" */;
			productName = "FirebaseAuthCombine-Community";
		};
		0C1DA9C52A16CC3500C4AC1B /* FirebaseCrashlytics */ = {
			isa = XCSwiftPackageProductDependency;
			package = 0C1DA9B42A16CC3500C4AC1B /* XCRemoteSwiftPackageReference "firebase-ios-sdk" */;
			productName = FirebaseCrashlytics;
		};
		0C1DA9C72A16CC3500C4AC1B /* FirebaseDatabase */ = {
			isa = XCSwiftPackageProductDependency;
			package = 0C1DA9B42A16CC3500C4AC1B /* XCRemoteSwiftPackageReference "firebase-ios-sdk" */;
			productName = FirebaseDatabase;
		};
		0C1DA9C92A16CC3500C4AC1B /* FirebaseDatabaseSwift */ = {
			isa = XCSwiftPackageProductDependency;
			package = 0C1DA9B42A16CC3500C4AC1B /* XCRemoteSwiftPackageReference "firebase-ios-sdk" */;
			productName = FirebaseDatabaseSwift;
		};
		0C1DA9CB2A16CC3500C4AC1B /* FirebaseDynamicLinks */ = {
			isa = XCSwiftPackageProductDependency;
			package = 0C1DA9B42A16CC3500C4AC1B /* XCRemoteSwiftPackageReference "firebase-ios-sdk" */;
			productName = FirebaseDynamicLinks;
		};
		0C1DA9CD2A16CC3500C4AC1B /* FirebaseFirestore */ = {
			isa = XCSwiftPackageProductDependency;
			package = 0C1DA9B42A16CC3500C4AC1B /* XCRemoteSwiftPackageReference "firebase-ios-sdk" */;
			productName = FirebaseFirestore;
		};
		0C1DA9CF2A16CC3500C4AC1B /* FirebaseFirestoreCombine-Community */ = {
			isa = XCSwiftPackageProductDependency;
			package = 0C1DA9B42A16CC3500C4AC1B /* XCRemoteSwiftPackageReference "firebase-ios-sdk" */;
			productName = "FirebaseFirestoreCombine-Community";
		};
		0C1DA9D12A16CC3500C4AC1B /* FirebaseFirestoreSwift */ = {
			isa = XCSwiftPackageProductDependency;
			package = 0C1DA9B42A16CC3500C4AC1B /* XCRemoteSwiftPackageReference "firebase-ios-sdk" */;
			productName = FirebaseFirestoreSwift;
		};
		0C1DA9D32A16CC3500C4AC1B /* FirebaseFunctions */ = {
			isa = XCSwiftPackageProductDependency;
			package = 0C1DA9B42A16CC3500C4AC1B /* XCRemoteSwiftPackageReference "firebase-ios-sdk" */;
			productName = FirebaseFunctions;
		};
		0C1DA9D52A16CC3500C4AC1B /* FirebaseFunctionsCombine-Community */ = {
			isa = XCSwiftPackageProductDependency;
			package = 0C1DA9B42A16CC3500C4AC1B /* XCRemoteSwiftPackageReference "firebase-ios-sdk" */;
			productName = "FirebaseFunctionsCombine-Community";
		};
		0C1DA9D72A16CC3500C4AC1B /* FirebaseInAppMessaging-Beta */ = {
			isa = XCSwiftPackageProductDependency;
			package = 0C1DA9B42A16CC3500C4AC1B /* XCRemoteSwiftPackageReference "firebase-ios-sdk" */;
			productName = "FirebaseInAppMessaging-Beta";
		};
		0C1DA9D92A16CC3500C4AC1B /* FirebaseInAppMessagingSwift-Beta */ = {
			isa = XCSwiftPackageProductDependency;
			package = 0C1DA9B42A16CC3500C4AC1B /* XCRemoteSwiftPackageReference "firebase-ios-sdk" */;
			productName = "FirebaseInAppMessagingSwift-Beta";
		};
		0C1DA9DB2A16CC3500C4AC1B /* FirebaseInstallations */ = {
			isa = XCSwiftPackageProductDependency;
			package = 0C1DA9B42A16CC3500C4AC1B /* XCRemoteSwiftPackageReference "firebase-ios-sdk" */;
			productName = FirebaseInstallations;
		};
		0C1DA9DD2A16CC3500C4AC1B /* FirebaseMLModelDownloader */ = {
			isa = XCSwiftPackageProductDependency;
			package = 0C1DA9B42A16CC3500C4AC1B /* XCRemoteSwiftPackageReference "firebase-ios-sdk" */;
			productName = FirebaseMLModelDownloader;
		};
		0C1DA9DF2A16CC3500C4AC1B /* FirebaseMessaging */ = {
			isa = XCSwiftPackageProductDependency;
			package = 0C1DA9B42A16CC3500C4AC1B /* XCRemoteSwiftPackageReference "firebase-ios-sdk" */;
			productName = FirebaseMessaging;
		};
		0C1DA9E12A16CC3500C4AC1B /* FirebasePerformance */ = {
			isa = XCSwiftPackageProductDependency;
			package = 0C1DA9B42A16CC3500C4AC1B /* XCRemoteSwiftPackageReference "firebase-ios-sdk" */;
			productName = FirebasePerformance;
		};
		0C1DA9E32A16CC3500C4AC1B /* FirebaseRemoteConfig */ = {
			isa = XCSwiftPackageProductDependency;
			package = 0C1DA9B42A16CC3500C4AC1B /* XCRemoteSwiftPackageReference "firebase-ios-sdk" */;
			productName = FirebaseRemoteConfig;
		};
		0C1DA9E52A16CC3500C4AC1B /* FirebaseRemoteConfigSwift */ = {
			isa = XCSwiftPackageProductDependency;
			package = 0C1DA9B42A16CC3500C4AC1B /* XCRemoteSwiftPackageReference "firebase-ios-sdk" */;
			productName = FirebaseRemoteConfigSwift;
		};
		0C1DA9E72A16CC3500C4AC1B /* FirebaseStorage */ = {
			isa = XCSwiftPackageProductDependency;
			package = 0C1DA9B42A16CC3500C4AC1B /* XCRemoteSwiftPackageReference "firebase-ios-sdk" */;
			productName = FirebaseStorage;
		};
		0C1DA9E92A16CC3500C4AC1B /* FirebaseStorageCombine-Community */ = {
			isa = XCSwiftPackageProductDependency;
			package = 0C1DA9B42A16CC3500C4AC1B /* XCRemoteSwiftPackageReference "firebase-ios-sdk" */;
			productName = "FirebaseStorageCombine-Community";
		};
		4333ABEC2A5608B000BE566E /* GoogleSignIn */ = {
			isa = XCSwiftPackageProductDependency;
			package = 4333ABEB2A5608B000BE566E /* XCRemoteSwiftPackageReference "GoogleSignIn-iOS" */;
			productName = GoogleSignIn;
		};
		4333ABEE2A5608B000BE566E /* GoogleSignInSwift */ = {
			isa = XCSwiftPackageProductDependency;
			package = 4333ABEB2A5608B000BE566E /* XCRemoteSwiftPackageReference "GoogleSignIn-iOS" */;
			productName = GoogleSignInSwift;
		};
/* End XCSwiftPackageProductDependency section */
	};
	rootObject = 0C36EC3629B6621C009550C8 /* Project object */;
}
